// !$*UTF8*$!
{
	archiveVersion = 1;
	classes = {
	};
	objectVersion = 46;
	objects = {
/* Begin PBXBuildFile section */
		00C302E51ABCBA2D00DB3ED1 /* libRCTActionSheet.a in Frameworks */ = {isa = PBXBuildFile; fileRef = 00C302AC1ABCB8CE00DB3ED1 /* libRCTActionSheet.a */; };
		00C302E71ABCBA2D00DB3ED1 /* libRCTGeolocation.a in Frameworks */ = {isa = PBXBuildFile; fileRef = 00C302BA1ABCB90400DB3ED1 /* libRCTGeolocation.a */; };
		00C302E81ABCBA2D00DB3ED1 /* libRCTImage.a in Frameworks */ = {isa = PBXBuildFile; fileRef = 00C302C01ABCB91800DB3ED1 /* libRCTImage.a */; };
		00C302E91ABCBA2D00DB3ED1 /* libRCTNetwork.a in Frameworks */ = {isa = PBXBuildFile; fileRef = 00C302DC1ABCB9D200DB3ED1 /* libRCTNetwork.a */; };
		00C302EA1ABCBA2D00DB3ED1 /* libRCTVibration.a in Frameworks */ = {isa = PBXBuildFile; fileRef = 00C302E41ABCB9EE00DB3ED1 /* libRCTVibration.a */; };
		00E356F31AD99517003FC87E /* ChallengeAcceptedTests.m in Sources */ = {isa = PBXBuildFile; fileRef = 00E356F21AD99517003FC87E /* ChallengeAcceptedTests.m */; };
		012E4393ADC7448EB7BD30A7 /* Andale Mono.ttf in Resources */ = {isa = PBXBuildFile; fileRef = 06EFE736A74542A78F5EB8EE /* Andale Mono.ttf */; };
		035F9284BF254C3086234C3E /* EvilIcons.ttf in Resources */ = {isa = PBXBuildFile; fileRef = 48BC215DCCEC4A0386F90C30 /* EvilIcons.ttf */; };
		044CB722271644ED8088E550 /* Times New Roman.ttf in Resources */ = {isa = PBXBuildFile; fileRef = 5E3D24CAB7E04F73A98FAE53 /* Times New Roman.ttf */; };
		08EC33B830BB493391D8D765 /* SF-UI-Text-Regular.otf in Resources */ = {isa = PBXBuildFile; fileRef = 899DB806F37B4718AA6DB009 /* SF-UI-Text-Regular.otf */; };
		09E7A685A8CD410DAD141B52 /* Ionicons.ttf in Resources */ = {isa = PBXBuildFile; fileRef = 72CE73B520A3455C9888F80F /* Ionicons.ttf */; };
		133E29F31AD74F7200F7D852 /* libRCTLinking.a in Frameworks */ = {isa = PBXBuildFile; fileRef = 78C398B91ACF4ADC00677621 /* libRCTLinking.a */; };
		139105C61AF99C1200B5F7CC /* libRCTSettings.a in Frameworks */ = {isa = PBXBuildFile; fileRef = 139105C11AF99BAD00B5F7CC /* libRCTSettings.a */; };
		139FDEF61B0652A700C62182 /* libRCTWebSocket.a in Frameworks */ = {isa = PBXBuildFile; fileRef = 139FDEF41B06529B00C62182 /* libRCTWebSocket.a */; };
		13B07FBC1A68108700A75B9A /* AppDelegate.m in Sources */ = {isa = PBXBuildFile; fileRef = 13B07FB01A68108700A75B9A /* AppDelegate.m */; };
		13B07FBD1A68108700A75B9A /* LaunchScreen.xib in Resources */ = {isa = PBXBuildFile; fileRef = 13B07FB11A68108700A75B9A /* LaunchScreen.xib */; };
		13B07FBF1A68108700A75B9A /* Images.xcassets in Resources */ = {isa = PBXBuildFile; fileRef = 13B07FB51A68108700A75B9A /* Images.xcassets */; };
		13B07FC11A68108700A75B9A /* main.m in Sources */ = {isa = PBXBuildFile; fileRef = 13B07FB71A68108700A75B9A /* main.m */; };
		140ED2AC1D01E1AD002B40FF /* libReact.a in Frameworks */ = {isa = PBXBuildFile; fileRef = 146834041AC3E56700842450 /* libReact.a */; };
		146834051AC3E58100842450 /* libReact.a in Frameworks */ = {isa = PBXBuildFile; fileRef = 146834041AC3E56700842450 /* libReact.a */; };
		1756D1BB95E44B76AEB847D3 /* libRCTVideo.a in Frameworks */ = {isa = PBXBuildFile; fileRef = 6833126F88A844938B0A3EBD /* libRCTVideo.a */; };
		2397BC534F4042BFB09316BA /* Foundation.ttf in Resources */ = {isa = PBXBuildFile; fileRef = 0D64DE00D3BB42D1AC6B416E /* Foundation.ttf */; };
		3A4A0FEC6F194E119F3E5B18 /* libRCTYouTube.a in Frameworks */ = {isa = PBXBuildFile; fileRef = 0A1639AAFFB34C6E9EFF935C /* libRCTYouTube.a */; };
		4052FCB0B255478E96009D2B /* Roboto_medium.ttf in Resources */ = {isa = PBXBuildFile; fileRef = 608F37A8059E42F59FB04F77 /* Roboto_medium.ttf */; };
		49E76CCC11884CC089E7E90C /* Courier New.ttf in Resources */ = {isa = PBXBuildFile; fileRef = 80DD12B6E5E747009ECA48F3 /* Courier New.ttf */; };
		4A74653891A4413FA108249C /* Arial Black.ttf in Resources */ = {isa = PBXBuildFile; fileRef = 241CF8F2D332400E94B81989 /* Arial Black.ttf */; };
		502D2D5E68CC4460943642E1 /* libRCTFBLogin.a in Frameworks */ = {isa = PBXBuildFile; fileRef = 5E96F825532A4BE695139ED5 /* libRCTFBLogin.a */; };
		5E9157361DD0AC6A00FF2AA8 /* libRCTAnimation.a in Frameworks */ = {isa = PBXBuildFile; fileRef = 5E9157331DD0AC6500FF2AA8 /* libRCTAnimation.a */; };
		691D6F3F50CD41BDB57916C1 /* FontAwesome.ttf in Resources */ = {isa = PBXBuildFile; fileRef = F694BF4D58D4462F803882A1 /* FontAwesome.ttf */; };
		832341BD1AAA6AB300B99B32 /* libRCTText.a in Frameworks */ = {isa = PBXBuildFile; fileRef = 832341B51AAA6A8300B99B32 /* libRCTText.a */; };
		8937497C23294BCAA573D5AE /* Entypo.ttf in Resources */ = {isa = PBXBuildFile; fileRef = 673701D61E8F444AA206E2A4 /* Entypo.ttf */; };
		89C53354D3CB4A9BAB38E442 /* Zocial.ttf in Resources */ = {isa = PBXBuildFile; fileRef = 99206FCC63B04145A7A25D18 /* Zocial.ttf */; };
		90389E9F8FA44B84B79CF16A /* Comic Sans MS.ttf in Resources */ = {isa = PBXBuildFile; fileRef = 43F1645414404266BDF46106 /* Comic Sans MS.ttf */; };
		9FF7B96F1D264F36A860173D /* Roboto.ttf in Resources */ = {isa = PBXBuildFile; fileRef = 308AA4BA5C564EE8AA7DBF88 /* Roboto.ttf */; };
		A23C7C9E714E4DF082C6EE16 /* libRCTCamera.a in Frameworks */ = {isa = PBXBuildFile; fileRef = 732116E6B2104944B7CBAA28 /* libRCTCamera.a */; };
		AE46A788D0614273BC1A732F /* libRNVectorIcons.a in Frameworks */ = {isa = PBXBuildFile; fileRef = D991B34C2B79402C943D23B1 /* libRNVectorIcons.a */; };
		B0C7B8C4F34B46969D621753 /* MaterialIcons.ttf in Resources */ = {isa = PBXBuildFile; fileRef = A0957E959FBE4117B2112064 /* MaterialIcons.ttf */; };
		B605B12378BD47E69F5D5E35 /* libRCTFBSDK.a in Frameworks */ = {isa = PBXBuildFile; fileRef = FBA3CECE8A994F87A010512E /* libRCTFBSDK.a */; };
		CE33CC6429A34E48ADF7F722 /* Microsoft Sans Serif.ttf in Resources */ = {isa = PBXBuildFile; fileRef = 2B0D11EE1A0E48229A12FC4A /* Microsoft Sans Serif.ttf */; };
		D271E8FCF4DC472B8A8BC230 /* libRNUploader.a in Frameworks */ = {isa = PBXBuildFile; fileRef = B7FF528F48134EE692637540 /* libRNUploader.a */; };
		E584BAA289364B00A2936970 /* Arial.ttf in Resources */ = {isa = PBXBuildFile; fileRef = 2087DF3645E84879BB008A97 /* Arial.ttf */; };
		EE044D7990184EA9A9B43AA4 /* Octicons.ttf in Resources */ = {isa = PBXBuildFile; fileRef = F787A12400A34DB8BC14CC5F /* Octicons.ttf */; };
		EEE78AFD1E27276400BD6A65 /* Bolts.framework in Frameworks */ = {isa = PBXBuildFile; fileRef = EEE78AF91E27276400BD6A65 /* Bolts.framework */; };
		EEE78AFE1E27276400BD6A65 /* FBSDKCoreKit.framework in Frameworks */ = {isa = PBXBuildFile; fileRef = EEE78AFA1E27276400BD6A65 /* FBSDKCoreKit.framework */; };
		EEE78AFF1E27276400BD6A65 /* FBSDKLoginKit.framework in Frameworks */ = {isa = PBXBuildFile; fileRef = EEE78AFB1E27276400BD6A65 /* FBSDKLoginKit.framework */; };
		EEE78B001E27276400BD6A65 /* FBSDKShareKit.framework in Frameworks */ = {isa = PBXBuildFile; fileRef = EEE78AFC1E27276400BD6A65 /* FBSDKShareKit.framework */; };
		F441E002D9114BD79BCBAD1C /* Georgia.ttf in Resources */ = {isa = PBXBuildFile; fileRef = 0E71BD65B8B94C0DAAA2749A /* Georgia.ttf */; };
		F86F204D6B2046CE8045D5BA /* Skia.ttf in Resources */ = {isa = PBXBuildFile; fileRef = C942458853F14115AC60B55D /* Skia.ttf */; };
/* End PBXBuildFile section */

/* Begin PBXContainerItemProxy section */
		00C302AB1ABCB8CE00DB3ED1 /* PBXContainerItemProxy */ = {
			isa = PBXContainerItemProxy;
			containerPortal = 00C302A71ABCB8CE00DB3ED1 /* RCTActionSheet.xcodeproj */;
			proxyType = 2;
			remoteGlobalIDString = 134814201AA4EA6300B7C361;
			remoteInfo = RCTActionSheet;
		};
		00C302B91ABCB90400DB3ED1 /* PBXContainerItemProxy */ = {
			isa = PBXContainerItemProxy;
			containerPortal = 00C302B51ABCB90400DB3ED1 /* RCTGeolocation.xcodeproj */;
			proxyType = 2;
			remoteGlobalIDString = 134814201AA4EA6300B7C361;
			remoteInfo = RCTGeolocation;
		};
		00C302BF1ABCB91800DB3ED1 /* PBXContainerItemProxy */ = {
			isa = PBXContainerItemProxy;
			containerPortal = 00C302BB1ABCB91800DB3ED1 /* RCTImage.xcodeproj */;
			proxyType = 2;
			remoteGlobalIDString = 58B5115D1A9E6B3D00147676;
			remoteInfo = RCTImage;
		};
		00C302DB1ABCB9D200DB3ED1 /* PBXContainerItemProxy */ = {
			isa = PBXContainerItemProxy;
			containerPortal = 00C302D31ABCB9D200DB3ED1 /* RCTNetwork.xcodeproj */;
			proxyType = 2;
			remoteGlobalIDString = 58B511DB1A9E6C8500147676;
			remoteInfo = RCTNetwork;
		};
		00C302E31ABCB9EE00DB3ED1 /* PBXContainerItemProxy */ = {
			isa = PBXContainerItemProxy;
			containerPortal = 00C302DF1ABCB9EE00DB3ED1 /* RCTVibration.xcodeproj */;
			proxyType = 2;
			remoteGlobalIDString = 832C81801AAF6DEF007FA2F7;
			remoteInfo = RCTVibration;
		};
		00E356F41AD99517003FC87E /* PBXContainerItemProxy */ = {
			isa = PBXContainerItemProxy;
			containerPortal = 83CBB9F71A601CBA00E9B192 /* Project object */;
			proxyType = 1;
			remoteGlobalIDString = 13B07F861A680F5B00A75B9A;
			remoteInfo = ChallengeAccepted;
		};
		139105C01AF99BAD00B5F7CC /* PBXContainerItemProxy */ = {
			isa = PBXContainerItemProxy;
			containerPortal = 139105B61AF99BAD00B5F7CC /* RCTSettings.xcodeproj */;
			proxyType = 2;
			remoteGlobalIDString = 134814201AA4EA6300B7C361;
			remoteInfo = RCTSettings;
		};
		139FDEF31B06529B00C62182 /* PBXContainerItemProxy */ = {
			isa = PBXContainerItemProxy;
			containerPortal = 139FDEE61B06529A00C62182 /* RCTWebSocket.xcodeproj */;
			proxyType = 2;
			remoteGlobalIDString = 3C86DF461ADF2C930047B81A;
			remoteInfo = RCTWebSocket;
		};
		146834031AC3E56700842450 /* PBXContainerItemProxy */ = {
			isa = PBXContainerItemProxy;
			containerPortal = 146833FF1AC3E56700842450 /* React.xcodeproj */;
			proxyType = 2;
			remoteGlobalIDString = 83CBBA2E1A601D0E00E9B192;
			remoteInfo = React;
		};
		5E9157321DD0AC6500FF2AA8 /* PBXContainerItemProxy */ = {
			isa = PBXContainerItemProxy;
			containerPortal = 5E91572D1DD0AC6500FF2AA8 /* RCTAnimation.xcodeproj */;
			proxyType = 2;
			remoteGlobalIDString = 134814201AA4EA6300B7C361;
			remoteInfo = RCTAnimation;
		};
		5E9157341DD0AC6500FF2AA8 /* PBXContainerItemProxy */ = {
			isa = PBXContainerItemProxy;
			containerPortal = 5E91572D1DD0AC6500FF2AA8 /* RCTAnimation.xcodeproj */;
			proxyType = 2;
			remoteGlobalIDString = 2D2A28201D9B03D100D4039D;
			remoteInfo = "RCTAnimation-tvOS";
		};
		78C398B81ACF4ADC00677621 /* PBXContainerItemProxy */ = {
			isa = PBXContainerItemProxy;
			containerPortal = 78C398B01ACF4ADC00677621 /* RCTLinking.xcodeproj */;
			proxyType = 2;
			remoteGlobalIDString = 134814201AA4EA6300B7C361;
			remoteInfo = RCTLinking;
		};
		832341B41AAA6A8300B99B32 /* PBXContainerItemProxy */ = {
			isa = PBXContainerItemProxy;
			containerPortal = 832341B01AAA6A8300B99B32 /* RCTText.xcodeproj */;
			proxyType = 2;
			remoteGlobalIDString = 58B5119B1A9E6C1200147676;
			remoteInfo = RCTText;
		};
		EE38DFF81E19FD5300E36AFD /* PBXContainerItemProxy */ = {
			isa = PBXContainerItemProxy;
			containerPortal = 1CAA52C004564476AB292187 /* RCTFBLogin.xcodeproj */;
			proxyType = 2;
			remoteGlobalIDString = 4F3A6B5B1ACFBCC500CA65F7;
			remoteInfo = RCTFBLogin;
		};
		EE8F34211E16349100E131D7 /* PBXContainerItemProxy */ = {
			isa = PBXContainerItemProxy;
			containerPortal = 00C302BB1ABCB91800DB3ED1 /* RCTImage.xcodeproj */;
			proxyType = 2;
			remoteGlobalIDString = 2D2A283A1D9B042B00D4039D;
			remoteInfo = "RCTImage-tvOS";
		};
		EE8F34251E16349100E131D7 /* PBXContainerItemProxy */ = {
			isa = PBXContainerItemProxy;
			containerPortal = 78C398B01ACF4ADC00677621 /* RCTLinking.xcodeproj */;
			proxyType = 2;
			remoteGlobalIDString = 2D2A28471D9B043800D4039D;
			remoteInfo = "RCTLinking-tvOS";
		};
		EE8F34291E16349100E131D7 /* PBXContainerItemProxy */ = {
			isa = PBXContainerItemProxy;
			containerPortal = 00C302D31ABCB9D200DB3ED1 /* RCTNetwork.xcodeproj */;
			proxyType = 2;
			remoteGlobalIDString = 2D2A28541D9B044C00D4039D;
			remoteInfo = "RCTNetwork-tvOS";
		};
		EE8F342D1E16349100E131D7 /* PBXContainerItemProxy */ = {
			isa = PBXContainerItemProxy;
			containerPortal = 139105B61AF99BAD00B5F7CC /* RCTSettings.xcodeproj */;
			proxyType = 2;
			remoteGlobalIDString = 2D2A28611D9B046600D4039D;
			remoteInfo = "RCTSettings-tvOS";
		};
		EE8F34311E16349100E131D7 /* PBXContainerItemProxy */ = {
			isa = PBXContainerItemProxy;
			containerPortal = 832341B01AAA6A8300B99B32 /* RCTText.xcodeproj */;
			proxyType = 2;
			remoteGlobalIDString = 2D2A287B1D9B048500D4039D;
			remoteInfo = "RCTText-tvOS";
		};
		EE8F34351E16349100E131D7 /* PBXContainerItemProxy */ = {
			isa = PBXContainerItemProxy;
			containerPortal = 4E88DCBC8AF949A3ACE0DEC1 /* RCTVideo.xcodeproj */;
			proxyType = 2;
			remoteGlobalIDString = 134814201AA4EA6300B7C361;
			remoteInfo = RCTVideo;
		};
		EE8F34391E16349100E131D7 /* PBXContainerItemProxy */ = {
			isa = PBXContainerItemProxy;
			containerPortal = 139FDEE61B06529A00C62182 /* RCTWebSocket.xcodeproj */;
			proxyType = 2;
			remoteGlobalIDString = 2D2A28881D9B049200D4039D;
			remoteInfo = "RCTWebSocket-tvOS";
		};
		EE8F343C1E16349100E131D7 /* PBXContainerItemProxy */ = {
			isa = PBXContainerItemProxy;
			containerPortal = 7C4AE10E00E84A2D8788CD7A /* RCTYouTube.xcodeproj */;
			proxyType = 2;
			remoteGlobalIDString = 8BDB9BC91B4289AE00EF9FEF;
			remoteInfo = RCTYouTube;
		};
		EE8F34401E16349100E131D7 /* PBXContainerItemProxy */ = {
			isa = PBXContainerItemProxy;
			containerPortal = 146833FF1AC3E56700842450 /* React.xcodeproj */;
			proxyType = 2;
			remoteGlobalIDString = 2D2A28131D9B038B00D4039D;
			remoteInfo = "React-tvOS";
		};
		EE8F34431E16349100E131D7 /* PBXContainerItemProxy */ = {
			isa = PBXContainerItemProxy;
			containerPortal = B5D54FBEF00E4D0E8E294BAB /* RNUploader.xcodeproj */;
			proxyType = 2;
			remoteGlobalIDString = 134814201AA4EA6300B7C361;
			remoteInfo = RNUploader;
		};
		EE8F34461E16349100E131D7 /* PBXContainerItemProxy */ = {
			isa = PBXContainerItemProxy;
			containerPortal = F1227E5A49E241A7A71E36AF /* RNVectorIcons.xcodeproj */;
			proxyType = 2;
			remoteGlobalIDString = 5DBEB1501B18CEA900B34395;
			remoteInfo = RNVectorIcons;
		};
		EE8F345D1E16362300E131D7 /* PBXContainerItemProxy */ = {
			isa = PBXContainerItemProxy;
			containerPortal = C82739F1426E49A3B36A1F75 /* RCTCamera.xcodeproj */;
			proxyType = 2;
			remoteGlobalIDString = 4107012F1ACB723B00C6AA39;
			remoteInfo = RCTCamera;
		};
		EEE78ACB1E27212F00BD6A65 /* PBXContainerItemProxy */ = {
			isa = PBXContainerItemProxy;
			containerPortal = D2586ED7F0F54693B754ABD8 /* RCTFBSDK.xcodeproj */;
			proxyType = 2;
			remoteGlobalIDString = 9350E0F11CE3B0920041D815;
			remoteInfo = RCTFBSDK;
		};
/* End PBXContainerItemProxy section */

/* Begin PBXFileReference section */
		008F07F21AC5B25A0029DE68 /* main.jsbundle */ = {isa = PBXFileReference; fileEncoding = 4; lastKnownFileType = text; path = main.jsbundle; sourceTree = "<group>"; };
		00C302A71ABCB8CE00DB3ED1 /* RCTActionSheet.xcodeproj */ = {isa = PBXFileReference; lastKnownFileType = "wrapper.pb-project"; name = RCTActionSheet.xcodeproj; path = "../node_modules/react-native/Libraries/ActionSheetIOS/RCTActionSheet.xcodeproj"; sourceTree = "<group>"; };
		00C302B51ABCB90400DB3ED1 /* RCTGeolocation.xcodeproj */ = {isa = PBXFileReference; lastKnownFileType = "wrapper.pb-project"; name = RCTGeolocation.xcodeproj; path = "../node_modules/react-native/Libraries/Geolocation/RCTGeolocation.xcodeproj"; sourceTree = "<group>"; };
		00C302BB1ABCB91800DB3ED1 /* RCTImage.xcodeproj */ = {isa = PBXFileReference; lastKnownFileType = "wrapper.pb-project"; name = RCTImage.xcodeproj; path = "../node_modules/react-native/Libraries/Image/RCTImage.xcodeproj"; sourceTree = "<group>"; };
		00C302D31ABCB9D200DB3ED1 /* RCTNetwork.xcodeproj */ = {isa = PBXFileReference; lastKnownFileType = "wrapper.pb-project"; name = RCTNetwork.xcodeproj; path = "../node_modules/react-native/Libraries/Network/RCTNetwork.xcodeproj"; sourceTree = "<group>"; };
		00C302DF1ABCB9EE00DB3ED1 /* RCTVibration.xcodeproj */ = {isa = PBXFileReference; lastKnownFileType = "wrapper.pb-project"; name = RCTVibration.xcodeproj; path = "../node_modules/react-native/Libraries/Vibration/RCTVibration.xcodeproj"; sourceTree = "<group>"; };
		00E356EE1AD99517003FC87E /* ChallengeAcceptedTests.xctest */ = {isa = PBXFileReference; explicitFileType = wrapper.cfbundle; includeInIndex = 0; path = ChallengeAcceptedTests.xctest; sourceTree = BUILT_PRODUCTS_DIR; };
		00E356F11AD99517003FC87E /* Info.plist */ = {isa = PBXFileReference; lastKnownFileType = text.plist.xml; path = Info.plist; sourceTree = "<group>"; };
		00E356F21AD99517003FC87E /* ChallengeAcceptedTests.m */ = {isa = PBXFileReference; lastKnownFileType = sourcecode.c.objc; path = ChallengeAcceptedTests.m; sourceTree = "<group>"; };
		06EFE736A74542A78F5EB8EE /* Andale Mono.ttf */ = {isa = PBXFileReference; explicitFileType = undefined; fileEncoding = 9; includeInIndex = 0; lastKnownFileType = unknown; name = "Andale Mono.ttf"; path = "../node_modules/native-base/Fonts/Andale Mono.ttf"; sourceTree = "<group>"; };
		0A1639AAFFB34C6E9EFF935C /* libRCTYouTube.a */ = {isa = PBXFileReference; explicitFileType = undefined; fileEncoding = 9; includeInIndex = 0; lastKnownFileType = archive.ar; path = libRCTYouTube.a; sourceTree = "<group>"; };
		0D64DE00D3BB42D1AC6B416E /* Foundation.ttf */ = {isa = PBXFileReference; explicitFileType = undefined; fileEncoding = 9; includeInIndex = 0; lastKnownFileType = unknown; name = Foundation.ttf; path = "../node_modules/react-native-vector-icons/Fonts/Foundation.ttf"; sourceTree = "<group>"; };
		0E71BD65B8B94C0DAAA2749A /* Georgia.ttf */ = {isa = PBXFileReference; explicitFileType = undefined; fileEncoding = 9; includeInIndex = 0; lastKnownFileType = unknown; name = Georgia.ttf; path = "../node_modules/native-base/Fonts/Georgia.ttf"; sourceTree = "<group>"; };
		139105B61AF99BAD00B5F7CC /* RCTSettings.xcodeproj */ = {isa = PBXFileReference; lastKnownFileType = "wrapper.pb-project"; name = RCTSettings.xcodeproj; path = "../node_modules/react-native/Libraries/Settings/RCTSettings.xcodeproj"; sourceTree = "<group>"; };
		139FDEE61B06529A00C62182 /* RCTWebSocket.xcodeproj */ = {isa = PBXFileReference; lastKnownFileType = "wrapper.pb-project"; name = RCTWebSocket.xcodeproj; path = "../node_modules/react-native/Libraries/WebSocket/RCTWebSocket.xcodeproj"; sourceTree = "<group>"; };
		13B07F961A680F5B00A75B9A /* ChallengeAccepted.app */ = {isa = PBXFileReference; explicitFileType = wrapper.application; includeInIndex = 0; path = ChallengeAccepted.app; sourceTree = BUILT_PRODUCTS_DIR; };
		13B07FAF1A68108700A75B9A /* AppDelegate.h */ = {isa = PBXFileReference; fileEncoding = 4; lastKnownFileType = sourcecode.c.h; name = AppDelegate.h; path = ChallengeAccepted/AppDelegate.h; sourceTree = "<group>"; };
		13B07FB01A68108700A75B9A /* AppDelegate.m */ = {isa = PBXFileReference; fileEncoding = 4; lastKnownFileType = sourcecode.c.objc; name = AppDelegate.m; path = ChallengeAccepted/AppDelegate.m; sourceTree = "<group>"; };
		13B07FB21A68108700A75B9A /* Base */ = {isa = PBXFileReference; lastKnownFileType = file.xib; name = Base; path = Base.lproj/LaunchScreen.xib; sourceTree = "<group>"; };
		13B07FB51A68108700A75B9A /* Images.xcassets */ = {isa = PBXFileReference; lastKnownFileType = folder.assetcatalog; name = Images.xcassets; path = ChallengeAccepted/Images.xcassets; sourceTree = "<group>"; };
		13B07FB61A68108700A75B9A /* Info.plist */ = {isa = PBXFileReference; fileEncoding = 4; lastKnownFileType = text.plist.xml; name = Info.plist; path = ChallengeAccepted/Info.plist; sourceTree = "<group>"; };
		13B07FB71A68108700A75B9A /* main.m */ = {isa = PBXFileReference; fileEncoding = 4; lastKnownFileType = sourcecode.c.objc; name = main.m; path = ChallengeAccepted/main.m; sourceTree = "<group>"; };
		146833FF1AC3E56700842450 /* React.xcodeproj */ = {isa = PBXFileReference; lastKnownFileType = "wrapper.pb-project"; name = React.xcodeproj; path = "../node_modules/react-native/React/React.xcodeproj"; sourceTree = "<group>"; };
		1CAA52C004564476AB292187 /* RCTFBLogin.xcodeproj */ = {isa = PBXFileReference; explicitFileType = undefined; fileEncoding = 9; includeInIndex = 0; lastKnownFileType = "wrapper.pb-project"; name = RCTFBLogin.xcodeproj; path = "../node_modules/react-native-facebook-login/RCTFBLogin.xcodeproj"; sourceTree = "<group>"; };
		2087DF3645E84879BB008A97 /* Arial.ttf */ = {isa = PBXFileReference; explicitFileType = undefined; fileEncoding = 9; includeInIndex = 0; lastKnownFileType = unknown; name = Arial.ttf; path = "../node_modules/native-base/Fonts/Arial.ttf"; sourceTree = "<group>"; };
		241CF8F2D332400E94B81989 /* Arial Black.ttf */ = {isa = PBXFileReference; explicitFileType = undefined; fileEncoding = 9; includeInIndex = 0; lastKnownFileType = unknown; name = "Arial Black.ttf"; path = "../node_modules/native-base/Fonts/Arial Black.ttf"; sourceTree = "<group>"; };
		2B0D11EE1A0E48229A12FC4A /* Microsoft Sans Serif.ttf */ = {isa = PBXFileReference; explicitFileType = undefined; fileEncoding = 9; includeInIndex = 0; lastKnownFileType = unknown; name = "Microsoft Sans Serif.ttf"; path = "../node_modules/native-base/Fonts/Microsoft Sans Serif.ttf"; sourceTree = "<group>"; };
		308AA4BA5C564EE8AA7DBF88 /* Roboto.ttf */ = {isa = PBXFileReference; explicitFileType = undefined; fileEncoding = 9; includeInIndex = 0; lastKnownFileType = unknown; name = Roboto.ttf; path = "../node_modules/native-base/Fonts/Roboto.ttf"; sourceTree = "<group>"; };
		43F1645414404266BDF46106 /* Comic Sans MS.ttf */ = {isa = PBXFileReference; explicitFileType = undefined; fileEncoding = 9; includeInIndex = 0; lastKnownFileType = unknown; name = "Comic Sans MS.ttf"; path = "../node_modules/native-base/Fonts/Comic Sans MS.ttf"; sourceTree = "<group>"; };
		48BC215DCCEC4A0386F90C30 /* EvilIcons.ttf */ = {isa = PBXFileReference; explicitFileType = undefined; fileEncoding = 9; includeInIndex = 0; lastKnownFileType = unknown; name = EvilIcons.ttf; path = "../node_modules/react-native-vector-icons/Fonts/EvilIcons.ttf"; sourceTree = "<group>"; };
		4E88DCBC8AF949A3ACE0DEC1 /* RCTVideo.xcodeproj */ = {isa = PBXFileReference; explicitFileType = undefined; fileEncoding = 9; includeInIndex = 0; lastKnownFileType = "wrapper.pb-project"; name = RCTVideo.xcodeproj; path = "../node_modules/react-native-video/RCTVideo.xcodeproj"; sourceTree = "<group>"; };
		5E3D24CAB7E04F73A98FAE53 /* Times New Roman.ttf */ = {isa = PBXFileReference; explicitFileType = undefined; fileEncoding = 9; includeInIndex = 0; lastKnownFileType = unknown; name = "Times New Roman.ttf"; path = "../node_modules/native-base/Fonts/Times New Roman.ttf"; sourceTree = "<group>"; };
		5E91572D1DD0AC6500FF2AA8 /* RCTAnimation.xcodeproj */ = {isa = PBXFileReference; lastKnownFileType = "wrapper.pb-project"; name = RCTAnimation.xcodeproj; path = "../node_modules/react-native/Libraries/NativeAnimation/RCTAnimation.xcodeproj"; sourceTree = "<group>"; };
		5E96F825532A4BE695139ED5 /* libRCTFBLogin.a */ = {isa = PBXFileReference; explicitFileType = undefined; fileEncoding = 9; includeInIndex = 0; lastKnownFileType = archive.ar; path = libRCTFBLogin.a; sourceTree = "<group>"; };
		608F37A8059E42F59FB04F77 /* Roboto_medium.ttf */ = {isa = PBXFileReference; explicitFileType = undefined; fileEncoding = 9; includeInIndex = 0; lastKnownFileType = unknown; name = Roboto_medium.ttf; path = "../node_modules/native-base/Fonts/Roboto_medium.ttf"; sourceTree = "<group>"; };
		673701D61E8F444AA206E2A4 /* Entypo.ttf */ = {isa = PBXFileReference; explicitFileType = undefined; fileEncoding = 9; includeInIndex = 0; lastKnownFileType = unknown; name = Entypo.ttf; path = "../node_modules/react-native-vector-icons/Fonts/Entypo.ttf"; sourceTree = "<group>"; };
		6833126F88A844938B0A3EBD /* libRCTVideo.a */ = {isa = PBXFileReference; explicitFileType = undefined; fileEncoding = 9; includeInIndex = 0; lastKnownFileType = archive.ar; path = libRCTVideo.a; sourceTree = "<group>"; };
		72CE73B520A3455C9888F80F /* Ionicons.ttf */ = {isa = PBXFileReference; explicitFileType = undefined; fileEncoding = 9; includeInIndex = 0; lastKnownFileType = unknown; name = Ionicons.ttf; path = "../node_modules/react-native-vector-icons/Fonts/Ionicons.ttf"; sourceTree = "<group>"; };
		732116E6B2104944B7CBAA28 /* libRCTCamera.a */ = {isa = PBXFileReference; explicitFileType = undefined; fileEncoding = 9; includeInIndex = 0; lastKnownFileType = archive.ar; path = libRCTCamera.a; sourceTree = "<group>"; };
		78C398B01ACF4ADC00677621 /* RCTLinking.xcodeproj */ = {isa = PBXFileReference; lastKnownFileType = "wrapper.pb-project"; name = RCTLinking.xcodeproj; path = "../node_modules/react-native/Libraries/LinkingIOS/RCTLinking.xcodeproj"; sourceTree = "<group>"; };
		7C4AE10E00E84A2D8788CD7A /* RCTYouTube.xcodeproj */ = {isa = PBXFileReference; explicitFileType = undefined; fileEncoding = 9; includeInIndex = 0; lastKnownFileType = "wrapper.pb-project"; name = RCTYouTube.xcodeproj; path = "../node_modules/react-native-youtube/RCTYouTube.xcodeproj"; sourceTree = "<group>"; };
		80DD12B6E5E747009ECA48F3 /* Courier New.ttf */ = {isa = PBXFileReference; explicitFileType = undefined; fileEncoding = 9; includeInIndex = 0; lastKnownFileType = unknown; name = "Courier New.ttf"; path = "../node_modules/native-base/Fonts/Courier New.ttf"; sourceTree = "<group>"; };
		832341B01AAA6A8300B99B32 /* RCTText.xcodeproj */ = {isa = PBXFileReference; lastKnownFileType = "wrapper.pb-project"; name = RCTText.xcodeproj; path = "../node_modules/react-native/Libraries/Text/RCTText.xcodeproj"; sourceTree = "<group>"; };
		899DB806F37B4718AA6DB009 /* SF-UI-Text-Regular.otf */ = {isa = PBXFileReference; explicitFileType = undefined; fileEncoding = 9; includeInIndex = 0; lastKnownFileType = unknown; name = "SF-UI-Text-Regular.otf"; path = "../node_modules/native-base/Fonts/SF-UI-Text-Regular.otf"; sourceTree = "<group>"; };
		99206FCC63B04145A7A25D18 /* Zocial.ttf */ = {isa = PBXFileReference; explicitFileType = undefined; fileEncoding = 9; includeInIndex = 0; lastKnownFileType = unknown; name = Zocial.ttf; path = "../node_modules/react-native-vector-icons/Fonts/Zocial.ttf"; sourceTree = "<group>"; };
		A0957E959FBE4117B2112064 /* MaterialIcons.ttf */ = {isa = PBXFileReference; explicitFileType = undefined; fileEncoding = 9; includeInIndex = 0; lastKnownFileType = unknown; name = MaterialIcons.ttf; path = "../node_modules/react-native-vector-icons/Fonts/MaterialIcons.ttf"; sourceTree = "<group>"; };
		B5D54FBEF00E4D0E8E294BAB /* RNUploader.xcodeproj */ = {isa = PBXFileReference; explicitFileType = undefined; fileEncoding = 9; includeInIndex = 0; lastKnownFileType = "wrapper.pb-project"; name = RNUploader.xcodeproj; path = "../node_modules/react-native-uploader/RNUploader/RNUploader.xcodeproj"; sourceTree = "<group>"; };
		B7FF528F48134EE692637540 /* libRNUploader.a */ = {isa = PBXFileReference; explicitFileType = undefined; fileEncoding = 9; includeInIndex = 0; lastKnownFileType = archive.ar; path = libRNUploader.a; sourceTree = "<group>"; };
		C82739F1426E49A3B36A1F75 /* RCTCamera.xcodeproj */ = {isa = PBXFileReference; explicitFileType = undefined; fileEncoding = 9; includeInIndex = 0; lastKnownFileType = "wrapper.pb-project"; name = RCTCamera.xcodeproj; path = "../node_modules/react-native-camera/ios/RCTCamera.xcodeproj"; sourceTree = "<group>"; };
		C942458853F14115AC60B55D /* Skia.ttf */ = {isa = PBXFileReference; explicitFileType = undefined; fileEncoding = 9; includeInIndex = 0; lastKnownFileType = unknown; name = Skia.ttf; path = "../node_modules/native-base/Fonts/Skia.ttf"; sourceTree = "<group>"; };
		D2586ED7F0F54693B754ABD8 /* RCTFBSDK.xcodeproj */ = {isa = PBXFileReference; explicitFileType = undefined; fileEncoding = 9; includeInIndex = 0; lastKnownFileType = "wrapper.pb-project"; name = RCTFBSDK.xcodeproj; path = "../node_modules/react-native-fbsdk/ios/RCTFBSDK.xcodeproj"; sourceTree = "<group>"; };
		D991B34C2B79402C943D23B1 /* libRNVectorIcons.a */ = {isa = PBXFileReference; explicitFileType = undefined; fileEncoding = 9; includeInIndex = 0; lastKnownFileType = archive.ar; path = libRNVectorIcons.a; sourceTree = "<group>"; };
		EEE78AF91E27276400BD6A65 /* Bolts.framework */ = {isa = PBXFileReference; lastKnownFileType = wrapper.framework; name = Bolts.framework; path = ../../../../Documents/FacebookSDK/Bolts.framework; sourceTree = "<group>"; };
		EEE78AFA1E27276400BD6A65 /* FBSDKCoreKit.framework */ = {isa = PBXFileReference; lastKnownFileType = wrapper.framework; name = FBSDKCoreKit.framework; path = ../../../../Documents/FacebookSDK/FBSDKCoreKit.framework; sourceTree = "<group>"; };
		EEE78AFB1E27276400BD6A65 /* FBSDKLoginKit.framework */ = {isa = PBXFileReference; lastKnownFileType = wrapper.framework; name = FBSDKLoginKit.framework; path = ../../../../Documents/FacebookSDK/FBSDKLoginKit.framework; sourceTree = "<group>"; };
		EEE78AFC1E27276400BD6A65 /* FBSDKShareKit.framework */ = {isa = PBXFileReference; lastKnownFileType = wrapper.framework; name = FBSDKShareKit.framework; path = ../../../../Documents/FacebookSDK/FBSDKShareKit.framework; sourceTree = "<group>"; };
		F1227E5A49E241A7A71E36AF /* RNVectorIcons.xcodeproj */ = {isa = PBXFileReference; explicitFileType = undefined; fileEncoding = 9; includeInIndex = 0; lastKnownFileType = "wrapper.pb-project"; name = RNVectorIcons.xcodeproj; path = "../node_modules/react-native-vector-icons/RNVectorIcons.xcodeproj"; sourceTree = "<group>"; };
		F694BF4D58D4462F803882A1 /* FontAwesome.ttf */ = {isa = PBXFileReference; explicitFileType = undefined; fileEncoding = 9; includeInIndex = 0; lastKnownFileType = unknown; name = FontAwesome.ttf; path = "../node_modules/react-native-vector-icons/Fonts/FontAwesome.ttf"; sourceTree = "<group>"; };
		F787A12400A34DB8BC14CC5F /* Octicons.ttf */ = {isa = PBXFileReference; explicitFileType = undefined; fileEncoding = 9; includeInIndex = 0; lastKnownFileType = unknown; name = Octicons.ttf; path = "../node_modules/react-native-vector-icons/Fonts/Octicons.ttf"; sourceTree = "<group>"; };
		FBA3CECE8A994F87A010512E /* libRCTFBSDK.a */ = {isa = PBXFileReference; explicitFileType = undefined; fileEncoding = 9; includeInIndex = 0; lastKnownFileType = archive.ar; path = libRCTFBSDK.a; sourceTree = "<group>"; };
/* End PBXFileReference section */

/* Begin PBXFrameworksBuildPhase section */
		00E356EB1AD99517003FC87E /* Frameworks */ = {
			isa = PBXFrameworksBuildPhase;
			buildActionMask = 2147483647;
			files = (
				140ED2AC1D01E1AD002B40FF /* libReact.a in Frameworks */,
			);
			runOnlyForDeploymentPostprocessing = 0;
		};
		13B07F8C1A680F5B00A75B9A /* Frameworks */ = {
			isa = PBXFrameworksBuildPhase;
			buildActionMask = 2147483647;
			files = (
				5E9157361DD0AC6A00FF2AA8 /* libRCTAnimation.a in Frameworks */,
				EEE78AFD1E27276400BD6A65 /* Bolts.framework in Frameworks */,
				146834051AC3E58100842450 /* libReact.a in Frameworks */,
				00C302E51ABCBA2D00DB3ED1 /* libRCTActionSheet.a in Frameworks */,
				00C302E71ABCBA2D00DB3ED1 /* libRCTGeolocation.a in Frameworks */,
				EEE78AFE1E27276400BD6A65 /* FBSDKCoreKit.framework in Frameworks */,
				EEE78B001E27276400BD6A65 /* FBSDKShareKit.framework in Frameworks */,
				00C302E81ABCBA2D00DB3ED1 /* libRCTImage.a in Frameworks */,
				133E29F31AD74F7200F7D852 /* libRCTLinking.a in Frameworks */,
				00C302E91ABCBA2D00DB3ED1 /* libRCTNetwork.a in Frameworks */,
				139105C61AF99C1200B5F7CC /* libRCTSettings.a in Frameworks */,
				832341BD1AAA6AB300B99B32 /* libRCTText.a in Frameworks */,
				EEE78AFF1E27276400BD6A65 /* FBSDKLoginKit.framework in Frameworks */,
				00C302EA1ABCBA2D00DB3ED1 /* libRCTVibration.a in Frameworks */,
				139FDEF61B0652A700C62182 /* libRCTWebSocket.a in Frameworks */,
				D271E8FCF4DC472B8A8BC230 /* libRNUploader.a in Frameworks */,
				AE46A788D0614273BC1A732F /* libRNVectorIcons.a in Frameworks */,
				1756D1BB95E44B76AEB847D3 /* libRCTVideo.a in Frameworks */,
				3A4A0FEC6F194E119F3E5B18 /* libRCTYouTube.a in Frameworks */,
				A23C7C9E714E4DF082C6EE16 /* libRCTCamera.a in Frameworks */,
				502D2D5E68CC4460943642E1 /* libRCTFBLogin.a in Frameworks */,
				B605B12378BD47E69F5D5E35 /* libRCTFBSDK.a in Frameworks */,
			);
			runOnlyForDeploymentPostprocessing = 0;
		};
/* End PBXFrameworksBuildPhase section */

/* Begin PBXGroup section */
		00C302A81ABCB8CE00DB3ED1 /* Products */ = {
			isa = PBXGroup;
			children = (
				00C302AC1ABCB8CE00DB3ED1 /* libRCTActionSheet.a */,
			);
			name = Products;
			sourceTree = "<group>";
		};
		00C302B61ABCB90400DB3ED1 /* Products */ = {
			isa = PBXGroup;
			children = (
				00C302BA1ABCB90400DB3ED1 /* libRCTGeolocation.a */,
			);
			name = Products;
			sourceTree = "<group>";
		};
		00C302BC1ABCB91800DB3ED1 /* Products */ = {
			isa = PBXGroup;
			children = (
				00C302C01ABCB91800DB3ED1 /* libRCTImage.a */,
				EE8F34221E16349100E131D7 /* libRCTImage-tvOS.a */,
			);
			name = Products;
			sourceTree = "<group>";
		};
		00C302D41ABCB9D200DB3ED1 /* Products */ = {
			isa = PBXGroup;
			children = (
				00C302DC1ABCB9D200DB3ED1 /* libRCTNetwork.a */,
				EE8F342A1E16349100E131D7 /* libRCTNetwork-tvOS.a */,
			);
			name = Products;
			sourceTree = "<group>";
		};
		00C302E01ABCB9EE00DB3ED1 /* Products */ = {
			isa = PBXGroup;
			children = (
				00C302E41ABCB9EE00DB3ED1 /* libRCTVibration.a */,
			);
			name = Products;
			sourceTree = "<group>";
		};
		00E356EF1AD99517003FC87E /* ChallengeAcceptedTests */ = {
			isa = PBXGroup;
			children = (
				00E356F21AD99517003FC87E /* ChallengeAcceptedTests.m */,
				00E356F01AD99517003FC87E /* Supporting Files */,
			);
			path = ChallengeAcceptedTests;
			sourceTree = "<group>";
		};
		00E356F01AD99517003FC87E /* Supporting Files */ = {
			isa = PBXGroup;
			children = (
				00E356F11AD99517003FC87E /* Info.plist */,
			);
			name = "Supporting Files";
			sourceTree = "<group>";
		};
		139105B71AF99BAD00B5F7CC /* Products */ = {
			isa = PBXGroup;
			children = (
				139105C11AF99BAD00B5F7CC /* libRCTSettings.a */,
				EE8F342E1E16349100E131D7 /* libRCTSettings-tvOS.a */,
			);
			name = Products;
			sourceTree = "<group>";
		};
		139FDEE71B06529A00C62182 /* Products */ = {
			isa = PBXGroup;
			children = (
				139FDEF41B06529B00C62182 /* libRCTWebSocket.a */,
				EE8F343A1E16349100E131D7 /* libRCTWebSocket-tvOS.a */,
			);
			name = Products;
			sourceTree = "<group>";
		};
		13B07FAE1A68108700A75B9A /* ChallengeAccepted */ = {
			isa = PBXGroup;
			children = (
				008F07F21AC5B25A0029DE68 /* main.jsbundle */,
				13B07FAF1A68108700A75B9A /* AppDelegate.h */,
				13B07FB01A68108700A75B9A /* AppDelegate.m */,
				13B07FB51A68108700A75B9A /* Images.xcassets */,
				13B07FB61A68108700A75B9A /* Info.plist */,
				13B07FB11A68108700A75B9A /* LaunchScreen.xib */,
				13B07FB71A68108700A75B9A /* main.m */,
			);
			name = ChallengeAccepted;
			sourceTree = "<group>";
		};
		146834001AC3E56700842450 /* Products */ = {
			isa = PBXGroup;
			children = (
				146834041AC3E56700842450 /* libReact.a */,
				EE8F34411E16349100E131D7 /* libReact-tvOS.a */,
			);
			name = Products;
			sourceTree = "<group>";
		};
		5E91572E1DD0AC6500FF2AA8 /* Products */ = {
			isa = PBXGroup;
			children = (
				5E9157331DD0AC6500FF2AA8 /* libRCTAnimation.a */,
				5E9157351DD0AC6500FF2AA8 /* libRCTAnimation-tvOS.a */,
			);
			name = Products;
			sourceTree = "<group>";
		};
		78C398B11ACF4ADC00677621 /* Products */ = {
			isa = PBXGroup;
			children = (
				78C398B91ACF4ADC00677621 /* libRCTLinking.a */,
				EE8F34261E16349100E131D7 /* libRCTLinking-tvOS.a */,
			);
			name = Products;
			sourceTree = "<group>";
		};
		832341AE1AAA6A7D00B99B32 /* Libraries */ = {
			isa = PBXGroup;
			children = (
				5E91572D1DD0AC6500FF2AA8 /* RCTAnimation.xcodeproj */,
				146833FF1AC3E56700842450 /* React.xcodeproj */,
				00C302A71ABCB8CE00DB3ED1 /* RCTActionSheet.xcodeproj */,
				00C302B51ABCB90400DB3ED1 /* RCTGeolocation.xcodeproj */,
				00C302BB1ABCB91800DB3ED1 /* RCTImage.xcodeproj */,
				78C398B01ACF4ADC00677621 /* RCTLinking.xcodeproj */,
				00C302D31ABCB9D200DB3ED1 /* RCTNetwork.xcodeproj */,
				139105B61AF99BAD00B5F7CC /* RCTSettings.xcodeproj */,
				832341B01AAA6A8300B99B32 /* RCTText.xcodeproj */,
				00C302DF1ABCB9EE00DB3ED1 /* RCTVibration.xcodeproj */,
				139FDEE61B06529A00C62182 /* RCTWebSocket.xcodeproj */,
				B5D54FBEF00E4D0E8E294BAB /* RNUploader.xcodeproj */,
				F1227E5A49E241A7A71E36AF /* RNVectorIcons.xcodeproj */,
				4E88DCBC8AF949A3ACE0DEC1 /* RCTVideo.xcodeproj */,
				7C4AE10E00E84A2D8788CD7A /* RCTYouTube.xcodeproj */,
				C82739F1426E49A3B36A1F75 /* RCTCamera.xcodeproj */,
				1CAA52C004564476AB292187 /* RCTFBLogin.xcodeproj */,
				D2586ED7F0F54693B754ABD8 /* RCTFBSDK.xcodeproj */,
			);
			name = Libraries;
			sourceTree = "<group>";
		};
		832341B11AAA6A8300B99B32 /* Products */ = {
			isa = PBXGroup;
			children = (
				832341B51AAA6A8300B99B32 /* libRCTText.a */,
				EE8F34321E16349100E131D7 /* libRCTText-tvOS.a */,
			);
			name = Products;
			sourceTree = "<group>";
		};
		83CBB9F61A601CBA00E9B192 = {
			isa = PBXGroup;
			children = (
				EE38E01F1E1A007C00E36AFD /* frameworks */,
				13B07FAE1A68108700A75B9A /* ChallengeAccepted */,
				832341AE1AAA6A7D00B99B32 /* Libraries */,
				00E356EF1AD99517003FC87E /* ChallengeAcceptedTests */,
				83CBBA001A601CBA00E9B192 /* Products */,
				9117F2232DFA4B2285514272 /* Resources */,
			);
			indentWidth = 2;
			sourceTree = "<group>";
			tabWidth = 2;
		};
		83CBBA001A601CBA00E9B192 /* Products */ = {
			isa = PBXGroup;
			children = (
				13B07F961A680F5B00A75B9A /* ChallengeAccepted.app */,
				00E356EE1AD99517003FC87E /* ChallengeAcceptedTests.xctest */,
			);
			name = Products;
			sourceTree = "<group>";
		};
		9117F2232DFA4B2285514272 /* Resources */ = {
			isa = PBXGroup;
			children = (
				06EFE736A74542A78F5EB8EE /* Andale Mono.ttf */,
				241CF8F2D332400E94B81989 /* Arial Black.ttf */,
				2087DF3645E84879BB008A97 /* Arial.ttf */,
				43F1645414404266BDF46106 /* Comic Sans MS.ttf */,
				80DD12B6E5E747009ECA48F3 /* Courier New.ttf */,
				0E71BD65B8B94C0DAAA2749A /* Georgia.ttf */,
				2B0D11EE1A0E48229A12FC4A /* Microsoft Sans Serif.ttf */,
				608F37A8059E42F59FB04F77 /* Roboto_medium.ttf */,
				308AA4BA5C564EE8AA7DBF88 /* Roboto.ttf */,
				899DB806F37B4718AA6DB009 /* SF-UI-Text-Regular.otf */,
				C942458853F14115AC60B55D /* Skia.ttf */,
				5E3D24CAB7E04F73A98FAE53 /* Times New Roman.ttf */,
				673701D61E8F444AA206E2A4 /* Entypo.ttf */,
				48BC215DCCEC4A0386F90C30 /* EvilIcons.ttf */,
				F694BF4D58D4462F803882A1 /* FontAwesome.ttf */,
				0D64DE00D3BB42D1AC6B416E /* Foundation.ttf */,
				72CE73B520A3455C9888F80F /* Ionicons.ttf */,
				A0957E959FBE4117B2112064 /* MaterialIcons.ttf */,
				F787A12400A34DB8BC14CC5F /* Octicons.ttf */,
				99206FCC63B04145A7A25D18 /* Zocial.ttf */,
			);
			name = Resources;
			sourceTree = "<group>";
		};
		EE38DFF11E19FD5300E36AFD /* Products */ = {
			isa = PBXGroup;
			children = (
				EE38DFF91E19FD5300E36AFD /* libRCTFBLogin.a */,
			);
			name = Products;
			sourceTree = "<group>";
		};
		EE38E01F1E1A007C00E36AFD /* frameworks */ = {
			isa = PBXGroup;
			children = (
				EEE78AF91E27276400BD6A65 /* Bolts.framework */,
				EEE78AFA1E27276400BD6A65 /* FBSDKCoreKit.framework */,
				EEE78AFB1E27276400BD6A65 /* FBSDKLoginKit.framework */,
				EEE78AFC1E27276400BD6A65 /* FBSDKShareKit.framework */,
			);
			name = frameworks;
			sourceTree = "<group>";
		};
		EE8F34131E16348F00E131D7 /* Products */ = {
			isa = PBXGroup;
			children = (
				EE8F343D1E16349100E131D7 /* libRCTYouTube.a */,
			);
			name = Products;
			sourceTree = "<group>";
		};
		EE8F34151E16348F00E131D7 /* Products */ = {
			isa = PBXGroup;
			children = (
				EE8F34441E16349100E131D7 /* libRNUploader.a */,
			);
			name = Products;
			sourceTree = "<group>";
		};
		EE8F34171E16348F00E131D7 /* Products */ = {
			isa = PBXGroup;
			children = (
				EE8F34471E16349100E131D7 /* libRNVectorIcons.a */,
			);
			name = Products;
			sourceTree = "<group>";
		};
		EE8F34191E16348F00E131D7 /* Products */ = {
			isa = PBXGroup;
			children = (
				EE8F34361E16349100E131D7 /* libRCTVideo.a */,
			);
			name = Products;
			sourceTree = "<group>";
		};
		EE8F34571E16362300E131D7 /* Products */ = {
			isa = PBXGroup;
			children = (
				EE8F345E1E16362300E131D7 /* libRCTCamera.a */,
			);
			name = Products;
			sourceTree = "<group>";
		};
		EEE78AC31E27212F00BD6A65 /* Products */ = {
			isa = PBXGroup;
			children = (
				EEE78ACC1E27212F00BD6A65 /* libRCTFBSDK.a */,
			);
			name = Products;
			sourceTree = "<group>";
		};
/* End PBXGroup section */

/* Begin PBXNativeTarget section */
		00E356ED1AD99517003FC87E /* ChallengeAcceptedTests */ = {
			isa = PBXNativeTarget;
			buildConfigurationList = 00E357021AD99517003FC87E /* Build configuration list for PBXNativeTarget "ChallengeAcceptedTests" */;
			buildPhases = (
				00E356EA1AD99517003FC87E /* Sources */,
				00E356EB1AD99517003FC87E /* Frameworks */,
				00E356EC1AD99517003FC87E /* Resources */,
			);
			buildRules = (
			);
			dependencies = (
				00E356F51AD99517003FC87E /* PBXTargetDependency */,
			);
			name = ChallengeAcceptedTests;
			productName = ChallengeAcceptedTests;
			productReference = 00E356EE1AD99517003FC87E /* ChallengeAcceptedTests.xctest */;
			productType = "com.apple.product-type.bundle.unit-test";
		};
		13B07F861A680F5B00A75B9A /* ChallengeAccepted */ = {
			isa = PBXNativeTarget;
			buildConfigurationList = 13B07F931A680F5B00A75B9A /* Build configuration list for PBXNativeTarget "ChallengeAccepted" */;
			buildPhases = (
				13B07F871A680F5B00A75B9A /* Sources */,
				13B07F8C1A680F5B00A75B9A /* Frameworks */,
				13B07F8E1A680F5B00A75B9A /* Resources */,
				00DD1BFF1BD5951E006B06BC /* Bundle React Native code and images */,
			);
			buildRules = (
			);
			dependencies = (
			);
			name = ChallengeAccepted;
			productName = "Hello World";
			productReference = 13B07F961A680F5B00A75B9A /* ChallengeAccepted.app */;
			productType = "com.apple.product-type.application";
		};
/* End PBXNativeTarget section */

/* Begin PBXProject section */
		83CBB9F71A601CBA00E9B192 /* Project object */ = {
			isa = PBXProject;
			attributes = {
				LastUpgradeCheck = 610;
				ORGANIZATIONNAME = Facebook;
				TargetAttributes = {
					00E356ED1AD99517003FC87E = {
						CreatedOnToolsVersion = 6.2;
						TestTargetID = 13B07F861A680F5B00A75B9A;
					};
					13B07F861A680F5B00A75B9A = {
						DevelopmentTeam = SHNKYAZ2NV;
					};
				};
			};
			buildConfigurationList = 83CBB9FA1A601CBA00E9B192 /* Build configuration list for PBXProject "ChallengeAccepted" */;
			compatibilityVersion = "Xcode 3.2";
			developmentRegion = English;
			hasScannedForEncodings = 0;
			knownRegions = (
				en,
				Base,
			);
			mainGroup = 83CBB9F61A601CBA00E9B192;
			productRefGroup = 83CBBA001A601CBA00E9B192 /* Products */;
			projectDirPath = "";
			projectReferences = (
				{
					ProductGroup = 00C302A81ABCB8CE00DB3ED1 /* Products */;
					ProjectRef = 00C302A71ABCB8CE00DB3ED1 /* RCTActionSheet.xcodeproj */;
				},
				{
					ProductGroup = 5E91572E1DD0AC6500FF2AA8 /* Products */;
					ProjectRef = 5E91572D1DD0AC6500FF2AA8 /* RCTAnimation.xcodeproj */;
				},
				{
					ProductGroup = EE8F34571E16362300E131D7 /* Products */;
					ProjectRef = C82739F1426E49A3B36A1F75 /* RCTCamera.xcodeproj */;
				},
				{
					ProductGroup = EE38DFF11E19FD5300E36AFD /* Products */;
					ProjectRef = 1CAA52C004564476AB292187 /* RCTFBLogin.xcodeproj */;
				},
				{
					ProductGroup = EEE78AC31E27212F00BD6A65 /* Products */;
					ProjectRef = D2586ED7F0F54693B754ABD8 /* RCTFBSDK.xcodeproj */;
				},
				{
					ProductGroup = 00C302B61ABCB90400DB3ED1 /* Products */;
					ProjectRef = 00C302B51ABCB90400DB3ED1 /* RCTGeolocation.xcodeproj */;
				},
				{
					ProductGroup = 00C302BC1ABCB91800DB3ED1 /* Products */;
					ProjectRef = 00C302BB1ABCB91800DB3ED1 /* RCTImage.xcodeproj */;
				},
				{
					ProductGroup = 78C398B11ACF4ADC00677621 /* Products */;
					ProjectRef = 78C398B01ACF4ADC00677621 /* RCTLinking.xcodeproj */;
				},
				{
					ProductGroup = 00C302D41ABCB9D200DB3ED1 /* Products */;
					ProjectRef = 00C302D31ABCB9D200DB3ED1 /* RCTNetwork.xcodeproj */;
				},
				{
					ProductGroup = 139105B71AF99BAD00B5F7CC /* Products */;
					ProjectRef = 139105B61AF99BAD00B5F7CC /* RCTSettings.xcodeproj */;
				},
				{
					ProductGroup = 832341B11AAA6A8300B99B32 /* Products */;
					ProjectRef = 832341B01AAA6A8300B99B32 /* RCTText.xcodeproj */;
				},
				{
					ProductGroup = 00C302E01ABCB9EE00DB3ED1 /* Products */;
					ProjectRef = 00C302DF1ABCB9EE00DB3ED1 /* RCTVibration.xcodeproj */;
				},
				{
					ProductGroup = EE8F34191E16348F00E131D7 /* Products */;
					ProjectRef = 4E88DCBC8AF949A3ACE0DEC1 /* RCTVideo.xcodeproj */;
				},
				{
					ProductGroup = 139FDEE71B06529A00C62182 /* Products */;
					ProjectRef = 139FDEE61B06529A00C62182 /* RCTWebSocket.xcodeproj */;
				},
				{
					ProductGroup = EE8F34131E16348F00E131D7 /* Products */;
					ProjectRef = 7C4AE10E00E84A2D8788CD7A /* RCTYouTube.xcodeproj */;
				},
				{
					ProductGroup = 146834001AC3E56700842450 /* Products */;
					ProjectRef = 146833FF1AC3E56700842450 /* React.xcodeproj */;
				},
				{
					ProductGroup = EE8F34151E16348F00E131D7 /* Products */;
					ProjectRef = B5D54FBEF00E4D0E8E294BAB /* RNUploader.xcodeproj */;
				},
				{
					ProductGroup = EE8F34171E16348F00E131D7 /* Products */;
					ProjectRef = F1227E5A49E241A7A71E36AF /* RNVectorIcons.xcodeproj */;
				},
			);
			projectRoot = "";
			targets = (
				13B07F861A680F5B00A75B9A /* ChallengeAccepted */,
				00E356ED1AD99517003FC87E /* ChallengeAcceptedTests */,
			);
		};
/* End PBXProject section */

/* Begin PBXReferenceProxy section */
		00C302AC1ABCB8CE00DB3ED1 /* libRCTActionSheet.a */ = {
			isa = PBXReferenceProxy;
			fileType = archive.ar;
			path = libRCTActionSheet.a;
			remoteRef = 00C302AB1ABCB8CE00DB3ED1 /* PBXContainerItemProxy */;
			sourceTree = BUILT_PRODUCTS_DIR;
		};
		00C302BA1ABCB90400DB3ED1 /* libRCTGeolocation.a */ = {
			isa = PBXReferenceProxy;
			fileType = archive.ar;
			path = libRCTGeolocation.a;
			remoteRef = 00C302B91ABCB90400DB3ED1 /* PBXContainerItemProxy */;
			sourceTree = BUILT_PRODUCTS_DIR;
		};
		00C302C01ABCB91800DB3ED1 /* libRCTImage.a */ = {
			isa = PBXReferenceProxy;
			fileType = archive.ar;
			path = libRCTImage.a;
			remoteRef = 00C302BF1ABCB91800DB3ED1 /* PBXContainerItemProxy */;
			sourceTree = BUILT_PRODUCTS_DIR;
		};
		00C302DC1ABCB9D200DB3ED1 /* libRCTNetwork.a */ = {
			isa = PBXReferenceProxy;
			fileType = archive.ar;
			path = libRCTNetwork.a;
			remoteRef = 00C302DB1ABCB9D200DB3ED1 /* PBXContainerItemProxy */;
			sourceTree = BUILT_PRODUCTS_DIR;
		};
		00C302E41ABCB9EE00DB3ED1 /* libRCTVibration.a */ = {
			isa = PBXReferenceProxy;
			fileType = archive.ar;
			path = libRCTVibration.a;
			remoteRef = 00C302E31ABCB9EE00DB3ED1 /* PBXContainerItemProxy */;
			sourceTree = BUILT_PRODUCTS_DIR;
		};
		139105C11AF99BAD00B5F7CC /* libRCTSettings.a */ = {
			isa = PBXReferenceProxy;
			fileType = archive.ar;
			path = libRCTSettings.a;
			remoteRef = 139105C01AF99BAD00B5F7CC /* PBXContainerItemProxy */;
			sourceTree = BUILT_PRODUCTS_DIR;
		};
		139FDEF41B06529B00C62182 /* libRCTWebSocket.a */ = {
			isa = PBXReferenceProxy;
			fileType = archive.ar;
			path = libRCTWebSocket.a;
			remoteRef = 139FDEF31B06529B00C62182 /* PBXContainerItemProxy */;
			sourceTree = BUILT_PRODUCTS_DIR;
		};
		146834041AC3E56700842450 /* libReact.a */ = {
			isa = PBXReferenceProxy;
			fileType = archive.ar;
			path = libReact.a;
			remoteRef = 146834031AC3E56700842450 /* PBXContainerItemProxy */;
			sourceTree = BUILT_PRODUCTS_DIR;
		};
		5E9157331DD0AC6500FF2AA8 /* libRCTAnimation.a */ = {
			isa = PBXReferenceProxy;
			fileType = archive.ar;
			path = libRCTAnimation.a;
			remoteRef = 5E9157321DD0AC6500FF2AA8 /* PBXContainerItemProxy */;
			sourceTree = BUILT_PRODUCTS_DIR;
		};
		5E9157351DD0AC6500FF2AA8 /* libRCTAnimation-tvOS.a */ = {
			isa = PBXReferenceProxy;
			fileType = archive.ar;
			path = "libRCTAnimation-tvOS.a";
			remoteRef = 5E9157341DD0AC6500FF2AA8 /* PBXContainerItemProxy */;
			sourceTree = BUILT_PRODUCTS_DIR;
		};
		78C398B91ACF4ADC00677621 /* libRCTLinking.a */ = {
			isa = PBXReferenceProxy;
			fileType = archive.ar;
			path = libRCTLinking.a;
			remoteRef = 78C398B81ACF4ADC00677621 /* PBXContainerItemProxy */;
			sourceTree = BUILT_PRODUCTS_DIR;
		};
		832341B51AAA6A8300B99B32 /* libRCTText.a */ = {
			isa = PBXReferenceProxy;
			fileType = archive.ar;
			path = libRCTText.a;
			remoteRef = 832341B41AAA6A8300B99B32 /* PBXContainerItemProxy */;
			sourceTree = BUILT_PRODUCTS_DIR;
		};
		EE38DFF91E19FD5300E36AFD /* libRCTFBLogin.a */ = {
			isa = PBXReferenceProxy;
			fileType = archive.ar;
			path = libRCTFBLogin.a;
			remoteRef = EE38DFF81E19FD5300E36AFD /* PBXContainerItemProxy */;
			sourceTree = BUILT_PRODUCTS_DIR;
		};
		EE8F34221E16349100E131D7 /* libRCTImage-tvOS.a */ = {
			isa = PBXReferenceProxy;
			fileType = archive.ar;
			path = "libRCTImage-tvOS.a";
			remoteRef = EE8F34211E16349100E131D7 /* PBXContainerItemProxy */;
			sourceTree = BUILT_PRODUCTS_DIR;
		};
		EE8F34261E16349100E131D7 /* libRCTLinking-tvOS.a */ = {
			isa = PBXReferenceProxy;
			fileType = archive.ar;
			path = "libRCTLinking-tvOS.a";
			remoteRef = EE8F34251E16349100E131D7 /* PBXContainerItemProxy */;
			sourceTree = BUILT_PRODUCTS_DIR;
		};
		EE8F342A1E16349100E131D7 /* libRCTNetwork-tvOS.a */ = {
			isa = PBXReferenceProxy;
			fileType = archive.ar;
			path = "libRCTNetwork-tvOS.a";
			remoteRef = EE8F34291E16349100E131D7 /* PBXContainerItemProxy */;
			sourceTree = BUILT_PRODUCTS_DIR;
		};
		EE8F342E1E16349100E131D7 /* libRCTSettings-tvOS.a */ = {
			isa = PBXReferenceProxy;
			fileType = archive.ar;
			path = "libRCTSettings-tvOS.a";
			remoteRef = EE8F342D1E16349100E131D7 /* PBXContainerItemProxy */;
			sourceTree = BUILT_PRODUCTS_DIR;
		};
		EE8F34321E16349100E131D7 /* libRCTText-tvOS.a */ = {
			isa = PBXReferenceProxy;
			fileType = archive.ar;
			path = "libRCTText-tvOS.a";
			remoteRef = EE8F34311E16349100E131D7 /* PBXContainerItemProxy */;
			sourceTree = BUILT_PRODUCTS_DIR;
		};
		EE8F34361E16349100E131D7 /* libRCTVideo.a */ = {
			isa = PBXReferenceProxy;
			fileType = archive.ar;
			path = libRCTVideo.a;
			remoteRef = EE8F34351E16349100E131D7 /* PBXContainerItemProxy */;
			sourceTree = BUILT_PRODUCTS_DIR;
		};
		EE8F343A1E16349100E131D7 /* libRCTWebSocket-tvOS.a */ = {
			isa = PBXReferenceProxy;
			fileType = archive.ar;
			path = "libRCTWebSocket-tvOS.a";
			remoteRef = EE8F34391E16349100E131D7 /* PBXContainerItemProxy */;
			sourceTree = BUILT_PRODUCTS_DIR;
		};
		EE8F343D1E16349100E131D7 /* libRCTYouTube.a */ = {
			isa = PBXReferenceProxy;
			fileType = archive.ar;
			path = libRCTYouTube.a;
			remoteRef = EE8F343C1E16349100E131D7 /* PBXContainerItemProxy */;
			sourceTree = BUILT_PRODUCTS_DIR;
		};
		EE8F34411E16349100E131D7 /* libReact-tvOS.a */ = {
			isa = PBXReferenceProxy;
			fileType = archive.ar;
			path = "libReact-tvOS.a";
			remoteRef = EE8F34401E16349100E131D7 /* PBXContainerItemProxy */;
			sourceTree = BUILT_PRODUCTS_DIR;
		};
		EE8F34441E16349100E131D7 /* libRNUploader.a */ = {
			isa = PBXReferenceProxy;
			fileType = archive.ar;
			path = libRNUploader.a;
			remoteRef = EE8F34431E16349100E131D7 /* PBXContainerItemProxy */;
			sourceTree = BUILT_PRODUCTS_DIR;
		};
		EE8F34471E16349100E131D7 /* libRNVectorIcons.a */ = {
			isa = PBXReferenceProxy;
			fileType = archive.ar;
			path = libRNVectorIcons.a;
			remoteRef = EE8F34461E16349100E131D7 /* PBXContainerItemProxy */;
			sourceTree = BUILT_PRODUCTS_DIR;
		};
		EE8F345E1E16362300E131D7 /* libRCTCamera.a */ = {
			isa = PBXReferenceProxy;
			fileType = archive.ar;
			path = libRCTCamera.a;
			remoteRef = EE8F345D1E16362300E131D7 /* PBXContainerItemProxy */;
			sourceTree = BUILT_PRODUCTS_DIR;
		};
		EEE78ACC1E27212F00BD6A65 /* libRCTFBSDK.a */ = {
			isa = PBXReferenceProxy;
			fileType = archive.ar;
			path = libRCTFBSDK.a;
			remoteRef = EEE78ACB1E27212F00BD6A65 /* PBXContainerItemProxy */;
			sourceTree = BUILT_PRODUCTS_DIR;
		};
/* End PBXReferenceProxy section */

/* Begin PBXResourcesBuildPhase section */
		00E356EC1AD99517003FC87E /* Resources */ = {
			isa = PBXResourcesBuildPhase;
			buildActionMask = 2147483647;
			files = (
			);
			runOnlyForDeploymentPostprocessing = 0;
		};
		13B07F8E1A680F5B00A75B9A /* Resources */ = {
			isa = PBXResourcesBuildPhase;
			buildActionMask = 2147483647;
			files = (
				13B07FBF1A68108700A75B9A /* Images.xcassets in Resources */,
				13B07FBD1A68108700A75B9A /* LaunchScreen.xib in Resources */,
				012E4393ADC7448EB7BD30A7 /* Andale Mono.ttf in Resources */,
				4A74653891A4413FA108249C /* Arial Black.ttf in Resources */,
				E584BAA289364B00A2936970 /* Arial.ttf in Resources */,
				90389E9F8FA44B84B79CF16A /* Comic Sans MS.ttf in Resources */,
				49E76CCC11884CC089E7E90C /* Courier New.ttf in Resources */,
				F441E002D9114BD79BCBAD1C /* Georgia.ttf in Resources */,
				CE33CC6429A34E48ADF7F722 /* Microsoft Sans Serif.ttf in Resources */,
				4052FCB0B255478E96009D2B /* Roboto_medium.ttf in Resources */,
				9FF7B96F1D264F36A860173D /* Roboto.ttf in Resources */,
				08EC33B830BB493391D8D765 /* SF-UI-Text-Regular.otf in Resources */,
				F86F204D6B2046CE8045D5BA /* Skia.ttf in Resources */,
				044CB722271644ED8088E550 /* Times New Roman.ttf in Resources */,
				8937497C23294BCAA573D5AE /* Entypo.ttf in Resources */,
				035F9284BF254C3086234C3E /* EvilIcons.ttf in Resources */,
				691D6F3F50CD41BDB57916C1 /* FontAwesome.ttf in Resources */,
				2397BC534F4042BFB09316BA /* Foundation.ttf in Resources */,
				09E7A685A8CD410DAD141B52 /* Ionicons.ttf in Resources */,
				B0C7B8C4F34B46969D621753 /* MaterialIcons.ttf in Resources */,
				EE044D7990184EA9A9B43AA4 /* Octicons.ttf in Resources */,
				89C53354D3CB4A9BAB38E442 /* Zocial.ttf in Resources */,
			);
			runOnlyForDeploymentPostprocessing = 0;
		};
/* End PBXResourcesBuildPhase section */

/* Begin PBXShellScriptBuildPhase section */
		00DD1BFF1BD5951E006B06BC /* Bundle React Native code and images */ = {
			isa = PBXShellScriptBuildPhase;
			buildActionMask = 2147483647;
			files = (
			);
			inputPaths = (
			);
			name = "Bundle React Native code and images";
			outputPaths = (
			);
			runOnlyForDeploymentPostprocessing = 0;
			shellPath = /bin/sh;
			shellScript = "export NODE_BINARY=node\n../node_modules/react-native/packager/react-native-xcode.sh";
		};
/* End PBXShellScriptBuildPhase section */

/* Begin PBXSourcesBuildPhase section */
		00E356EA1AD99517003FC87E /* Sources */ = {
			isa = PBXSourcesBuildPhase;
			buildActionMask = 2147483647;
			files = (
				00E356F31AD99517003FC87E /* ChallengeAcceptedTests.m in Sources */,
			);
			runOnlyForDeploymentPostprocessing = 0;
		};
		13B07F871A680F5B00A75B9A /* Sources */ = {
			isa = PBXSourcesBuildPhase;
			buildActionMask = 2147483647;
			files = (
				13B07FBC1A68108700A75B9A /* AppDelegate.m in Sources */,
				13B07FC11A68108700A75B9A /* main.m in Sources */,
			);
			runOnlyForDeploymentPostprocessing = 0;
		};
/* End PBXSourcesBuildPhase section */

/* Begin PBXTargetDependency section */
		00E356F51AD99517003FC87E /* PBXTargetDependency */ = {
			isa = PBXTargetDependency;
			target = 13B07F861A680F5B00A75B9A /* ChallengeAccepted */;
			targetProxy = 00E356F41AD99517003FC87E /* PBXContainerItemProxy */;
		};
/* End PBXTargetDependency section */

/* Begin PBXVariantGroup section */
		13B07FB11A68108700A75B9A /* LaunchScreen.xib */ = {
			isa = PBXVariantGroup;
			children = (
				13B07FB21A68108700A75B9A /* Base */,
			);
			name = LaunchScreen.xib;
			path = ChallengeAccepted;
			sourceTree = "<group>";
		};
/* End PBXVariantGroup section */

/* Begin XCBuildConfiguration section */
		00E356F61AD99517003FC87E /* Debug */ = {
			isa = XCBuildConfiguration;
			buildSettings = {
				BUNDLE_LOADER = "$(TEST_HOST)";
				GCC_PREPROCESSOR_DEFINITIONS = (
					"DEBUG=1",
					"$(inherited)",
				);
				INFOPLIST_FILE = ChallengeAcceptedTests/Info.plist;
				IPHONEOS_DEPLOYMENT_TARGET = 8.0;
				LD_RUNPATH_SEARCH_PATHS = "$(inherited) @executable_path/Frameworks @loader_path/Frameworks";
				LIBRARY_SEARCH_PATHS = (
					"$(inherited)",
					"\"$(SRCROOT)/$(TARGET_NAME)\"",
					"\"$(SRCROOT)/$(TARGET_NAME)\"",
					"\"$(SRCROOT)/$(TARGET_NAME)\"",
					"\"$(SRCROOT)/$(TARGET_NAME)\"",
					"\"$(SRCROOT)/$(TARGET_NAME)\"",
					"\"$(SRCROOT)/$(TARGET_NAME)\"",
					"\"$(SRCROOT)/$(TARGET_NAME)\"",
				);
				PRODUCT_NAME = "$(TARGET_NAME)";
				TEST_HOST = "$(BUILT_PRODUCTS_DIR)/ChallengeAccepted.app/ChallengeAccepted";
			};
			name = Debug;
		};
		00E356F71AD99517003FC87E /* Release */ = {
			isa = XCBuildConfiguration;
			buildSettings = {
				BUNDLE_LOADER = "$(TEST_HOST)";
				COPY_PHASE_STRIP = NO;
				INFOPLIST_FILE = ChallengeAcceptedTests/Info.plist;
				IPHONEOS_DEPLOYMENT_TARGET = 8.0;
				LD_RUNPATH_SEARCH_PATHS = "$(inherited) @executable_path/Frameworks @loader_path/Frameworks";
				LIBRARY_SEARCH_PATHS = (
					"$(inherited)",
					"\"$(SRCROOT)/$(TARGET_NAME)\"",
					"\"$(SRCROOT)/$(TARGET_NAME)\"",
					"\"$(SRCROOT)/$(TARGET_NAME)\"",
					"\"$(SRCROOT)/$(TARGET_NAME)\"",
					"\"$(SRCROOT)/$(TARGET_NAME)\"",
					"\"$(SRCROOT)/$(TARGET_NAME)\"",
					"\"$(SRCROOT)/$(TARGET_NAME)\"",
				);
				PRODUCT_NAME = "$(TARGET_NAME)";
				TEST_HOST = "$(BUILT_PRODUCTS_DIR)/ChallengeAccepted.app/ChallengeAccepted";
			};
			name = Release;
		};
		13B07F941A680F5B00A75B9A /* Debug */ = {
			isa = XCBuildConfiguration;
			buildSettings = {
				ASSETCATALOG_COMPILER_APPICON_NAME = AppIcon;
				CURRENT_PROJECT_VERSION = 1;
				DEAD_CODE_STRIPPING = NO;
				DEVELOPMENT_TEAM = SHNKYAZ2NV;
				FRAMEWORK_SEARCH_PATHS = (
					"~/Documents/FacebookSDK/**",
					"$(SRCROOT)/../node_modules/react-native-facebook-login/FacebookSDK/**",
				);
				INFOPLIST_FILE = ChallengeAccepted/Info.plist;
				LD_RUNPATH_SEARCH_PATHS = "$(inherited) @executable_path/Frameworks";
				OTHER_LDFLAGS = (
					"$(inherited)",
					"-ObjC",
					"-lc++",
				);
				PRODUCT_NAME = ChallengeAccepted;
				VERSIONING_SYSTEM = "apple-generic";
			};
			name = Debug;
		};
		13B07F951A680F5B00A75B9A /* Release */ = {
			isa = XCBuildConfiguration;
			buildSettings = {
				ASSETCATALOG_COMPILER_APPICON_NAME = AppIcon;
				CURRENT_PROJECT_VERSION = 1;
				DEVELOPMENT_TEAM = SHNKYAZ2NV;
				FRAMEWORK_SEARCH_PATHS = (
					"~/Documents/FacebookSDK/**",
					"$(SRCROOT)/../node_modules/react-native-facebook-login/FacebookSDK/**",
				);
				INFOPLIST_FILE = ChallengeAccepted/Info.plist;
				LD_RUNPATH_SEARCH_PATHS = "$(inherited) @executable_path/Frameworks";
				OTHER_LDFLAGS = (
					"$(inherited)",
					"-ObjC",
					"-lc++",
				);
				PRODUCT_NAME = ChallengeAccepted;
				VERSIONING_SYSTEM = "apple-generic";
			};
			name = Release;
		};
		83CBBA201A601CBA00E9B192 /* Debug */ = {
			isa = XCBuildConfiguration;
			buildSettings = {
				ALWAYS_SEARCH_USER_PATHS = NO;
				CLANG_CXX_LANGUAGE_STANDARD = "gnu++0x";
				CLANG_CXX_LIBRARY = "libc++";
				CLANG_ENABLE_MODULES = YES;
				CLANG_ENABLE_OBJC_ARC = YES;
				CLANG_WARN_BOOL_CONVERSION = YES;
				CLANG_WARN_CONSTANT_CONVERSION = YES;
				CLANG_WARN_DIRECT_OBJC_ISA_USAGE = YES_ERROR;
				CLANG_WARN_EMPTY_BODY = YES;
				CLANG_WARN_ENUM_CONVERSION = YES;
				CLANG_WARN_INT_CONVERSION = YES;
				CLANG_WARN_OBJC_ROOT_CLASS = YES_ERROR;
				CLANG_WARN_UNREACHABLE_CODE = YES;
				CLANG_WARN__DUPLICATE_METHOD_MATCH = YES;
				"CODE_SIGN_IDENTITY[sdk=iphoneos*]" = "iPhone Developer";
				COPY_PHASE_STRIP = NO;
				ENABLE_STRICT_OBJC_MSGSEND = YES;
				GCC_C_LANGUAGE_STANDARD = gnu99;
				GCC_DYNAMIC_NO_PIC = NO;
				GCC_OPTIMIZATION_LEVEL = 0;
				GCC_PREPROCESSOR_DEFINITIONS = (
					"DEBUG=1",
					"$(inherited)",
				);
				GCC_SYMBOLS_PRIVATE_EXTERN = NO;
				GCC_WARN_64_TO_32_BIT_CONVERSION = YES;
				GCC_WARN_ABOUT_RETURN_TYPE = YES_ERROR;
				GCC_WARN_UNDECLARED_SELECTOR = YES;
				GCC_WARN_UNINITIALIZED_AUTOS = YES_AGGRESSIVE;
				GCC_WARN_UNUSED_FUNCTION = YES;
				GCC_WARN_UNUSED_VARIABLE = YES;
				HEADER_SEARCH_PATHS = (
					"$(inherited)",
					"$(SRCROOT)/../node_modules/react-native/React/**",
					"$(SRCROOT)/../node_modules/react-native/ReactCommon/**",
					"$(SRCROOT)/../node_modules/react-native-vector-icons/RNVectorIconsManager",
					"$(SRCROOT)/../node_modules/react-native-video",
					"$(SRCROOT)/../node_modules/react-native-youtube/**",
					"$(SRCROOT)/../node_modules/react-native-camera/ios",
					"$(SRCROOT)/../node_modules/react-native-facebook-login/RCTFBLogin/**",
					"$(SRCROOT)/../node_modules/react-native-fbsdk/ios/RCTFBSDK/**",
				);
				IPHONEOS_DEPLOYMENT_TARGET = 8.0;
				MTL_ENABLE_DEBUG_INFO = YES;
				ONLY_ACTIVE_ARCH = YES;
				SDKROOT = iphoneos;
			};
			name = Debug;
		};
		83CBBA211A601CBA00E9B192 /* Release */ = {
			isa = XCBuildConfiguration;
			buildSettings = {
				ALWAYS_SEARCH_USER_PATHS = NO;
				CLANG_CXX_LANGUAGE_STANDARD = "gnu++0x";
				CLANG_CXX_LIBRARY = "libc++";
				CLANG_ENABLE_MODULES = YES;
				CLANG_ENABLE_OBJC_ARC = YES;
				CLANG_WARN_BOOL_CONVERSION = YES;
				CLANG_WARN_CONSTANT_CONVERSION = YES;
				CLANG_WARN_DIRECT_OBJC_ISA_USAGE = YES_ERROR;
				CLANG_WARN_EMPTY_BODY = YES;
				CLANG_WARN_ENUM_CONVERSION = YES;
				CLANG_WARN_INT_CONVERSION = YES;
				CLANG_WARN_OBJC_ROOT_CLASS = YES_ERROR;
				CLANG_WARN_UNREACHABLE_CODE = YES;
				CLANG_WARN__DUPLICATE_METHOD_MATCH = YES;
				"CODE_SIGN_IDENTITY[sdk=iphoneos*]" = "iPhone Developer";
				COPY_PHASE_STRIP = YES;
				ENABLE_NS_ASSERTIONS = NO;
				ENABLE_STRICT_OBJC_MSGSEND = YES;
				GCC_C_LANGUAGE_STANDARD = gnu99;
				GCC_WARN_64_TO_32_BIT_CONVERSION = YES;
				GCC_WARN_ABOUT_RETURN_TYPE = YES_ERROR;
				GCC_WARN_UNDECLARED_SELECTOR = YES;
				GCC_WARN_UNINITIALIZED_AUTOS = YES_AGGRESSIVE;
				GCC_WARN_UNUSED_FUNCTION = YES;
				GCC_WARN_UNUSED_VARIABLE = YES;
				HEADER_SEARCH_PATHS = (
					"$(inherited)",
					"$(SRCROOT)/../node_modules/react-native/React/**",
					"$(SRCROOT)/../node_modules/react-native/ReactCommon/**",
					"$(SRCROOT)/../node_modules/react-native-vector-icons/RNVectorIconsManager",
					"$(SRCROOT)/../node_modules/react-native-video",
					"$(SRCROOT)/../node_modules/react-native-youtube/**",
					"$(SRCROOT)/../node_modules/react-native-camera/ios",
					"$(SRCROOT)/../node_modules/react-native-facebook-login/RCTFBLogin/**",
					"$(SRCROOT)/../node_modules/react-native-fbsdk/ios/RCTFBSDK/**",
				);
				IPHONEOS_DEPLOYMENT_TARGET = 8.0;
				MTL_ENABLE_DEBUG_INFO = NO;
				SDKROOT = iphoneos;
				VALIDATE_PRODUCT = YES;
			};
			name = Release;
		};
/* End XCBuildConfiguration section */

/* Begin XCConfigurationList section */
		00E357021AD99517003FC87E /* Build configuration list for PBXNativeTarget "ChallengeAcceptedTests" */ = {
			isa = XCConfigurationList;
			buildConfigurations = (
				00E356F61AD99517003FC87E /* Debug */,
				00E356F71AD99517003FC87E /* Release */,
			);
			defaultConfigurationIsVisible = 0;
			defaultConfigurationName = Release;
		};
		13B07F931A680F5B00A75B9A /* Build configuration list for PBXNativeTarget "ChallengeAccepted" */ = {
			isa = XCConfigurationList;
			buildConfigurations = (
				13B07F941A680F5B00A75B9A /* Debug */,
				13B07F951A680F5B00A75B9A /* Release */,
			);
			defaultConfigurationIsVisible = 0;
			defaultConfigurationName = Release;
		};
		83CBB9FA1A601CBA00E9B192 /* Build configuration list for PBXProject "ChallengeAccepted" */ = {
			isa = XCConfigurationList;
			buildConfigurations = (
				83CBBA201A601CBA00E9B192 /* Debug */,
				83CBBA211A601CBA00E9B192 /* Release */,
			);
			defaultConfigurationIsVisible = 0;
			defaultConfigurationName = Release;
		};
/* End XCConfigurationList section */
	};
	rootObject = 83CBB9F71A601CBA00E9B192 /* Project object */;
}
