// !$*UTF8*$!
{
	archiveVersion = 1;
	classes = {
	};
	objectVersion = 46;
	objects = {
/* Begin PBXBuildFile section */
		00C302E51ABCBA2D00DB3ED1 /* libRCTActionSheet.a in Frameworks */ = {isa = PBXBuildFile; fileRef = 00C302AC1ABCB8CE00DB3ED1 /* libRCTActionSheet.a */; };
		00C302E71ABCBA2D00DB3ED1 /* libRCTGeolocation.a in Frameworks */ = {isa = PBXBuildFile; fileRef = 00C302BA1ABCB90400DB3ED1 /* libRCTGeolocation.a */; };
		00C302E81ABCBA2D00DB3ED1 /* libRCTImage.a in Frameworks */ = {isa = PBXBuildFile; fileRef = 00C302C01ABCB91800DB3ED1 /* libRCTImage.a */; };
		00C302E91ABCBA2D00DB3ED1 /* libRCTNetwork.a in Frameworks */ = {isa = PBXBuildFile; fileRef = 00C302DC1ABCB9D200DB3ED1 /* libRCTNetwork.a */; };
		00C302EA1ABCBA2D00DB3ED1 /* libRCTVibration.a in Frameworks */ = {isa = PBXBuildFile; fileRef = 00C302E41ABCB9EE00DB3ED1 /* libRCTVibration.a */; };
		00E356F31AD99517003FC87E /* ChallengeAcceptedTests.m in Sources */ = {isa = PBXBuildFile; fileRef = 00E356F21AD99517003FC87E /* ChallengeAcceptedTests.m */; };
		00E79D6A596A43F3A0AA719A /* Foundation.ttf in Resources */ = {isa = PBXBuildFile; fileRef = CB76E89D9D534E25BD4FDF0B /* Foundation.ttf */; };
		03432D026C3A4277995D74C0 /* SanFranciscoBold.ttf in Resources */ = {isa = PBXBuildFile; fileRef = CE8B6DAC5632409DADA35F45 /* SanFranciscoBold.ttf */; };
		0C89B1939479423896328E43 /* Arial Black.ttf in Resources */ = {isa = PBXBuildFile; fileRef = 7AD6D20A4BAB43D3B59B8BE3 /* Arial Black.ttf */; };
		0F3314376CFE4990917FCB71 /* libRNVectorIcons.a in Frameworks */ = {isa = PBXBuildFile; fileRef = 993FAAB44D634544B7F7956E /* libRNVectorIcons.a */; };
		133E29F31AD74F7200F7D852 /* libRCTLinking.a in Frameworks */ = {isa = PBXBuildFile; fileRef = 78C398B91ACF4ADC00677621 /* libRCTLinking.a */; };
		139105C61AF99C1200B5F7CC /* libRCTSettings.a in Frameworks */ = {isa = PBXBuildFile; fileRef = 139105C11AF99BAD00B5F7CC /* libRCTSettings.a */; };
		1398761BC5D94CE196D93F2C /* Rubik-BoldItalic.ttf in Resources */ = {isa = PBXBuildFile; fileRef = AA227BAA3A164FD197F564A0 /* Rubik-BoldItalic.ttf */; };
		139FDEF61B0652A700C62182 /* libRCTWebSocket.a in Frameworks */ = {isa = PBXBuildFile; fileRef = 139FDEF41B06529B00C62182 /* libRCTWebSocket.a */; };
		13B07FBC1A68108700A75B9A /* AppDelegate.m in Sources */ = {isa = PBXBuildFile; fileRef = 13B07FB01A68108700A75B9A /* AppDelegate.m */; };
		13B07FBD1A68108700A75B9A /* LaunchScreen.xib in Resources */ = {isa = PBXBuildFile; fileRef = 13B07FB11A68108700A75B9A /* LaunchScreen.xib */; };
		13B07FBF1A68108700A75B9A /* Images.xcassets in Resources */ = {isa = PBXBuildFile; fileRef = 13B07FB51A68108700A75B9A /* Images.xcassets */; };
		13B07FC11A68108700A75B9A /* main.m in Sources */ = {isa = PBXBuildFile; fileRef = 13B07FB71A68108700A75B9A /* main.m */; };
		140ED2AC1D01E1AD002B40FF /* libReact.a in Frameworks */ = {isa = PBXBuildFile; fileRef = 146834041AC3E56700842450 /* libReact.a */; };
		146834051AC3E58100842450 /* libReact.a in Frameworks */ = {isa = PBXBuildFile; fileRef = 146834041AC3E56700842450 /* libReact.a */; };
		22556A5813074E2D8645A4E1 /* Rubik-Bold.ttf in Resources */ = {isa = PBXBuildFile; fileRef = 698C83FD384949199A4831C6 /* Rubik-Bold.ttf */; };
		230E16F14C4742F9BE9821BE /* Roboto_medium.ttf in Resources */ = {isa = PBXBuildFile; fileRef = 338B74BF351F4F6B8B97E3A5 /* Roboto_medium.ttf */; };
		2673630A066F447590DA9247 /* libRCTYouTube.a in Frameworks */ = {isa = PBXBuildFile; fileRef = 062AB1022E4D45989CC258A5 /* libRCTYouTube.a */; };
		2D02E4BC1E0B4A80006451C7 /* AppDelegate.m in Sources */ = {isa = PBXBuildFile; fileRef = 13B07FB01A68108700A75B9A /* AppDelegate.m */; };
		2D02E4BD1E0B4A84006451C7 /* Images.xcassets in Resources */ = {isa = PBXBuildFile; fileRef = 13B07FB51A68108700A75B9A /* Images.xcassets */; };
		2D02E4BF1E0B4AB3006451C7 /* main.m in Sources */ = {isa = PBXBuildFile; fileRef = 13B07FB71A68108700A75B9A /* main.m */; };
		2D02E4C21E0B4AEC006451C7 /* libRCTAnimation-tvOS.a in Frameworks */ = {isa = PBXBuildFile; fileRef = 5E9157351DD0AC6500FF2AA8 /* libRCTAnimation-tvOS.a */; };
		2D02E4C31E0B4AEC006451C7 /* libRCTImage-tvOS.a in Frameworks */ = {isa = PBXBuildFile; fileRef = 3DAD3E841DF850E9000B6D8A /* libRCTImage-tvOS.a */; };
		2D02E4C41E0B4AEC006451C7 /* libRCTLinking-tvOS.a in Frameworks */ = {isa = PBXBuildFile; fileRef = 3DAD3E881DF850E9000B6D8A /* libRCTLinking-tvOS.a */; };
		2D02E4C51E0B4AEC006451C7 /* libRCTNetwork-tvOS.a in Frameworks */ = {isa = PBXBuildFile; fileRef = 3DAD3E8C1DF850E9000B6D8A /* libRCTNetwork-tvOS.a */; };
		2D02E4C61E0B4AEC006451C7 /* libRCTSettings-tvOS.a in Frameworks */ = {isa = PBXBuildFile; fileRef = 3DAD3E901DF850E9000B6D8A /* libRCTSettings-tvOS.a */; };
		2D02E4C71E0B4AEC006451C7 /* libRCTText-tvOS.a in Frameworks */ = {isa = PBXBuildFile; fileRef = 3DAD3E941DF850E9000B6D8A /* libRCTText-tvOS.a */; };
		2D02E4C81E0B4AEC006451C7 /* libRCTWebSocket-tvOS.a in Frameworks */ = {isa = PBXBuildFile; fileRef = 3DAD3E991DF850E9000B6D8A /* libRCTWebSocket-tvOS.a */; };
		2D02E4C91E0B4AEC006451C7 /* libReact.a in Frameworks */ = {isa = PBXBuildFile; fileRef = 3DAD3EA31DF850E9000B6D8A /* libReact.a */; };
		2DCD954D1E0B4F2C00145EB5 /* ChallengeAcceptedTests.m in Sources */ = {isa = PBXBuildFile; fileRef = 00E356F21AD99517003FC87E /* ChallengeAcceptedTests.m */; };
		33217EE0A1054595A165D8A1 /* YTPlayerView-iframe-player.html in Resources */ = {isa = PBXBuildFile; fileRef = 4AAAAD02003C47F79D238DF1 /* YTPlayerView-iframe-player.html */; };
		353AC458CBE94ED9944CBEC8 /* libRCTFBSDK.a in Frameworks */ = {isa = PBXBuildFile; fileRef = 642FB69A343B4627B7EEAF9F /* libRCTFBSDK.a */; };
		371BA11ACA8E4C25806D7826 /* Zocial.ttf in Resources */ = {isa = PBXBuildFile; fileRef = 26A153F074B14735BFE1D3FB /* Zocial.ttf */; };
		3AE54F83D6C74FD590932BC2 /* Entypo.ttf in Resources */ = {isa = PBXBuildFile; fileRef = 26C32E208A964C77A17F1676 /* Entypo.ttf */; };
		3C5B273FD8964F40AA362493 /* rubicon-icon-font.ttf in Resources */ = {isa = PBXBuildFile; fileRef = 6219E380B7D74605A3376630 /* rubicon-icon-font.ttf */; };
		40DDF190E0094284BD34EE20 /* OFL.txt in Resources */ = {isa = PBXBuildFile; fileRef = 608A2844E872487EB7EE121E /* OFL.txt */; };
		463376B945A144A6BD33221A /* Microsoft Sans Serif.ttf in Resources */ = {isa = PBXBuildFile; fileRef = EBD15E8DF9634470AE728D45 /* Microsoft Sans Serif.ttf */; };
		465FD0D729F74F61950737AA /* Rubik-Regular.ttf in Resources */ = {isa = PBXBuildFile; fileRef = EB054DB9453947BA8DA95A76 /* Rubik-Regular.ttf */; };
		492B55C4F83D477FA536F768 /* Courier New.ttf in Resources */ = {isa = PBXBuildFile; fileRef = 3764CAA0A9EF4BBBB4A8C1F1 /* Courier New.ttf */; };
		5675BBAF673D415DA1F4F8AF /* Octicons.ttf in Resources */ = {isa = PBXBuildFile; fileRef = 9F70C52AD35E400A91BA901A /* Octicons.ttf */; };
		5742FF107E6B4276862B7F27 /* FontAwesome.ttf in Resources */ = {isa = PBXBuildFile; fileRef = 099DAD0D0648493B975EC422 /* FontAwesome.ttf */; };
		5B31E2E93780420A9BDA241A /* libRCTVideo.a in Frameworks */ = {isa = PBXBuildFile; fileRef = 58207889446B4E6C93CED72D /* libRCTVideo.a */; };
		5E779C1420ED4D8BBB9B040E /* SanFranciscoThin.ttf in Resources */ = {isa = PBXBuildFile; fileRef = 5439FB24C0BB49B7A8FBF8A2 /* SanFranciscoThin.ttf */; };
		5E9157361DD0AC6A00FF2AA8 /* libRCTAnimation.a in Frameworks */ = {isa = PBXBuildFile; fileRef = 5E9157331DD0AC6500FF2AA8 /* libRCTAnimation.a */; };
		60267C28E1F5430E8CB295F6 /* libRCTCamera.a in Frameworks */ = {isa = PBXBuildFile; fileRef = 15480616CD8C45918929319D /* libRCTCamera.a */; };
		6193C334077D440E9DA047AA /* FontAwesome.ttf in Resources */ = {isa = PBXBuildFile; fileRef = 905E1BAEAC6B4727B2E0FDF4 /* FontAwesome.ttf */; };
		690798EECB5E41559D1E7E55 /* Ionicons.ttf in Resources */ = {isa = PBXBuildFile; fileRef = A24777439D664A6581E6B7E2 /* Ionicons.ttf */; };
		70A4E9941C8A490F913FEDD1 /* Rubik-Italic.ttf in Resources */ = {isa = PBXBuildFile; fileRef = EC980C8D789B42078D154941 /* Rubik-Italic.ttf */; };
		7469768667FC459B8558375D /* SimpleLineIcons.ttf in Resources */ = {isa = PBXBuildFile; fileRef = 02320401FA0449B88122E943 /* SimpleLineIcons.ttf */; };
		75A30DFB9218428BBAA903D8 /* Rubik-LightItalic.ttf in Resources */ = {isa = PBXBuildFile; fileRef = 5DF6B999622441FE98C83CB7 /* Rubik-LightItalic.ttf */; };
		806443A2BBF546A1A14CEC3D /* Rubik-Black.ttf in Resources */ = {isa = PBXBuildFile; fileRef = 936108A0FCED4299A1B2F71F /* Rubik-Black.ttf */; };
		80DE737258894AD4827F5C6D /* Arial.ttf in Resources */ = {isa = PBXBuildFile; fileRef = 2F69BF84A1EA4FF9A77825F2 /* Arial.ttf */; };
		832341BD1AAA6AB300B99B32 /* libRCTText.a in Frameworks */ = {isa = PBXBuildFile; fileRef = 832341B51AAA6A8300B99B32 /* libRCTText.a */; };
		88A4B7F5037349619A73C1D7 /* Rubik-MediumItalic.ttf in Resources */ = {isa = PBXBuildFile; fileRef = 473BBFBA57124541AE1A231A /* Rubik-MediumItalic.ttf */; };
		8EA55FA71DFB4AC490EF8DF6 /* Ionicons.ttf in Resources */ = {isa = PBXBuildFile; fileRef = F061CBA857A7463695D53F5C /* Ionicons.ttf */; };
		989765FA3AE24196A3CDC19A /* Zocial.ttf in Resources */ = {isa = PBXBuildFile; fileRef = D74B81370BB94042BA2BB132 /* Zocial.ttf */; };
		98C2669E0E3C4293B124CDE8 /* SanFrancisco.ttf in Resources */ = {isa = PBXBuildFile; fileRef = E2E452F6330C4D43B84194CB /* SanFrancisco.ttf */; };
		997FF24A1ABB410DAD363455 /* MaterialIcons.ttf in Resources */ = {isa = PBXBuildFile; fileRef = F59B6D2ABB374BBCB343FC41 /* MaterialIcons.ttf */; };
		A2618F21667A4B8E85AC7DA3 /* EvilIcons.ttf in Resources */ = {isa = PBXBuildFile; fileRef = 7B54674A6ABF4B76B2438CF3 /* EvilIcons.ttf */; };
		A520F277DA964652B063B9C8 /* Foundation.ttf in Resources */ = {isa = PBXBuildFile; fileRef = 1C7DD0965E894F33B1257C85 /* Foundation.ttf */; };
		AA8C6345E5794B0D8C429510 /* Comic Sans MS.ttf in Resources */ = {isa = PBXBuildFile; fileRef = 13F580CEEB664ADCB543AF44 /* Comic Sans MS.ttf */; };
		ACBED04CD5944E9A8F102713 /* Entypo.ttf in Resources */ = {isa = PBXBuildFile; fileRef = 083AB6BC0FB64C029AB9FDBE /* Entypo.ttf */; };
		B65B022E80E6466F93944C62 /* Rubik-BlackItalic.ttf in Resources */ = {isa = PBXBuildFile; fileRef = 4DC8064AA9EF46D6962094BE /* Rubik-BlackItalic.ttf */; };
		BB5C327F862546D5AFBEFFD3 /* Rubik-Light.ttf in Resources */ = {isa = PBXBuildFile; fileRef = DF5D988CC9444630BBCC8E68 /* Rubik-Light.ttf */; };
		C83AF7A05C704518838B30C5 /* EvilIcons.ttf in Resources */ = {isa = PBXBuildFile; fileRef = 8924E612F54C48D9B8A7C417 /* EvilIcons.ttf */; };
		CC422C2442A440578FE7BCBB /* Andale Mono.ttf in Resources */ = {isa = PBXBuildFile; fileRef = 1C46396C2EC74E2FBE790394 /* Andale Mono.ttf */; };
		D03CEEE101C74000A616EFE1 /* Skia.ttf in Resources */ = {isa = PBXBuildFile; fileRef = 5535FD59202C413ABDB4C2CE /* Skia.ttf */; };
		D57BF86FA6364D7DA1081462 /* MaterialIcons.ttf in Resources */ = {isa = PBXBuildFile; fileRef = 991B7C151FD84AB6845729DC /* MaterialIcons.ttf */; };
		DF0816D8333645868E24637C /* Rubik-Medium.ttf in Resources */ = {isa = PBXBuildFile; fileRef = 1A0889CD5BC54A9AA154860D /* Rubik-Medium.ttf */; };
		E1784ACABA7B48849A87F2BB /* MaterialCommunityIcons.ttf in Resources */ = {isa = PBXBuildFile; fileRef = BFF89643AC6C4B30A8242D1F /* MaterialCommunityIcons.ttf */; };
		E2CEC70C101140E3942C9EA4 /* Roboto.ttf in Resources */ = {isa = PBXBuildFile; fileRef = C744207362194EB38310E231 /* Roboto.ttf */; };
		E73C7C7D0E7F4784A18BADCF /* Georgia.ttf in Resources */ = {isa = PBXBuildFile; fileRef = 546E4D2732F740C488E63F23 /* Georgia.ttf */; };
		EE8E04BC1E557D4B00E6CEBE /* Bolts.framework in Frameworks */ = {isa = PBXBuildFile; fileRef = EE8E04B81E557D4B00E6CEBE /* Bolts.framework */; };
		EE8E04BD1E557D4B00E6CEBE /* FBSDKCoreKit.framework in Frameworks */ = {isa = PBXBuildFile; fileRef = EE8E04B91E557D4B00E6CEBE /* FBSDKCoreKit.framework */; };
		EE8E04BE1E557D4B00E6CEBE /* FBSDKLoginKit.framework in Frameworks */ = {isa = PBXBuildFile; fileRef = EE8E04BA1E557D4B00E6CEBE /* FBSDKLoginKit.framework */; };
		EE8E04BF1E557D4B00E6CEBE /* FBSDKShareKit.framework in Frameworks */ = {isa = PBXBuildFile; fileRef = EE8E04BB1E557D4B00E6CEBE /* FBSDKShareKit.framework */; };
		F27E20766EF1491AACCB4F6D /* SF-UI-Text-Regular.otf in Resources */ = {isa = PBXBuildFile; fileRef = 3CDFF64F3A774CC8B8556824 /* SF-UI-Text-Regular.otf */; };
		F96614623BE448AEA8A6FB20 /* Times New Roman.ttf in Resources */ = {isa = PBXBuildFile; fileRef = 67C161CABA5B4883857E832A /* Times New Roman.ttf */; };
		F97A51124915416AA9127BEA /* Octicons.ttf in Resources */ = {isa = PBXBuildFile; fileRef = 7BE15FD486144EEA9DBCFF19 /* Octicons.ttf */; };
/* End PBXBuildFile section */

/* Begin PBXContainerItemProxy section */
		00C302AB1ABCB8CE00DB3ED1 /* PBXContainerItemProxy */ = {
			isa = PBXContainerItemProxy;
			containerPortal = 00C302A71ABCB8CE00DB3ED1 /* RCTActionSheet.xcodeproj */;
			proxyType = 2;
			remoteGlobalIDString = 134814201AA4EA6300B7C361;
			remoteInfo = RCTActionSheet;
		};
		00C302B91ABCB90400DB3ED1 /* PBXContainerItemProxy */ = {
			isa = PBXContainerItemProxy;
			containerPortal = 00C302B51ABCB90400DB3ED1 /* RCTGeolocation.xcodeproj */;
			proxyType = 2;
			remoteGlobalIDString = 134814201AA4EA6300B7C361;
			remoteInfo = RCTGeolocation;
		};
		00C302BF1ABCB91800DB3ED1 /* PBXContainerItemProxy */ = {
			isa = PBXContainerItemProxy;
			containerPortal = 00C302BB1ABCB91800DB3ED1 /* RCTImage.xcodeproj */;
			proxyType = 2;
			remoteGlobalIDString = 58B5115D1A9E6B3D00147676;
			remoteInfo = RCTImage;
		};
		00C302DB1ABCB9D200DB3ED1 /* PBXContainerItemProxy */ = {
			isa = PBXContainerItemProxy;
			containerPortal = 00C302D31ABCB9D200DB3ED1 /* RCTNetwork.xcodeproj */;
			proxyType = 2;
			remoteGlobalIDString = 58B511DB1A9E6C8500147676;
			remoteInfo = RCTNetwork;
		};
		00C302E31ABCB9EE00DB3ED1 /* PBXContainerItemProxy */ = {
			isa = PBXContainerItemProxy;
			containerPortal = 00C302DF1ABCB9EE00DB3ED1 /* RCTVibration.xcodeproj */;
			proxyType = 2;
			remoteGlobalIDString = 832C81801AAF6DEF007FA2F7;
			remoteInfo = RCTVibration;
		};
		00E356F41AD99517003FC87E /* PBXContainerItemProxy */ = {
			isa = PBXContainerItemProxy;
			containerPortal = 83CBB9F71A601CBA00E9B192 /* Project object */;
			proxyType = 1;
			remoteGlobalIDString = 13B07F861A680F5B00A75B9A;
			remoteInfo = ChallengeAccepted;
		};
		139105C01AF99BAD00B5F7CC /* PBXContainerItemProxy */ = {
			isa = PBXContainerItemProxy;
			containerPortal = 139105B61AF99BAD00B5F7CC /* RCTSettings.xcodeproj */;
			proxyType = 2;
			remoteGlobalIDString = 134814201AA4EA6300B7C361;
			remoteInfo = RCTSettings;
		};
		139FDEF31B06529B00C62182 /* PBXContainerItemProxy */ = {
			isa = PBXContainerItemProxy;
			containerPortal = 139FDEE61B06529A00C62182 /* RCTWebSocket.xcodeproj */;
			proxyType = 2;
			remoteGlobalIDString = 3C86DF461ADF2C930047B81A;
			remoteInfo = RCTWebSocket;
		};
		146834031AC3E56700842450 /* PBXContainerItemProxy */ = {
			isa = PBXContainerItemProxy;
			containerPortal = 146833FF1AC3E56700842450 /* React.xcodeproj */;
			proxyType = 2;
			remoteGlobalIDString = 83CBBA2E1A601D0E00E9B192;
			remoteInfo = React;
		};
		2D02E4911E0B4A5D006451C7 /* PBXContainerItemProxy */ = {
			isa = PBXContainerItemProxy;
			containerPortal = 83CBB9F71A601CBA00E9B192 /* Project object */;
			proxyType = 1;
			remoteGlobalIDString = 2D02E47A1E0B4A5D006451C7;
			remoteInfo = "ChallengeAccepted-tvOS";
		};
		3DAD3E831DF850E9000B6D8A /* PBXContainerItemProxy */ = {
			isa = PBXContainerItemProxy;
			containerPortal = 00C302BB1ABCB91800DB3ED1 /* RCTImage.xcodeproj */;
			proxyType = 2;
			remoteGlobalIDString = 2D2A283A1D9B042B00D4039D;
			remoteInfo = "RCTImage-tvOS";
		};
		3DAD3E871DF850E9000B6D8A /* PBXContainerItemProxy */ = {
			isa = PBXContainerItemProxy;
			containerPortal = 78C398B01ACF4ADC00677621 /* RCTLinking.xcodeproj */;
			proxyType = 2;
			remoteGlobalIDString = 2D2A28471D9B043800D4039D;
			remoteInfo = "RCTLinking-tvOS";
		};
		3DAD3E8B1DF850E9000B6D8A /* PBXContainerItemProxy */ = {
			isa = PBXContainerItemProxy;
			containerPortal = 00C302D31ABCB9D200DB3ED1 /* RCTNetwork.xcodeproj */;
			proxyType = 2;
			remoteGlobalIDString = 2D2A28541D9B044C00D4039D;
			remoteInfo = "RCTNetwork-tvOS";
		};
		3DAD3E8F1DF850E9000B6D8A /* PBXContainerItemProxy */ = {
			isa = PBXContainerItemProxy;
			containerPortal = 139105B61AF99BAD00B5F7CC /* RCTSettings.xcodeproj */;
			proxyType = 2;
			remoteGlobalIDString = 2D2A28611D9B046600D4039D;
			remoteInfo = "RCTSettings-tvOS";
		};
		3DAD3E931DF850E9000B6D8A /* PBXContainerItemProxy */ = {
			isa = PBXContainerItemProxy;
			containerPortal = 832341B01AAA6A8300B99B32 /* RCTText.xcodeproj */;
			proxyType = 2;
			remoteGlobalIDString = 2D2A287B1D9B048500D4039D;
			remoteInfo = "RCTText-tvOS";
		};
		3DAD3E981DF850E9000B6D8A /* PBXContainerItemProxy */ = {
			isa = PBXContainerItemProxy;
			containerPortal = 139FDEE61B06529A00C62182 /* RCTWebSocket.xcodeproj */;
			proxyType = 2;
			remoteGlobalIDString = 2D2A28881D9B049200D4039D;
			remoteInfo = "RCTWebSocket-tvOS";
		};
		3DAD3EA21DF850E9000B6D8A /* PBXContainerItemProxy */ = {
			isa = PBXContainerItemProxy;
			containerPortal = 146833FF1AC3E56700842450 /* React.xcodeproj */;
			proxyType = 2;
			remoteGlobalIDString = 2D2A28131D9B038B00D4039D;
			remoteInfo = "React-tvOS";
		};
		3DAD3EA41DF850E9000B6D8A /* PBXContainerItemProxy */ = {
			isa = PBXContainerItemProxy;
			containerPortal = 146833FF1AC3E56700842450 /* React.xcodeproj */;
			proxyType = 2;
			remoteGlobalIDString = 3D3C059A1DE3340900C268FA;
			remoteInfo = yoga;
		};
		3DAD3EA61DF850E9000B6D8A /* PBXContainerItemProxy */ = {
			isa = PBXContainerItemProxy;
			containerPortal = 146833FF1AC3E56700842450 /* React.xcodeproj */;
			proxyType = 2;
			remoteGlobalIDString = 3D3C06751DE3340C00C268FA;
			remoteInfo = "yoga-tvOS";
		};
		3DAD3EA81DF850E9000B6D8A /* PBXContainerItemProxy */ = {
			isa = PBXContainerItemProxy;
			containerPortal = 146833FF1AC3E56700842450 /* React.xcodeproj */;
			proxyType = 2;
			remoteGlobalIDString = 3D3CD9251DE5FBEC00167DC4;
			remoteInfo = cxxreact;
		};
		3DAD3EAA1DF850E9000B6D8A /* PBXContainerItemProxy */ = {
			isa = PBXContainerItemProxy;
			containerPortal = 146833FF1AC3E56700842450 /* React.xcodeproj */;
			proxyType = 2;
			remoteGlobalIDString = 3D3CD9321DE5FBEE00167DC4;
			remoteInfo = "cxxreact-tvOS";
		};
		3DAD3EAC1DF850E9000B6D8A /* PBXContainerItemProxy */ = {
			isa = PBXContainerItemProxy;
			containerPortal = 146833FF1AC3E56700842450 /* React.xcodeproj */;
			proxyType = 2;
			remoteGlobalIDString = 3D3CD90B1DE5FBD600167DC4;
			remoteInfo = jschelpers;
		};
		3DAD3EAE1DF850E9000B6D8A /* PBXContainerItemProxy */ = {
			isa = PBXContainerItemProxy;
			containerPortal = 146833FF1AC3E56700842450 /* React.xcodeproj */;
			proxyType = 2;
			remoteGlobalIDString = 3D3CD9181DE5FBD800167DC4;
			remoteInfo = "jschelpers-tvOS";
		};
		5E9157321DD0AC6500FF2AA8 /* PBXContainerItemProxy */ = {
			isa = PBXContainerItemProxy;
			containerPortal = 5E91572D1DD0AC6500FF2AA8 /* RCTAnimation.xcodeproj */;
			proxyType = 2;
			remoteGlobalIDString = 134814201AA4EA6300B7C361;
			remoteInfo = RCTAnimation;
		};
		5E9157341DD0AC6500FF2AA8 /* PBXContainerItemProxy */ = {
			isa = PBXContainerItemProxy;
			containerPortal = 5E91572D1DD0AC6500FF2AA8 /* RCTAnimation.xcodeproj */;
			proxyType = 2;
			remoteGlobalIDString = 2D2A28201D9B03D100D4039D;
			remoteInfo = "RCTAnimation-tvOS";
		};
		78C398B81ACF4ADC00677621 /* PBXContainerItemProxy */ = {
			isa = PBXContainerItemProxy;
			containerPortal = 78C398B01ACF4ADC00677621 /* RCTLinking.xcodeproj */;
			proxyType = 2;
			remoteGlobalIDString = 134814201AA4EA6300B7C361;
			remoteInfo = RCTLinking;
		};
		832341B41AAA6A8300B99B32 /* PBXContainerItemProxy */ = {
			isa = PBXContainerItemProxy;
			containerPortal = 832341B01AAA6A8300B99B32 /* RCTText.xcodeproj */;
			proxyType = 2;
			remoteGlobalIDString = 58B5119B1A9E6C1200147676;
			remoteInfo = RCTText;
		};
		EE8E042D1E55770200E6CEBE /* PBXContainerItemProxy */ = {
			isa = PBXContainerItemProxy;
			containerPortal = DF11BED42BEA440B9B00C906 /* RCTCamera.xcodeproj */;
			proxyType = 2;
			remoteGlobalIDString = 4107012F1ACB723B00C6AA39;
			remoteInfo = RCTCamera;
		};
		EE8E04301E55770200E6CEBE /* PBXContainerItemProxy */ = {
			isa = PBXContainerItemProxy;
			containerPortal = 968226675262428C89E35FC1 /* RCTFBSDK.xcodeproj */;
			proxyType = 2;
			remoteGlobalIDString = 9350E0F11CE3B0920041D815;
			remoteInfo = RCTFBSDK;
		};
		EE8E044C1E55770200E6CEBE /* PBXContainerItemProxy */ = {
			isa = PBXContainerItemProxy;
			containerPortal = 80B15F15D696419BA640BA1F /* RNVectorIcons.xcodeproj */;
			proxyType = 2;
			remoteGlobalIDString = 5DBEB1501B18CEA900B34395;
			remoteInfo = RNVectorIcons;
		};
		EE8E048F1E557CD400E6CEBE /* PBXContainerItemProxy */ = {
			isa = PBXContainerItemProxy;
			containerPortal = 3B717EAC415D40CABDE37BFA /* RCTYouTube.xcodeproj */;
			proxyType = 2;
			remoteGlobalIDString = 8BDB9BC91B4289AE00EF9FEF;
			remoteInfo = RCTYouTube;
		};
		EE8E05731E55813100E6CEBE /* PBXContainerItemProxy */ = {
			isa = PBXContainerItemProxy;
			containerPortal = 094D92D5D45544BFB4AA88A8 /* RCTVideo.xcodeproj */;
			proxyType = 2;
			remoteGlobalIDString = 134814201AA4EA6300B7C361;
			remoteInfo = RCTVideo;
		};
/* End PBXContainerItemProxy section */

/* Begin PBXFileReference section */
		008F07F21AC5B25A0029DE68 /* main.jsbundle */ = {isa = PBXFileReference; fileEncoding = 4; lastKnownFileType = text; path = main.jsbundle; sourceTree = "<group>"; };
		00C302A71ABCB8CE00DB3ED1 /* RCTActionSheet.xcodeproj */ = {isa = PBXFileReference; lastKnownFileType = "wrapper.pb-project"; name = RCTActionSheet.xcodeproj; path = "../node_modules/react-native/Libraries/ActionSheetIOS/RCTActionSheet.xcodeproj"; sourceTree = "<group>"; };
		00C302B51ABCB90400DB3ED1 /* RCTGeolocation.xcodeproj */ = {isa = PBXFileReference; lastKnownFileType = "wrapper.pb-project"; name = RCTGeolocation.xcodeproj; path = "../node_modules/react-native/Libraries/Geolocation/RCTGeolocation.xcodeproj"; sourceTree = "<group>"; };
		00C302BB1ABCB91800DB3ED1 /* RCTImage.xcodeproj */ = {isa = PBXFileReference; lastKnownFileType = "wrapper.pb-project"; name = RCTImage.xcodeproj; path = "../node_modules/react-native/Libraries/Image/RCTImage.xcodeproj"; sourceTree = "<group>"; };
		00C302D31ABCB9D200DB3ED1 /* RCTNetwork.xcodeproj */ = {isa = PBXFileReference; lastKnownFileType = "wrapper.pb-project"; name = RCTNetwork.xcodeproj; path = "../node_modules/react-native/Libraries/Network/RCTNetwork.xcodeproj"; sourceTree = "<group>"; };
		00C302DF1ABCB9EE00DB3ED1 /* RCTVibration.xcodeproj */ = {isa = PBXFileReference; lastKnownFileType = "wrapper.pb-project"; name = RCTVibration.xcodeproj; path = "../node_modules/react-native/Libraries/Vibration/RCTVibration.xcodeproj"; sourceTree = "<group>"; };
		00E356EE1AD99517003FC87E /* ChallengeAcceptedTests.xctest */ = {isa = PBXFileReference; explicitFileType = wrapper.cfbundle; includeInIndex = 0; path = ChallengeAcceptedTests.xctest; sourceTree = BUILT_PRODUCTS_DIR; };
		00E356F11AD99517003FC87E /* Info.plist */ = {isa = PBXFileReference; lastKnownFileType = text.plist.xml; path = Info.plist; sourceTree = "<group>"; };
		00E356F21AD99517003FC87E /* ChallengeAcceptedTests.m */ = {isa = PBXFileReference; lastKnownFileType = sourcecode.c.objc; path = ChallengeAcceptedTests.m; sourceTree = "<group>"; };
		02320401FA0449B88122E943 /* SimpleLineIcons.ttf */ = {isa = PBXFileReference; explicitFileType = undefined; fileEncoding = 9; includeInIndex = 0; lastKnownFileType = unknown; name = SimpleLineIcons.ttf; path = "../node_modules/react-native-vector-icons/Fonts/SimpleLineIcons.ttf"; sourceTree = "<group>"; };
		062AB1022E4D45989CC258A5 /* libRCTYouTube.a */ = {isa = PBXFileReference; explicitFileType = undefined; fileEncoding = 9; includeInIndex = 0; lastKnownFileType = archive.ar; path = libRCTYouTube.a; sourceTree = "<group>"; };
		083AB6BC0FB64C029AB9FDBE /* Entypo.ttf */ = {isa = PBXFileReference; explicitFileType = undefined; fileEncoding = 9; includeInIndex = 0; lastKnownFileType = unknown; name = Entypo.ttf; path = "../node_modules/native-base/Fonts/Entypo.ttf"; sourceTree = "<group>"; };
		094D92D5D45544BFB4AA88A8 /* RCTVideo.xcodeproj */ = {isa = PBXFileReference; explicitFileType = undefined; fileEncoding = 9; includeInIndex = 0; lastKnownFileType = "wrapper.pb-project"; name = RCTVideo.xcodeproj; path = "../node_modules/react-native-video/ios/RCTVideo.xcodeproj"; sourceTree = "<group>"; };
		099DAD0D0648493B975EC422 /* FontAwesome.ttf */ = {isa = PBXFileReference; explicitFileType = undefined; fileEncoding = 9; includeInIndex = 0; lastKnownFileType = unknown; name = FontAwesome.ttf; path = "../node_modules/native-base/Fonts/FontAwesome.ttf"; sourceTree = "<group>"; };
		139105B61AF99BAD00B5F7CC /* RCTSettings.xcodeproj */ = {isa = PBXFileReference; lastKnownFileType = "wrapper.pb-project"; name = RCTSettings.xcodeproj; path = "../node_modules/react-native/Libraries/Settings/RCTSettings.xcodeproj"; sourceTree = "<group>"; };
		139FDEE61B06529A00C62182 /* RCTWebSocket.xcodeproj */ = {isa = PBXFileReference; lastKnownFileType = "wrapper.pb-project"; name = RCTWebSocket.xcodeproj; path = "../node_modules/react-native/Libraries/WebSocket/RCTWebSocket.xcodeproj"; sourceTree = "<group>"; };
		13B07F961A680F5B00A75B9A /* ChallengeAccepted.app */ = {isa = PBXFileReference; explicitFileType = wrapper.application; includeInIndex = 0; path = ChallengeAccepted.app; sourceTree = BUILT_PRODUCTS_DIR; };
		13B07FAF1A68108700A75B9A /* AppDelegate.h */ = {isa = PBXFileReference; fileEncoding = 4; lastKnownFileType = sourcecode.c.h; name = AppDelegate.h; path = ChallengeAccepted/AppDelegate.h; sourceTree = "<group>"; };
		13B07FB01A68108700A75B9A /* AppDelegate.m */ = {isa = PBXFileReference; fileEncoding = 4; lastKnownFileType = sourcecode.c.objc; name = AppDelegate.m; path = ChallengeAccepted/AppDelegate.m; sourceTree = "<group>"; };
		13B07FB21A68108700A75B9A /* Base */ = {isa = PBXFileReference; lastKnownFileType = file.xib; name = Base; path = Base.lproj/LaunchScreen.xib; sourceTree = "<group>"; };
		13B07FB51A68108700A75B9A /* Images.xcassets */ = {isa = PBXFileReference; lastKnownFileType = folder.assetcatalog; name = Images.xcassets; path = ChallengeAccepted/Images.xcassets; sourceTree = "<group>"; };
		13B07FB61A68108700A75B9A /* Info.plist */ = {isa = PBXFileReference; fileEncoding = 4; lastKnownFileType = text.plist.xml; name = Info.plist; path = ChallengeAccepted/Info.plist; sourceTree = "<group>"; };
		13B07FB71A68108700A75B9A /* main.m */ = {isa = PBXFileReference; fileEncoding = 4; lastKnownFileType = sourcecode.c.objc; name = main.m; path = ChallengeAccepted/main.m; sourceTree = "<group>"; };
		13F580CEEB664ADCB543AF44 /* Comic Sans MS.ttf */ = {isa = PBXFileReference; explicitFileType = undefined; fileEncoding = 9; includeInIndex = 0; lastKnownFileType = unknown; name = "Comic Sans MS.ttf"; path = "../node_modules/native-base/Fonts/Comic Sans MS.ttf"; sourceTree = "<group>"; };
		146833FF1AC3E56700842450 /* React.xcodeproj */ = {isa = PBXFileReference; lastKnownFileType = "wrapper.pb-project"; name = React.xcodeproj; path = "../node_modules/react-native/React/React.xcodeproj"; sourceTree = "<group>"; };
		15480616CD8C45918929319D /* libRCTCamera.a */ = {isa = PBXFileReference; explicitFileType = undefined; fileEncoding = 9; includeInIndex = 0; lastKnownFileType = archive.ar; path = libRCTCamera.a; sourceTree = "<group>"; };
		1A0889CD5BC54A9AA154860D /* Rubik-Medium.ttf */ = {isa = PBXFileReference; explicitFileType = undefined; fileEncoding = 9; includeInIndex = 0; lastKnownFileType = unknown; name = "Rubik-Medium.ttf"; path = "../node_modules/native-base/Fonts/Rubik-Medium.ttf"; sourceTree = "<group>"; };
		1C46396C2EC74E2FBE790394 /* Andale Mono.ttf */ = {isa = PBXFileReference; explicitFileType = undefined; fileEncoding = 9; includeInIndex = 0; lastKnownFileType = unknown; name = "Andale Mono.ttf"; path = "../node_modules/native-base/Fonts/Andale Mono.ttf"; sourceTree = "<group>"; };
		1C7DD0965E894F33B1257C85 /* Foundation.ttf */ = {isa = PBXFileReference; explicitFileType = undefined; fileEncoding = 9; includeInIndex = 0; lastKnownFileType = unknown; name = Foundation.ttf; path = "../node_modules/react-native-vector-icons/Fonts/Foundation.ttf"; sourceTree = "<group>"; };
		26A153F074B14735BFE1D3FB /* Zocial.ttf */ = {isa = PBXFileReference; explicitFileType = undefined; fileEncoding = 9; includeInIndex = 0; lastKnownFileType = unknown; name = Zocial.ttf; path = "../node_modules/native-base/Fonts/Zocial.ttf"; sourceTree = "<group>"; };
		26C32E208A964C77A17F1676 /* Entypo.ttf */ = {isa = PBXFileReference; explicitFileType = undefined; fileEncoding = 9; includeInIndex = 0; lastKnownFileType = unknown; name = Entypo.ttf; path = "../node_modules/react-native-vector-icons/Fonts/Entypo.ttf"; sourceTree = "<group>"; };
		2D02E47B1E0B4A5D006451C7 /* ChallengeAccepted-tvOS.app */ = {isa = PBXFileReference; explicitFileType = wrapper.application; includeInIndex = 0; path = "ChallengeAccepted-tvOS.app"; sourceTree = BUILT_PRODUCTS_DIR; };
		2D02E4901E0B4A5D006451C7 /* ChallengeAccepted-tvOSTests.xctest */ = {isa = PBXFileReference; explicitFileType = wrapper.cfbundle; includeInIndex = 0; path = "ChallengeAccepted-tvOSTests.xctest"; sourceTree = BUILT_PRODUCTS_DIR; };
		2F69BF84A1EA4FF9A77825F2 /* Arial.ttf */ = {isa = PBXFileReference; explicitFileType = undefined; fileEncoding = 9; includeInIndex = 0; lastKnownFileType = unknown; name = Arial.ttf; path = "../node_modules/native-base/Fonts/Arial.ttf"; sourceTree = "<group>"; };
		338B74BF351F4F6B8B97E3A5 /* Roboto_medium.ttf */ = {isa = PBXFileReference; explicitFileType = undefined; fileEncoding = 9; includeInIndex = 0; lastKnownFileType = unknown; name = Roboto_medium.ttf; path = "../node_modules/native-base/Fonts/Roboto_medium.ttf"; sourceTree = "<group>"; };
		3764CAA0A9EF4BBBB4A8C1F1 /* Courier New.ttf */ = {isa = PBXFileReference; explicitFileType = undefined; fileEncoding = 9; includeInIndex = 0; lastKnownFileType = unknown; name = "Courier New.ttf"; path = "../node_modules/native-base/Fonts/Courier New.ttf"; sourceTree = "<group>"; };
		3B717EAC415D40CABDE37BFA /* RCTYouTube.xcodeproj */ = {isa = PBXFileReference; explicitFileType = undefined; fileEncoding = 9; includeInIndex = 0; lastKnownFileType = "wrapper.pb-project"; name = RCTYouTube.xcodeproj; path = "../node_modules/react-native-youtube-fork/RCTYouTube.xcodeproj"; sourceTree = "<group>"; };
		3CDFF64F3A774CC8B8556824 /* SF-UI-Text-Regular.otf */ = {isa = PBXFileReference; explicitFileType = undefined; fileEncoding = 9; includeInIndex = 0; lastKnownFileType = unknown; name = "SF-UI-Text-Regular.otf"; path = "../node_modules/native-base/Fonts/SF-UI-Text-Regular.otf"; sourceTree = "<group>"; };
		473BBFBA57124541AE1A231A /* Rubik-MediumItalic.ttf */ = {isa = PBXFileReference; explicitFileType = undefined; fileEncoding = 9; includeInIndex = 0; lastKnownFileType = unknown; name = "Rubik-MediumItalic.ttf"; path = "../node_modules/native-base/Fonts/Rubik-MediumItalic.ttf"; sourceTree = "<group>"; };
		4AAAAD02003C47F79D238DF1 /* YTPlayerView-iframe-player.html */ = {isa = PBXFileReference; explicitFileType = undefined; fileEncoding = 9; includeInIndex = 0; lastKnownFileType = unknown; name = "YTPlayerView-iframe-player.html"; path = "../node_modules/react-native-youtube-fork/assets/YTPlayerView-iframe-player.html"; sourceTree = "<group>"; };
		4DC8064AA9EF46D6962094BE /* Rubik-BlackItalic.ttf */ = {isa = PBXFileReference; explicitFileType = undefined; fileEncoding = 9; includeInIndex = 0; lastKnownFileType = unknown; name = "Rubik-BlackItalic.ttf"; path = "../node_modules/native-base/Fonts/Rubik-BlackItalic.ttf"; sourceTree = "<group>"; };
		5439FB24C0BB49B7A8FBF8A2 /* SanFranciscoThin.ttf */ = {isa = PBXFileReference; explicitFileType = undefined; fileEncoding = 9; includeInIndex = 0; lastKnownFileType = unknown; name = SanFranciscoThin.ttf; path = "../node_modules/native-base/Fonts/SanFranciscoThin.ttf"; sourceTree = "<group>"; };
		546E4D2732F740C488E63F23 /* Georgia.ttf */ = {isa = PBXFileReference; explicitFileType = undefined; fileEncoding = 9; includeInIndex = 0; lastKnownFileType = unknown; name = Georgia.ttf; path = "../node_modules/native-base/Fonts/Georgia.ttf"; sourceTree = "<group>"; };
		5535FD59202C413ABDB4C2CE /* Skia.ttf */ = {isa = PBXFileReference; explicitFileType = undefined; fileEncoding = 9; includeInIndex = 0; lastKnownFileType = unknown; name = Skia.ttf; path = "../node_modules/native-base/Fonts/Skia.ttf"; sourceTree = "<group>"; };
		58207889446B4E6C93CED72D /* libRCTVideo.a */ = {isa = PBXFileReference; explicitFileType = undefined; fileEncoding = 9; includeInIndex = 0; lastKnownFileType = archive.ar; path = libRCTVideo.a; sourceTree = "<group>"; };
		5DF6B999622441FE98C83CB7 /* Rubik-LightItalic.ttf */ = {isa = PBXFileReference; explicitFileType = undefined; fileEncoding = 9; includeInIndex = 0; lastKnownFileType = unknown; name = "Rubik-LightItalic.ttf"; path = "../node_modules/native-base/Fonts/Rubik-LightItalic.ttf"; sourceTree = "<group>"; };
		5E91572D1DD0AC6500FF2AA8 /* RCTAnimation.xcodeproj */ = {isa = PBXFileReference; lastKnownFileType = "wrapper.pb-project"; name = RCTAnimation.xcodeproj; path = "../node_modules/react-native/Libraries/NativeAnimation/RCTAnimation.xcodeproj"; sourceTree = "<group>"; };
		608A2844E872487EB7EE121E /* OFL.txt */ = {isa = PBXFileReference; explicitFileType = undefined; fileEncoding = 9; includeInIndex = 0; lastKnownFileType = unknown; name = OFL.txt; path = "../node_modules/native-base/Fonts/OFL.txt"; sourceTree = "<group>"; };
		6219E380B7D74605A3376630 /* rubicon-icon-font.ttf */ = {isa = PBXFileReference; explicitFileType = undefined; fileEncoding = 9; includeInIndex = 0; lastKnownFileType = unknown; name = "rubicon-icon-font.ttf"; path = "../node_modules/native-base/Fonts/rubicon-icon-font.ttf"; sourceTree = "<group>"; };
		642FB69A343B4627B7EEAF9F /* libRCTFBSDK.a */ = {isa = PBXFileReference; explicitFileType = undefined; fileEncoding = 9; includeInIndex = 0; lastKnownFileType = archive.ar; path = libRCTFBSDK.a; sourceTree = "<group>"; };
		67C161CABA5B4883857E832A /* Times New Roman.ttf */ = {isa = PBXFileReference; explicitFileType = undefined; fileEncoding = 9; includeInIndex = 0; lastKnownFileType = unknown; name = "Times New Roman.ttf"; path = "../node_modules/native-base/Fonts/Times New Roman.ttf"; sourceTree = "<group>"; };
		698C83FD384949199A4831C6 /* Rubik-Bold.ttf */ = {isa = PBXFileReference; explicitFileType = undefined; fileEncoding = 9; includeInIndex = 0; lastKnownFileType = unknown; name = "Rubik-Bold.ttf"; path = "../node_modules/native-base/Fonts/Rubik-Bold.ttf"; sourceTree = "<group>"; };
		78C398B01ACF4ADC00677621 /* RCTLinking.xcodeproj */ = {isa = PBXFileReference; lastKnownFileType = "wrapper.pb-project"; name = RCTLinking.xcodeproj; path = "../node_modules/react-native/Libraries/LinkingIOS/RCTLinking.xcodeproj"; sourceTree = "<group>"; };
		7AD6D20A4BAB43D3B59B8BE3 /* Arial Black.ttf */ = {isa = PBXFileReference; explicitFileType = undefined; fileEncoding = 9; includeInIndex = 0; lastKnownFileType = unknown; name = "Arial Black.ttf"; path = "../node_modules/native-base/Fonts/Arial Black.ttf"; sourceTree = "<group>"; };
		7B54674A6ABF4B76B2438CF3 /* EvilIcons.ttf */ = {isa = PBXFileReference; explicitFileType = undefined; fileEncoding = 9; includeInIndex = 0; lastKnownFileType = unknown; name = EvilIcons.ttf; path = "../node_modules/native-base/Fonts/EvilIcons.ttf"; sourceTree = "<group>"; };
		7BE15FD486144EEA9DBCFF19 /* Octicons.ttf */ = {isa = PBXFileReference; explicitFileType = undefined; fileEncoding = 9; includeInIndex = 0; lastKnownFileType = unknown; name = Octicons.ttf; path = "../node_modules/native-base/Fonts/Octicons.ttf"; sourceTree = "<group>"; };
		80B15F15D696419BA640BA1F /* RNVectorIcons.xcodeproj */ = {isa = PBXFileReference; explicitFileType = undefined; fileEncoding = 9; includeInIndex = 0; lastKnownFileType = "wrapper.pb-project"; name = RNVectorIcons.xcodeproj; path = "../node_modules/react-native-vector-icons/RNVectorIcons.xcodeproj"; sourceTree = "<group>"; };
		832341B01AAA6A8300B99B32 /* RCTText.xcodeproj */ = {isa = PBXFileReference; lastKnownFileType = "wrapper.pb-project"; name = RCTText.xcodeproj; path = "../node_modules/react-native/Libraries/Text/RCTText.xcodeproj"; sourceTree = "<group>"; };
		8924E612F54C48D9B8A7C417 /* EvilIcons.ttf */ = {isa = PBXFileReference; explicitFileType = undefined; fileEncoding = 9; includeInIndex = 0; lastKnownFileType = unknown; name = EvilIcons.ttf; path = "../node_modules/react-native-vector-icons/Fonts/EvilIcons.ttf"; sourceTree = "<group>"; };
		905E1BAEAC6B4727B2E0FDF4 /* FontAwesome.ttf */ = {isa = PBXFileReference; explicitFileType = undefined; fileEncoding = 9; includeInIndex = 0; lastKnownFileType = unknown; name = FontAwesome.ttf; path = "../node_modules/react-native-vector-icons/Fonts/FontAwesome.ttf"; sourceTree = "<group>"; };
		936108A0FCED4299A1B2F71F /* Rubik-Black.ttf */ = {isa = PBXFileReference; explicitFileType = undefined; fileEncoding = 9; includeInIndex = 0; lastKnownFileType = unknown; name = "Rubik-Black.ttf"; path = "../node_modules/native-base/Fonts/Rubik-Black.ttf"; sourceTree = "<group>"; };
		968226675262428C89E35FC1 /* RCTFBSDK.xcodeproj */ = {isa = PBXFileReference; explicitFileType = undefined; fileEncoding = 9; includeInIndex = 0; lastKnownFileType = "wrapper.pb-project"; name = RCTFBSDK.xcodeproj; path = "../node_modules/react-native-fbsdk/ios/RCTFBSDK.xcodeproj"; sourceTree = "<group>"; };
		991B7C151FD84AB6845729DC /* MaterialIcons.ttf */ = {isa = PBXFileReference; explicitFileType = undefined; fileEncoding = 9; includeInIndex = 0; lastKnownFileType = unknown; name = MaterialIcons.ttf; path = "../node_modules/native-base/Fonts/MaterialIcons.ttf"; sourceTree = "<group>"; };
		993FAAB44D634544B7F7956E /* libRNVectorIcons.a */ = {isa = PBXFileReference; explicitFileType = undefined; fileEncoding = 9; includeInIndex = 0; lastKnownFileType = archive.ar; path = libRNVectorIcons.a; sourceTree = "<group>"; };
		9F70C52AD35E400A91BA901A /* Octicons.ttf */ = {isa = PBXFileReference; explicitFileType = undefined; fileEncoding = 9; includeInIndex = 0; lastKnownFileType = unknown; name = Octicons.ttf; path = "../node_modules/react-native-vector-icons/Fonts/Octicons.ttf"; sourceTree = "<group>"; };
		A24777439D664A6581E6B7E2 /* Ionicons.ttf */ = {isa = PBXFileReference; explicitFileType = undefined; fileEncoding = 9; includeInIndex = 0; lastKnownFileType = unknown; name = Ionicons.ttf; path = "../node_modules/react-native-vector-icons/Fonts/Ionicons.ttf"; sourceTree = "<group>"; };
		AA227BAA3A164FD197F564A0 /* Rubik-BoldItalic.ttf */ = {isa = PBXFileReference; explicitFileType = undefined; fileEncoding = 9; includeInIndex = 0; lastKnownFileType = unknown; name = "Rubik-BoldItalic.ttf"; path = "../node_modules/native-base/Fonts/Rubik-BoldItalic.ttf"; sourceTree = "<group>"; };
		BFF89643AC6C4B30A8242D1F /* MaterialCommunityIcons.ttf */ = {isa = PBXFileReference; explicitFileType = undefined; fileEncoding = 9; includeInIndex = 0; lastKnownFileType = unknown; name = MaterialCommunityIcons.ttf; path = "../node_modules/react-native-vector-icons/Fonts/MaterialCommunityIcons.ttf"; sourceTree = "<group>"; };
		C744207362194EB38310E231 /* Roboto.ttf */ = {isa = PBXFileReference; explicitFileType = undefined; fileEncoding = 9; includeInIndex = 0; lastKnownFileType = unknown; name = Roboto.ttf; path = "../node_modules/native-base/Fonts/Roboto.ttf"; sourceTree = "<group>"; };
		CB76E89D9D534E25BD4FDF0B /* Foundation.ttf */ = {isa = PBXFileReference; explicitFileType = undefined; fileEncoding = 9; includeInIndex = 0; lastKnownFileType = unknown; name = Foundation.ttf; path = "../node_modules/native-base/Fonts/Foundation.ttf"; sourceTree = "<group>"; };
		CE8B6DAC5632409DADA35F45 /* SanFranciscoBold.ttf */ = {isa = PBXFileReference; explicitFileType = undefined; fileEncoding = 9; includeInIndex = 0; lastKnownFileType = unknown; name = SanFranciscoBold.ttf; path = "../node_modules/native-base/Fonts/SanFranciscoBold.ttf"; sourceTree = "<group>"; };
		D74B81370BB94042BA2BB132 /* Zocial.ttf */ = {isa = PBXFileReference; explicitFileType = undefined; fileEncoding = 9; includeInIndex = 0; lastKnownFileType = unknown; name = Zocial.ttf; path = "../node_modules/react-native-vector-icons/Fonts/Zocial.ttf"; sourceTree = "<group>"; };
		DF11BED42BEA440B9B00C906 /* RCTCamera.xcodeproj */ = {isa = PBXFileReference; explicitFileType = undefined; fileEncoding = 9; includeInIndex = 0; lastKnownFileType = "wrapper.pb-project"; name = RCTCamera.xcodeproj; path = "../node_modules/react-native-camera/ios/RCTCamera.xcodeproj"; sourceTree = "<group>"; };
		DF5D988CC9444630BBCC8E68 /* Rubik-Light.ttf */ = {isa = PBXFileReference; explicitFileType = undefined; fileEncoding = 9; includeInIndex = 0; lastKnownFileType = unknown; name = "Rubik-Light.ttf"; path = "../node_modules/native-base/Fonts/Rubik-Light.ttf"; sourceTree = "<group>"; };
		E2E452F6330C4D43B84194CB /* SanFrancisco.ttf */ = {isa = PBXFileReference; explicitFileType = undefined; fileEncoding = 9; includeInIndex = 0; lastKnownFileType = unknown; name = SanFrancisco.ttf; path = "../node_modules/native-base/Fonts/SanFrancisco.ttf"; sourceTree = "<group>"; };
		EB054DB9453947BA8DA95A76 /* Rubik-Regular.ttf */ = {isa = PBXFileReference; explicitFileType = undefined; fileEncoding = 9; includeInIndex = 0; lastKnownFileType = unknown; name = "Rubik-Regular.ttf"; path = "../node_modules/native-base/Fonts/Rubik-Regular.ttf"; sourceTree = "<group>"; };
		EBD15E8DF9634470AE728D45 /* Microsoft Sans Serif.ttf */ = {isa = PBXFileReference; explicitFileType = undefined; fileEncoding = 9; includeInIndex = 0; lastKnownFileType = unknown; name = "Microsoft Sans Serif.ttf"; path = "../node_modules/native-base/Fonts/Microsoft Sans Serif.ttf"; sourceTree = "<group>"; };
		EC980C8D789B42078D154941 /* Rubik-Italic.ttf */ = {isa = PBXFileReference; explicitFileType = undefined; fileEncoding = 9; includeInIndex = 0; lastKnownFileType = unknown; name = "Rubik-Italic.ttf"; path = "../node_modules/native-base/Fonts/Rubik-Italic.ttf"; sourceTree = "<group>"; };
		EE8E04B81E557D4B00E6CEBE /* Bolts.framework */ = {isa = PBXFileReference; lastKnownFileType = wrapper.framework; name = Bolts.framework; path = ../../../../Documents/FacebookSDK/Bolts.framework; sourceTree = "<group>"; };
		EE8E04B91E557D4B00E6CEBE /* FBSDKCoreKit.framework */ = {isa = PBXFileReference; lastKnownFileType = wrapper.framework; name = FBSDKCoreKit.framework; path = ../../../../Documents/FacebookSDK/FBSDKCoreKit.framework; sourceTree = "<group>"; };
		EE8E04BA1E557D4B00E6CEBE /* FBSDKLoginKit.framework */ = {isa = PBXFileReference; lastKnownFileType = wrapper.framework; name = FBSDKLoginKit.framework; path = ../../../../Documents/FacebookSDK/FBSDKLoginKit.framework; sourceTree = "<group>"; };
		EE8E04BB1E557D4B00E6CEBE /* FBSDKShareKit.framework */ = {isa = PBXFileReference; lastKnownFileType = wrapper.framework; name = FBSDKShareKit.framework; path = ../../../../Documents/FacebookSDK/FBSDKShareKit.framework; sourceTree = "<group>"; };
		EE8E05811E55859000E6CEBE /* ChallengeAccepted.entitlements */ = {isa = PBXFileReference; lastKnownFileType = text.plist.entitlements; name = ChallengeAccepted.entitlements; path = ChallengeAccepted/ChallengeAccepted.entitlements; sourceTree = "<group>"; };
		F061CBA857A7463695D53F5C /* Ionicons.ttf */ = {isa = PBXFileReference; explicitFileType = undefined; fileEncoding = 9; includeInIndex = 0; lastKnownFileType = unknown; name = Ionicons.ttf; path = "../node_modules/native-base/Fonts/Ionicons.ttf"; sourceTree = "<group>"; };
		F59B6D2ABB374BBCB343FC41 /* MaterialIcons.ttf */ = {isa = PBXFileReference; explicitFileType = undefined; fileEncoding = 9; includeInIndex = 0; lastKnownFileType = unknown; name = MaterialIcons.ttf; path = "../node_modules/react-native-vector-icons/Fonts/MaterialIcons.ttf"; sourceTree = "<group>"; };
/* End PBXFileReference section */

/* Begin PBXFrameworksBuildPhase section */
		00E356EB1AD99517003FC87E /* Frameworks */ = {
			isa = PBXFrameworksBuildPhase;
			buildActionMask = 2147483647;
			files = (
				140ED2AC1D01E1AD002B40FF /* libReact.a in Frameworks */,
			);
			runOnlyForDeploymentPostprocessing = 0;
		};
		13B07F8C1A680F5B00A75B9A /* Frameworks */ = {
			isa = PBXFrameworksBuildPhase;
			buildActionMask = 2147483647;
			files = (
				146834051AC3E58100842450 /* libReact.a in Frameworks */,
				5E9157361DD0AC6A00FF2AA8 /* libRCTAnimation.a in Frameworks */,
				EE8E04BE1E557D4B00E6CEBE /* FBSDKLoginKit.framework in Frameworks */,
				EE8E04BD1E557D4B00E6CEBE /* FBSDKCoreKit.framework in Frameworks */,
				00C302E51ABCBA2D00DB3ED1 /* libRCTActionSheet.a in Frameworks */,
				00C302E71ABCBA2D00DB3ED1 /* libRCTGeolocation.a in Frameworks */,
				00C302E81ABCBA2D00DB3ED1 /* libRCTImage.a in Frameworks */,
				133E29F31AD74F7200F7D852 /* libRCTLinking.a in Frameworks */,
				00C302E91ABCBA2D00DB3ED1 /* libRCTNetwork.a in Frameworks */,
				139105C61AF99C1200B5F7CC /* libRCTSettings.a in Frameworks */,
				832341BD1AAA6AB300B99B32 /* libRCTText.a in Frameworks */,
				00C302EA1ABCBA2D00DB3ED1 /* libRCTVibration.a in Frameworks */,
				EE8E04BF1E557D4B00E6CEBE /* FBSDKShareKit.framework in Frameworks */,
				139FDEF61B0652A700C62182 /* libRCTWebSocket.a in Frameworks */,
				60267C28E1F5430E8CB295F6 /* libRCTCamera.a in Frameworks */,
				353AC458CBE94ED9944CBEC8 /* libRCTFBSDK.a in Frameworks */,
				0F3314376CFE4990917FCB71 /* libRNVectorIcons.a in Frameworks */,
				2673630A066F447590DA9247 /* libRCTYouTube.a in Frameworks */,
				EE8E04BC1E557D4B00E6CEBE /* Bolts.framework in Frameworks */,
				5B31E2E93780420A9BDA241A /* libRCTVideo.a in Frameworks */,
			);
			runOnlyForDeploymentPostprocessing = 0;
		};
		2D02E4781E0B4A5D006451C7 /* Frameworks */ = {
			isa = PBXFrameworksBuildPhase;
			buildActionMask = 2147483647;
			files = (
				2D02E4C91E0B4AEC006451C7 /* libReact.a in Frameworks */,
				2D02E4C21E0B4AEC006451C7 /* libRCTAnimation-tvOS.a in Frameworks */,
				2D02E4C31E0B4AEC006451C7 /* libRCTImage-tvOS.a in Frameworks */,
				2D02E4C41E0B4AEC006451C7 /* libRCTLinking-tvOS.a in Frameworks */,
				2D02E4C51E0B4AEC006451C7 /* libRCTNetwork-tvOS.a in Frameworks */,
				2D02E4C61E0B4AEC006451C7 /* libRCTSettings-tvOS.a in Frameworks */,
				2D02E4C71E0B4AEC006451C7 /* libRCTText-tvOS.a in Frameworks */,
				2D02E4C81E0B4AEC006451C7 /* libRCTWebSocket-tvOS.a in Frameworks */,
			);
			runOnlyForDeploymentPostprocessing = 0;
		};
		2D02E48D1E0B4A5D006451C7 /* Frameworks */ = {
			isa = PBXFrameworksBuildPhase;
			buildActionMask = 2147483647;
			files = (
			);
			runOnlyForDeploymentPostprocessing = 0;
		};
/* End PBXFrameworksBuildPhase section */

/* Begin PBXGroup section */
		00C302A81ABCB8CE00DB3ED1 /* Products */ = {
			isa = PBXGroup;
			children = (
				00C302AC1ABCB8CE00DB3ED1 /* libRCTActionSheet.a */,
			);
			name = Products;
			sourceTree = "<group>";
		};
		00C302B61ABCB90400DB3ED1 /* Products */ = {
			isa = PBXGroup;
			children = (
				00C302BA1ABCB90400DB3ED1 /* libRCTGeolocation.a */,
			);
			name = Products;
			sourceTree = "<group>";
		};
		00C302BC1ABCB91800DB3ED1 /* Products */ = {
			isa = PBXGroup;
			children = (
				00C302C01ABCB91800DB3ED1 /* libRCTImage.a */,
				3DAD3E841DF850E9000B6D8A /* libRCTImage-tvOS.a */,
			);
			name = Products;
			sourceTree = "<group>";
		};
		00C302D41ABCB9D200DB3ED1 /* Products */ = {
			isa = PBXGroup;
			children = (
				00C302DC1ABCB9D200DB3ED1 /* libRCTNetwork.a */,
				3DAD3E8C1DF850E9000B6D8A /* libRCTNetwork-tvOS.a */,
			);
			name = Products;
			sourceTree = "<group>";
		};
		00C302E01ABCB9EE00DB3ED1 /* Products */ = {
			isa = PBXGroup;
			children = (
				00C302E41ABCB9EE00DB3ED1 /* libRCTVibration.a */,
			);
			name = Products;
			sourceTree = "<group>";
		};
		00E356EF1AD99517003FC87E /* ChallengeAcceptedTests */ = {
			isa = PBXGroup;
			children = (
				00E356F21AD99517003FC87E /* ChallengeAcceptedTests.m */,
				00E356F01AD99517003FC87E /* Supporting Files */,
			);
			path = ChallengeAcceptedTests;
			sourceTree = "<group>";
		};
		00E356F01AD99517003FC87E /* Supporting Files */ = {
			isa = PBXGroup;
			children = (
				00E356F11AD99517003FC87E /* Info.plist */,
			);
			name = "Supporting Files";
			sourceTree = "<group>";
		};
		139105B71AF99BAD00B5F7CC /* Products */ = {
			isa = PBXGroup;
			children = (
				139105C11AF99BAD00B5F7CC /* libRCTSettings.a */,
				3DAD3E901DF850E9000B6D8A /* libRCTSettings-tvOS.a */,
			);
			name = Products;
			sourceTree = "<group>";
		};
		139FDEE71B06529A00C62182 /* Products */ = {
			isa = PBXGroup;
			children = (
				139FDEF41B06529B00C62182 /* libRCTWebSocket.a */,
				3DAD3E991DF850E9000B6D8A /* libRCTWebSocket-tvOS.a */,
			);
			name = Products;
			sourceTree = "<group>";
		};
		13B07FAE1A68108700A75B9A /* ChallengeAccepted */ = {
			isa = PBXGroup;
			children = (
				EE8E05811E55859000E6CEBE /* ChallengeAccepted.entitlements */,
				008F07F21AC5B25A0029DE68 /* main.jsbundle */,
				13B07FAF1A68108700A75B9A /* AppDelegate.h */,
				13B07FB01A68108700A75B9A /* AppDelegate.m */,
				13B07FB51A68108700A75B9A /* Images.xcassets */,
				13B07FB61A68108700A75B9A /* Info.plist */,
				13B07FB11A68108700A75B9A /* LaunchScreen.xib */,
				13B07FB71A68108700A75B9A /* main.m */,
			);
			name = ChallengeAccepted;
			sourceTree = "<group>";
		};
		146834001AC3E56700842450 /* Products */ = {
			isa = PBXGroup;
			children = (
				146834041AC3E56700842450 /* libReact.a */,
				3DAD3EA31DF850E9000B6D8A /* libReact.a */,
				3DAD3EA51DF850E9000B6D8A /* libyoga.a */,
				3DAD3EA71DF850E9000B6D8A /* libyoga.a */,
				3DAD3EA91DF850E9000B6D8A /* libcxxreact.a */,
				3DAD3EAB1DF850E9000B6D8A /* libcxxreact.a */,
				3DAD3EAD1DF850E9000B6D8A /* libjschelpers.a */,
				3DAD3EAF1DF850E9000B6D8A /* libjschelpers.a */,
			);
			name = Products;
			sourceTree = "<group>";
		};
		5E91572E1DD0AC6500FF2AA8 /* Products */ = {
			isa = PBXGroup;
			children = (
				5E9157331DD0AC6500FF2AA8 /* libRCTAnimation.a */,
				5E9157351DD0AC6500FF2AA8 /* libRCTAnimation-tvOS.a */,
			);
			name = Products;
			sourceTree = "<group>";
		};
		5F82098AC7674C4CA09DF2CF /* Resources */ = {
			isa = PBXGroup;
			children = (
				1C46396C2EC74E2FBE790394 /* Andale Mono.ttf */,
				7AD6D20A4BAB43D3B59B8BE3 /* Arial Black.ttf */,
				2F69BF84A1EA4FF9A77825F2 /* Arial.ttf */,
				13F580CEEB664ADCB543AF44 /* Comic Sans MS.ttf */,
				3764CAA0A9EF4BBBB4A8C1F1 /* Courier New.ttf */,
				083AB6BC0FB64C029AB9FDBE /* Entypo.ttf */,
				7B54674A6ABF4B76B2438CF3 /* EvilIcons.ttf */,
				099DAD0D0648493B975EC422 /* FontAwesome.ttf */,
				CB76E89D9D534E25BD4FDF0B /* Foundation.ttf */,
				546E4D2732F740C488E63F23 /* Georgia.ttf */,
				F061CBA857A7463695D53F5C /* Ionicons.ttf */,
				991B7C151FD84AB6845729DC /* MaterialIcons.ttf */,
				EBD15E8DF9634470AE728D45 /* Microsoft Sans Serif.ttf */,
				7BE15FD486144EEA9DBCFF19 /* Octicons.ttf */,
				338B74BF351F4F6B8B97E3A5 /* Roboto_medium.ttf */,
				C744207362194EB38310E231 /* Roboto.ttf */,
				6219E380B7D74605A3376630 /* rubicon-icon-font.ttf */,
				936108A0FCED4299A1B2F71F /* Rubik-Black.ttf */,
				4DC8064AA9EF46D6962094BE /* Rubik-BlackItalic.ttf */,
				698C83FD384949199A4831C6 /* Rubik-Bold.ttf */,
				AA227BAA3A164FD197F564A0 /* Rubik-BoldItalic.ttf */,
				EC980C8D789B42078D154941 /* Rubik-Italic.ttf */,
				DF5D988CC9444630BBCC8E68 /* Rubik-Light.ttf */,
				5DF6B999622441FE98C83CB7 /* Rubik-LightItalic.ttf */,
				1A0889CD5BC54A9AA154860D /* Rubik-Medium.ttf */,
				473BBFBA57124541AE1A231A /* Rubik-MediumItalic.ttf */,
				EB054DB9453947BA8DA95A76 /* Rubik-Regular.ttf */,
				E2E452F6330C4D43B84194CB /* SanFrancisco.ttf */,
				CE8B6DAC5632409DADA35F45 /* SanFranciscoBold.ttf */,
				5439FB24C0BB49B7A8FBF8A2 /* SanFranciscoThin.ttf */,
				3CDFF64F3A774CC8B8556824 /* SF-UI-Text-Regular.otf */,
				5535FD59202C413ABDB4C2CE /* Skia.ttf */,
				67C161CABA5B4883857E832A /* Times New Roman.ttf */,
				26A153F074B14735BFE1D3FB /* Zocial.ttf */,
				26C32E208A964C77A17F1676 /* Entypo.ttf */,
				8924E612F54C48D9B8A7C417 /* EvilIcons.ttf */,
				905E1BAEAC6B4727B2E0FDF4 /* FontAwesome.ttf */,
				1C7DD0965E894F33B1257C85 /* Foundation.ttf */,
				A24777439D664A6581E6B7E2 /* Ionicons.ttf */,
				BFF89643AC6C4B30A8242D1F /* MaterialCommunityIcons.ttf */,
				F59B6D2ABB374BBCB343FC41 /* MaterialIcons.ttf */,
				9F70C52AD35E400A91BA901A /* Octicons.ttf */,
				02320401FA0449B88122E943 /* SimpleLineIcons.ttf */,
				D74B81370BB94042BA2BB132 /* Zocial.ttf */,
				608A2844E872487EB7EE121E /* OFL.txt */,
				4AAAAD02003C47F79D238DF1 /* YTPlayerView-iframe-player.html */,
			);
			name = Resources;
			sourceTree = "<group>";
		};
		78C398B11ACF4ADC00677621 /* Products */ = {
			isa = PBXGroup;
			children = (
				78C398B91ACF4ADC00677621 /* libRCTLinking.a */,
				3DAD3E881DF850E9000B6D8A /* libRCTLinking-tvOS.a */,
			);
			name = Products;
			sourceTree = "<group>";
		};
		832341AE1AAA6A7D00B99B32 /* Libraries */ = {
			isa = PBXGroup;
			children = (
				EE8E04B81E557D4B00E6CEBE /* Bolts.framework */,
				EE8E04B91E557D4B00E6CEBE /* FBSDKCoreKit.framework */,
				EE8E04BA1E557D4B00E6CEBE /* FBSDKLoginKit.framework */,
				EE8E04BB1E557D4B00E6CEBE /* FBSDKShareKit.framework */,
				5E91572D1DD0AC6500FF2AA8 /* RCTAnimation.xcodeproj */,
				146833FF1AC3E56700842450 /* React.xcodeproj */,
				00C302A71ABCB8CE00DB3ED1 /* RCTActionSheet.xcodeproj */,
				00C302B51ABCB90400DB3ED1 /* RCTGeolocation.xcodeproj */,
				00C302BB1ABCB91800DB3ED1 /* RCTImage.xcodeproj */,
				78C398B01ACF4ADC00677621 /* RCTLinking.xcodeproj */,
				00C302D31ABCB9D200DB3ED1 /* RCTNetwork.xcodeproj */,
				139105B61AF99BAD00B5F7CC /* RCTSettings.xcodeproj */,
				832341B01AAA6A8300B99B32 /* RCTText.xcodeproj */,
				00C302DF1ABCB9EE00DB3ED1 /* RCTVibration.xcodeproj */,
				139FDEE61B06529A00C62182 /* RCTWebSocket.xcodeproj */,
				DF11BED42BEA440B9B00C906 /* RCTCamera.xcodeproj */,
				968226675262428C89E35FC1 /* RCTFBSDK.xcodeproj */,
				80B15F15D696419BA640BA1F /* RNVectorIcons.xcodeproj */,
				3B717EAC415D40CABDE37BFA /* RCTYouTube.xcodeproj */,
				094D92D5D45544BFB4AA88A8 /* RCTVideo.xcodeproj */,
			);
			name = Libraries;
			sourceTree = "<group>";
		};
		832341B11AAA6A8300B99B32 /* Products */ = {
			isa = PBXGroup;
			children = (
				832341B51AAA6A8300B99B32 /* libRCTText.a */,
				3DAD3E941DF850E9000B6D8A /* libRCTText-tvOS.a */,
			);
			name = Products;
			sourceTree = "<group>";
		};
		83CBB9F61A601CBA00E9B192 = {
			isa = PBXGroup;
			children = (
				13B07FAE1A68108700A75B9A /* ChallengeAccepted */,
				832341AE1AAA6A7D00B99B32 /* Libraries */,
				00E356EF1AD99517003FC87E /* ChallengeAcceptedTests */,
				83CBBA001A601CBA00E9B192 /* Products */,
				5F82098AC7674C4CA09DF2CF /* Resources */,
			);
			indentWidth = 2;
			sourceTree = "<group>";
			tabWidth = 2;
		};
		83CBBA001A601CBA00E9B192 /* Products */ = {
			isa = PBXGroup;
			children = (
				13B07F961A680F5B00A75B9A /* ChallengeAccepted.app */,
				00E356EE1AD99517003FC87E /* ChallengeAcceptedTests.xctest */,
				2D02E47B1E0B4A5D006451C7 /* ChallengeAccepted-tvOS.app */,
				2D02E4901E0B4A5D006451C7 /* ChallengeAccepted-tvOSTests.xctest */,
			);
			name = Products;
			sourceTree = "<group>";
		};
		EE8E04231E55770200E6CEBE /* Products */ = {
			isa = PBXGroup;
			children = (
				EE8E042E1E55770200E6CEBE /* libRCTCamera.a */,
			);
			name = Products;
			sourceTree = "<group>";
		};
		EE8E04251E55770200E6CEBE /* Products */ = {
			isa = PBXGroup;
			children = (
				EE8E04311E55770200E6CEBE /* libRCTFBSDK.a */,
			);
			name = Products;
			sourceTree = "<group>";
		};
		EE8E04271E55770200E6CEBE /* Products */ = {
			isa = PBXGroup;
			children = (
				EE8E044D1E55770200E6CEBE /* libRNVectorIcons.a */,
			);
			name = Products;
			sourceTree = "<group>";
		};
		EE8E04791E557CD400E6CEBE /* Products */ = {
			isa = PBXGroup;
			children = (
				EE8E04901E557CD400E6CEBE /* libRCTYouTube.a */,
			);
			name = Products;
			sourceTree = "<group>";
		};
		EE8E055E1E55813000E6CEBE /* Products */ = {
			isa = PBXGroup;
			children = (
				EE8E05741E55813100E6CEBE /* libRCTVideo.a */,
			);
			name = Products;
			sourceTree = "<group>";
		};
/* End PBXGroup section */

/* Begin PBXNativeTarget section */
		00E356ED1AD99517003FC87E /* ChallengeAcceptedTests */ = {
			isa = PBXNativeTarget;
			buildConfigurationList = 00E357021AD99517003FC87E /* Build configuration list for PBXNativeTarget "ChallengeAcceptedTests" */;
			buildPhases = (
				00E356EA1AD99517003FC87E /* Sources */,
				00E356EB1AD99517003FC87E /* Frameworks */,
				00E356EC1AD99517003FC87E /* Resources */,
			);
			buildRules = (
			);
			dependencies = (
				00E356F51AD99517003FC87E /* PBXTargetDependency */,
			);
			name = ChallengeAcceptedTests;
			productName = ChallengeAcceptedTests;
			productReference = 00E356EE1AD99517003FC87E /* ChallengeAcceptedTests.xctest */;
			productType = "com.apple.product-type.bundle.unit-test";
		};
		13B07F861A680F5B00A75B9A /* ChallengeAccepted */ = {
			isa = PBXNativeTarget;
			buildConfigurationList = 13B07F931A680F5B00A75B9A /* Build configuration list for PBXNativeTarget "ChallengeAccepted" */;
			buildPhases = (
				13B07F871A680F5B00A75B9A /* Sources */,
				13B07F8C1A680F5B00A75B9A /* Frameworks */,
				13B07F8E1A680F5B00A75B9A /* Resources */,
				00DD1BFF1BD5951E006B06BC /* Bundle React Native code and images */,
			);
			buildRules = (
			);
			dependencies = (
			);
			name = ChallengeAccepted;
			productName = "Hello World";
			productReference = 13B07F961A680F5B00A75B9A /* ChallengeAccepted.app */;
			productType = "com.apple.product-type.application";
		};
		2D02E47A1E0B4A5D006451C7 /* ChallengeAccepted-tvOS */ = {
			isa = PBXNativeTarget;
			buildConfigurationList = 2D02E4BA1E0B4A5E006451C7 /* Build configuration list for PBXNativeTarget "ChallengeAccepted-tvOS" */;
			buildPhases = (
				2D02E4771E0B4A5D006451C7 /* Sources */,
				2D02E4781E0B4A5D006451C7 /* Frameworks */,
				2D02E4791E0B4A5D006451C7 /* Resources */,
				2D02E4CB1E0B4B27006451C7 /* Bundle React Native Code And Images */,
			);
			buildRules = (
			);
			dependencies = (
			);
			name = "ChallengeAccepted-tvOS";
			productName = "ChallengeAccepted-tvOS";
			productReference = 2D02E47B1E0B4A5D006451C7 /* ChallengeAccepted-tvOS.app */;
			productType = "com.apple.product-type.application";
		};
		2D02E48F1E0B4A5D006451C7 /* ChallengeAccepted-tvOSTests */ = {
			isa = PBXNativeTarget;
			buildConfigurationList = 2D02E4BB1E0B4A5E006451C7 /* Build configuration list for PBXNativeTarget "ChallengeAccepted-tvOSTests" */;
			buildPhases = (
				2D02E48C1E0B4A5D006451C7 /* Sources */,
				2D02E48D1E0B4A5D006451C7 /* Frameworks */,
				2D02E48E1E0B4A5D006451C7 /* Resources */,
			);
			buildRules = (
			);
			dependencies = (
				2D02E4921E0B4A5D006451C7 /* PBXTargetDependency */,
			);
			name = "ChallengeAccepted-tvOSTests";
			productName = "ChallengeAccepted-tvOSTests";
			productReference = 2D02E4901E0B4A5D006451C7 /* ChallengeAccepted-tvOSTests.xctest */;
			productType = "com.apple.product-type.bundle.unit-test";
		};
/* End PBXNativeTarget section */

/* Begin PBXProject section */
		83CBB9F71A601CBA00E9B192 /* Project object */ = {
			isa = PBXProject;
			attributes = {
				LastUpgradeCheck = 610;
				ORGANIZATIONNAME = Facebook;
				TargetAttributes = {
					00E356ED1AD99517003FC87E = {
						CreatedOnToolsVersion = 6.2;
						TestTargetID = 13B07F861A680F5B00A75B9A;
					};
					13B07F861A680F5B00A75B9A = {
						DevelopmentTeam = SHNKYAZ2NV;
						SystemCapabilities = {
							com.apple.Keychain = {
								enabled = 1;
							};
						};
					};
					2D02E47A1E0B4A5D006451C7 = {
						CreatedOnToolsVersion = 8.2.1;
						ProvisioningStyle = Automatic;
					};
					2D02E48F1E0B4A5D006451C7 = {
						CreatedOnToolsVersion = 8.2.1;
						ProvisioningStyle = Automatic;
						TestTargetID = 2D02E47A1E0B4A5D006451C7;
					};
				};
			};
			buildConfigurationList = 83CBB9FA1A601CBA00E9B192 /* Build configuration list for PBXProject "ChallengeAccepted" */;
			compatibilityVersion = "Xcode 3.2";
			developmentRegion = English;
			hasScannedForEncodings = 0;
			knownRegions = (
				en,
				Base,
			);
			mainGroup = 83CBB9F61A601CBA00E9B192;
			productRefGroup = 83CBBA001A601CBA00E9B192 /* Products */;
			projectDirPath = "";
			projectReferences = (
				{
					ProductGroup = 00C302A81ABCB8CE00DB3ED1 /* Products */;
					ProjectRef = 00C302A71ABCB8CE00DB3ED1 /* RCTActionSheet.xcodeproj */;
				},
				{
					ProductGroup = 5E91572E1DD0AC6500FF2AA8 /* Products */;
					ProjectRef = 5E91572D1DD0AC6500FF2AA8 /* RCTAnimation.xcodeproj */;
				},
				{
					ProductGroup = EE8E04231E55770200E6CEBE /* Products */;
					ProjectRef = DF11BED42BEA440B9B00C906 /* RCTCamera.xcodeproj */;
				},
				{
					ProductGroup = EE8E04251E55770200E6CEBE /* Products */;
					ProjectRef = 968226675262428C89E35FC1 /* RCTFBSDK.xcodeproj */;
				},
				{
					ProductGroup = 00C302B61ABCB90400DB3ED1 /* Products */;
					ProjectRef = 00C302B51ABCB90400DB3ED1 /* RCTGeolocation.xcodeproj */;
				},
				{
					ProductGroup = 00C302BC1ABCB91800DB3ED1 /* Products */;
					ProjectRef = 00C302BB1ABCB91800DB3ED1 /* RCTImage.xcodeproj */;
				},
				{
					ProductGroup = 78C398B11ACF4ADC00677621 /* Products */;
					ProjectRef = 78C398B01ACF4ADC00677621 /* RCTLinking.xcodeproj */;
				},
				{
					ProductGroup = 00C302D41ABCB9D200DB3ED1 /* Products */;
					ProjectRef = 00C302D31ABCB9D200DB3ED1 /* RCTNetwork.xcodeproj */;
				},
				{
					ProductGroup = 139105B71AF99BAD00B5F7CC /* Products */;
					ProjectRef = 139105B61AF99BAD00B5F7CC /* RCTSettings.xcodeproj */;
				},
				{
					ProductGroup = 832341B11AAA6A8300B99B32 /* Products */;
					ProjectRef = 832341B01AAA6A8300B99B32 /* RCTText.xcodeproj */;
				},
				{
					ProductGroup = 00C302E01ABCB9EE00DB3ED1 /* Products */;
					ProjectRef = 00C302DF1ABCB9EE00DB3ED1 /* RCTVibration.xcodeproj */;
				},
				{
					ProductGroup = EE8E055E1E55813000E6CEBE /* Products */;
					ProjectRef = 094D92D5D45544BFB4AA88A8 /* RCTVideo.xcodeproj */;
				},
				{
					ProductGroup = 139FDEE71B06529A00C62182 /* Products */;
					ProjectRef = 139FDEE61B06529A00C62182 /* RCTWebSocket.xcodeproj */;
				},
				{
					ProductGroup = EE8E04791E557CD400E6CEBE /* Products */;
					ProjectRef = 3B717EAC415D40CABDE37BFA /* RCTYouTube.xcodeproj */;
				},
				{
					ProductGroup = 146834001AC3E56700842450 /* Products */;
					ProjectRef = 146833FF1AC3E56700842450 /* React.xcodeproj */;
				},
				{
					ProductGroup = EE8E04271E55770200E6CEBE /* Products */;
					ProjectRef = 80B15F15D696419BA640BA1F /* RNVectorIcons.xcodeproj */;
				},
			);
			projectRoot = "";
			targets = (
				13B07F861A680F5B00A75B9A /* ChallengeAccepted */,
				00E356ED1AD99517003FC87E /* ChallengeAcceptedTests */,
				2D02E47A1E0B4A5D006451C7 /* ChallengeAccepted-tvOS */,
				2D02E48F1E0B4A5D006451C7 /* ChallengeAccepted-tvOSTests */,
			);
		};
/* End PBXProject section */

/* Begin PBXReferenceProxy section */
		00C302AC1ABCB8CE00DB3ED1 /* libRCTActionSheet.a */ = {
			isa = PBXReferenceProxy;
			fileType = archive.ar;
			path = libRCTActionSheet.a;
			remoteRef = 00C302AB1ABCB8CE00DB3ED1 /* PBXContainerItemProxy */;
			sourceTree = BUILT_PRODUCTS_DIR;
		};
		00C302BA1ABCB90400DB3ED1 /* libRCTGeolocation.a */ = {
			isa = PBXReferenceProxy;
			fileType = archive.ar;
			path = libRCTGeolocation.a;
			remoteRef = 00C302B91ABCB90400DB3ED1 /* PBXContainerItemProxy */;
			sourceTree = BUILT_PRODUCTS_DIR;
		};
		00C302C01ABCB91800DB3ED1 /* libRCTImage.a */ = {
			isa = PBXReferenceProxy;
			fileType = archive.ar;
			path = libRCTImage.a;
			remoteRef = 00C302BF1ABCB91800DB3ED1 /* PBXContainerItemProxy */;
			sourceTree = BUILT_PRODUCTS_DIR;
		};
		00C302DC1ABCB9D200DB3ED1 /* libRCTNetwork.a */ = {
			isa = PBXReferenceProxy;
			fileType = archive.ar;
			path = libRCTNetwork.a;
			remoteRef = 00C302DB1ABCB9D200DB3ED1 /* PBXContainerItemProxy */;
			sourceTree = BUILT_PRODUCTS_DIR;
		};
		00C302E41ABCB9EE00DB3ED1 /* libRCTVibration.a */ = {
			isa = PBXReferenceProxy;
			fileType = archive.ar;
			path = libRCTVibration.a;
			remoteRef = 00C302E31ABCB9EE00DB3ED1 /* PBXContainerItemProxy */;
			sourceTree = BUILT_PRODUCTS_DIR;
		};
		139105C11AF99BAD00B5F7CC /* libRCTSettings.a */ = {
			isa = PBXReferenceProxy;
			fileType = archive.ar;
			path = libRCTSettings.a;
			remoteRef = 139105C01AF99BAD00B5F7CC /* PBXContainerItemProxy */;
			sourceTree = BUILT_PRODUCTS_DIR;
		};
		139FDEF41B06529B00C62182 /* libRCTWebSocket.a */ = {
			isa = PBXReferenceProxy;
			fileType = archive.ar;
			path = libRCTWebSocket.a;
			remoteRef = 139FDEF31B06529B00C62182 /* PBXContainerItemProxy */;
			sourceTree = BUILT_PRODUCTS_DIR;
		};
		146834041AC3E56700842450 /* libReact.a */ = {
			isa = PBXReferenceProxy;
			fileType = archive.ar;
			path = libReact.a;
			remoteRef = 146834031AC3E56700842450 /* PBXContainerItemProxy */;
			sourceTree = BUILT_PRODUCTS_DIR;
		};
		3DAD3E841DF850E9000B6D8A /* libRCTImage-tvOS.a */ = {
			isa = PBXReferenceProxy;
			fileType = archive.ar;
			path = "libRCTImage-tvOS.a";
			remoteRef = 3DAD3E831DF850E9000B6D8A /* PBXContainerItemProxy */;
			sourceTree = BUILT_PRODUCTS_DIR;
		};
		3DAD3E881DF850E9000B6D8A /* libRCTLinking-tvOS.a */ = {
			isa = PBXReferenceProxy;
			fileType = archive.ar;
			path = "libRCTLinking-tvOS.a";
			remoteRef = 3DAD3E871DF850E9000B6D8A /* PBXContainerItemProxy */;
			sourceTree = BUILT_PRODUCTS_DIR;
		};
		3DAD3E8C1DF850E9000B6D8A /* libRCTNetwork-tvOS.a */ = {
			isa = PBXReferenceProxy;
			fileType = archive.ar;
			path = "libRCTNetwork-tvOS.a";
			remoteRef = 3DAD3E8B1DF850E9000B6D8A /* PBXContainerItemProxy */;
			sourceTree = BUILT_PRODUCTS_DIR;
		};
		3DAD3E901DF850E9000B6D8A /* libRCTSettings-tvOS.a */ = {
			isa = PBXReferenceProxy;
			fileType = archive.ar;
			path = "libRCTSettings-tvOS.a";
			remoteRef = 3DAD3E8F1DF850E9000B6D8A /* PBXContainerItemProxy */;
			sourceTree = BUILT_PRODUCTS_DIR;
		};
		3DAD3E941DF850E9000B6D8A /* libRCTText-tvOS.a */ = {
			isa = PBXReferenceProxy;
			fileType = archive.ar;
			path = "libRCTText-tvOS.a";
			remoteRef = 3DAD3E931DF850E9000B6D8A /* PBXContainerItemProxy */;
			sourceTree = BUILT_PRODUCTS_DIR;
		};
		3DAD3E991DF850E9000B6D8A /* libRCTWebSocket-tvOS.a */ = {
			isa = PBXReferenceProxy;
			fileType = archive.ar;
			path = "libRCTWebSocket-tvOS.a";
			remoteRef = 3DAD3E981DF850E9000B6D8A /* PBXContainerItemProxy */;
			sourceTree = BUILT_PRODUCTS_DIR;
		};
		3DAD3EA31DF850E9000B6D8A /* libReact.a */ = {
			isa = PBXReferenceProxy;
			fileType = archive.ar;
			path = libReact.a;
			remoteRef = 3DAD3EA21DF850E9000B6D8A /* PBXContainerItemProxy */;
			sourceTree = BUILT_PRODUCTS_DIR;
		};
		3DAD3EA51DF850E9000B6D8A /* libyoga.a */ = {
			isa = PBXReferenceProxy;
			fileType = archive.ar;
			path = libyoga.a;
			remoteRef = 3DAD3EA41DF850E9000B6D8A /* PBXContainerItemProxy */;
			sourceTree = BUILT_PRODUCTS_DIR;
		};
		3DAD3EA71DF850E9000B6D8A /* libyoga.a */ = {
			isa = PBXReferenceProxy;
			fileType = archive.ar;
			path = libyoga.a;
			remoteRef = 3DAD3EA61DF850E9000B6D8A /* PBXContainerItemProxy */;
			sourceTree = BUILT_PRODUCTS_DIR;
		};
		3DAD3EA91DF850E9000B6D8A /* libcxxreact.a */ = {
			isa = PBXReferenceProxy;
			fileType = archive.ar;
			path = libcxxreact.a;
			remoteRef = 3DAD3EA81DF850E9000B6D8A /* PBXContainerItemProxy */;
			sourceTree = BUILT_PRODUCTS_DIR;
		};
		3DAD3EAB1DF850E9000B6D8A /* libcxxreact.a */ = {
			isa = PBXReferenceProxy;
			fileType = archive.ar;
			path = libcxxreact.a;
			remoteRef = 3DAD3EAA1DF850E9000B6D8A /* PBXContainerItemProxy */;
			sourceTree = BUILT_PRODUCTS_DIR;
		};
		3DAD3EAD1DF850E9000B6D8A /* libjschelpers.a */ = {
			isa = PBXReferenceProxy;
			fileType = archive.ar;
			path = libjschelpers.a;
			remoteRef = 3DAD3EAC1DF850E9000B6D8A /* PBXContainerItemProxy */;
			sourceTree = BUILT_PRODUCTS_DIR;
		};
		3DAD3EAF1DF850E9000B6D8A /* libjschelpers.a */ = {
			isa = PBXReferenceProxy;
			fileType = archive.ar;
			path = libjschelpers.a;
			remoteRef = 3DAD3EAE1DF850E9000B6D8A /* PBXContainerItemProxy */;
			sourceTree = BUILT_PRODUCTS_DIR;
		};
		5E9157331DD0AC6500FF2AA8 /* libRCTAnimation.a */ = {
			isa = PBXReferenceProxy;
			fileType = archive.ar;
			path = libRCTAnimation.a;
			remoteRef = 5E9157321DD0AC6500FF2AA8 /* PBXContainerItemProxy */;
			sourceTree = BUILT_PRODUCTS_DIR;
		};
		5E9157351DD0AC6500FF2AA8 /* libRCTAnimation-tvOS.a */ = {
			isa = PBXReferenceProxy;
			fileType = archive.ar;
			path = "libRCTAnimation-tvOS.a";
			remoteRef = 5E9157341DD0AC6500FF2AA8 /* PBXContainerItemProxy */;
			sourceTree = BUILT_PRODUCTS_DIR;
		};
		78C398B91ACF4ADC00677621 /* libRCTLinking.a */ = {
			isa = PBXReferenceProxy;
			fileType = archive.ar;
			path = libRCTLinking.a;
			remoteRef = 78C398B81ACF4ADC00677621 /* PBXContainerItemProxy */;
			sourceTree = BUILT_PRODUCTS_DIR;
		};
		832341B51AAA6A8300B99B32 /* libRCTText.a */ = {
			isa = PBXReferenceProxy;
			fileType = archive.ar;
			path = libRCTText.a;
			remoteRef = 832341B41AAA6A8300B99B32 /* PBXContainerItemProxy */;
			sourceTree = BUILT_PRODUCTS_DIR;
		};
		EE8E042E1E55770200E6CEBE /* libRCTCamera.a */ = {
			isa = PBXReferenceProxy;
			fileType = archive.ar;
			path = libRCTCamera.a;
			remoteRef = EE8E042D1E55770200E6CEBE /* PBXContainerItemProxy */;
			sourceTree = BUILT_PRODUCTS_DIR;
		};
		EE8E04311E55770200E6CEBE /* libRCTFBSDK.a */ = {
			isa = PBXReferenceProxy;
			fileType = archive.ar;
			path = libRCTFBSDK.a;
			remoteRef = EE8E04301E55770200E6CEBE /* PBXContainerItemProxy */;
			sourceTree = BUILT_PRODUCTS_DIR;
		};
		EE8E044D1E55770200E6CEBE /* libRNVectorIcons.a */ = {
			isa = PBXReferenceProxy;
			fileType = archive.ar;
			path = libRNVectorIcons.a;
			remoteRef = EE8E044C1E55770200E6CEBE /* PBXContainerItemProxy */;
			sourceTree = BUILT_PRODUCTS_DIR;
		};
		EE8E04901E557CD400E6CEBE /* libRCTYouTube.a */ = {
			isa = PBXReferenceProxy;
			fileType = archive.ar;
			path = libRCTYouTube.a;
			remoteRef = EE8E048F1E557CD400E6CEBE /* PBXContainerItemProxy */;
			sourceTree = BUILT_PRODUCTS_DIR;
		};
		EE8E05741E55813100E6CEBE /* libRCTVideo.a */ = {
			isa = PBXReferenceProxy;
			fileType = archive.ar;
			path = libRCTVideo.a;
			remoteRef = EE8E05731E55813100E6CEBE /* PBXContainerItemProxy */;
			sourceTree = BUILT_PRODUCTS_DIR;
		};
/* End PBXReferenceProxy section */

/* Begin PBXResourcesBuildPhase section */
		00E356EC1AD99517003FC87E /* Resources */ = {
			isa = PBXResourcesBuildPhase;
			buildActionMask = 2147483647;
			files = (
			);
			runOnlyForDeploymentPostprocessing = 0;
		};
		13B07F8E1A680F5B00A75B9A /* Resources */ = {
			isa = PBXResourcesBuildPhase;
			buildActionMask = 2147483647;
			files = (
				13B07FBF1A68108700A75B9A /* Images.xcassets in Resources */,
				13B07FBD1A68108700A75B9A /* LaunchScreen.xib in Resources */,
				CC422C2442A440578FE7BCBB /* Andale Mono.ttf in Resources */,
				0C89B1939479423896328E43 /* Arial Black.ttf in Resources */,
				80DE737258894AD4827F5C6D /* Arial.ttf in Resources */,
				AA8C6345E5794B0D8C429510 /* Comic Sans MS.ttf in Resources */,
				492B55C4F83D477FA536F768 /* Courier New.ttf in Resources */,
				ACBED04CD5944E9A8F102713 /* Entypo.ttf in Resources */,
				A2618F21667A4B8E85AC7DA3 /* EvilIcons.ttf in Resources */,
				5742FF107E6B4276862B7F27 /* FontAwesome.ttf in Resources */,
				00E79D6A596A43F3A0AA719A /* Foundation.ttf in Resources */,
				E73C7C7D0E7F4784A18BADCF /* Georgia.ttf in Resources */,
				8EA55FA71DFB4AC490EF8DF6 /* Ionicons.ttf in Resources */,
				D57BF86FA6364D7DA1081462 /* MaterialIcons.ttf in Resources */,
				463376B945A144A6BD33221A /* Microsoft Sans Serif.ttf in Resources */,
				F97A51124915416AA9127BEA /* Octicons.ttf in Resources */,
				230E16F14C4742F9BE9821BE /* Roboto_medium.ttf in Resources */,
				E2CEC70C101140E3942C9EA4 /* Roboto.ttf in Resources */,
				3C5B273FD8964F40AA362493 /* rubicon-icon-font.ttf in Resources */,
				806443A2BBF546A1A14CEC3D /* Rubik-Black.ttf in Resources */,
				B65B022E80E6466F93944C62 /* Rubik-BlackItalic.ttf in Resources */,
				22556A5813074E2D8645A4E1 /* Rubik-Bold.ttf in Resources */,
				1398761BC5D94CE196D93F2C /* Rubik-BoldItalic.ttf in Resources */,
				70A4E9941C8A490F913FEDD1 /* Rubik-Italic.ttf in Resources */,
				BB5C327F862546D5AFBEFFD3 /* Rubik-Light.ttf in Resources */,
				75A30DFB9218428BBAA903D8 /* Rubik-LightItalic.ttf in Resources */,
				DF0816D8333645868E24637C /* Rubik-Medium.ttf in Resources */,
				88A4B7F5037349619A73C1D7 /* Rubik-MediumItalic.ttf in Resources */,
				465FD0D729F74F61950737AA /* Rubik-Regular.ttf in Resources */,
				98C2669E0E3C4293B124CDE8 /* SanFrancisco.ttf in Resources */,
				03432D026C3A4277995D74C0 /* SanFranciscoBold.ttf in Resources */,
				5E779C1420ED4D8BBB9B040E /* SanFranciscoThin.ttf in Resources */,
				F27E20766EF1491AACCB4F6D /* SF-UI-Text-Regular.otf in Resources */,
				D03CEEE101C74000A616EFE1 /* Skia.ttf in Resources */,
				F96614623BE448AEA8A6FB20 /* Times New Roman.ttf in Resources */,
				371BA11ACA8E4C25806D7826 /* Zocial.ttf in Resources */,
				3AE54F83D6C74FD590932BC2 /* Entypo.ttf in Resources */,
				C83AF7A05C704518838B30C5 /* EvilIcons.ttf in Resources */,
				6193C334077D440E9DA047AA /* FontAwesome.ttf in Resources */,
				A520F277DA964652B063B9C8 /* Foundation.ttf in Resources */,
				690798EECB5E41559D1E7E55 /* Ionicons.ttf in Resources */,
				E1784ACABA7B48849A87F2BB /* MaterialCommunityIcons.ttf in Resources */,
				997FF24A1ABB410DAD363455 /* MaterialIcons.ttf in Resources */,
				5675BBAF673D415DA1F4F8AF /* Octicons.ttf in Resources */,
				7469768667FC459B8558375D /* SimpleLineIcons.ttf in Resources */,
				989765FA3AE24196A3CDC19A /* Zocial.ttf in Resources */,
				40DDF190E0094284BD34EE20 /* OFL.txt in Resources */,
				33217EE0A1054595A165D8A1 /* YTPlayerView-iframe-player.html in Resources */,
			);
			runOnlyForDeploymentPostprocessing = 0;
		};
		2D02E4791E0B4A5D006451C7 /* Resources */ = {
			isa = PBXResourcesBuildPhase;
			buildActionMask = 2147483647;
			files = (
				2D02E4BD1E0B4A84006451C7 /* Images.xcassets in Resources */,
			);
			runOnlyForDeploymentPostprocessing = 0;
		};
		2D02E48E1E0B4A5D006451C7 /* Resources */ = {
			isa = PBXResourcesBuildPhase;
			buildActionMask = 2147483647;
			files = (
			);
			runOnlyForDeploymentPostprocessing = 0;
		};
/* End PBXResourcesBuildPhase section */

/* Begin PBXShellScriptBuildPhase section */
		00DD1BFF1BD5951E006B06BC /* Bundle React Native code and images */ = {
			isa = PBXShellScriptBuildPhase;
			buildActionMask = 2147483647;
			files = (
			);
			inputPaths = (
			);
			name = "Bundle React Native code and images";
			outputPaths = (
			);
			runOnlyForDeploymentPostprocessing = 0;
			shellPath = /bin/sh;
			shellScript = "export NODE_BINARY=node\n../node_modules/react-native/packager/react-native-xcode.sh";
		};
		2D02E4CB1E0B4B27006451C7 /* Bundle React Native Code And Images */ = {
			isa = PBXShellScriptBuildPhase;
			buildActionMask = 2147483647;
			files = (
			);
			inputPaths = (
			);
			name = "Bundle React Native Code And Images";
			outputPaths = (
			);
			runOnlyForDeploymentPostprocessing = 0;
			shellPath = /bin/sh;
			shellScript = "export NODE_BINARY=node\n../node_modules/react-native/packager/react-native-xcode.sh";
		};
/* End PBXShellScriptBuildPhase section */

/* Begin PBXSourcesBuildPhase section */
		00E356EA1AD99517003FC87E /* Sources */ = {
			isa = PBXSourcesBuildPhase;
			buildActionMask = 2147483647;
			files = (
				00E356F31AD99517003FC87E /* ChallengeAcceptedTests.m in Sources */,
			);
			runOnlyForDeploymentPostprocessing = 0;
		};
		13B07F871A680F5B00A75B9A /* Sources */ = {
			isa = PBXSourcesBuildPhase;
			buildActionMask = 2147483647;
			files = (
				13B07FBC1A68108700A75B9A /* AppDelegate.m in Sources */,
				13B07FC11A68108700A75B9A /* main.m in Sources */,
			);
			runOnlyForDeploymentPostprocessing = 0;
		};
		2D02E4771E0B4A5D006451C7 /* Sources */ = {
			isa = PBXSourcesBuildPhase;
			buildActionMask = 2147483647;
			files = (
				2D02E4BF1E0B4AB3006451C7 /* main.m in Sources */,
				2D02E4BC1E0B4A80006451C7 /* AppDelegate.m in Sources */,
			);
			runOnlyForDeploymentPostprocessing = 0;
		};
		2D02E48C1E0B4A5D006451C7 /* Sources */ = {
			isa = PBXSourcesBuildPhase;
			buildActionMask = 2147483647;
			files = (
				2DCD954D1E0B4F2C00145EB5 /* ChallengeAcceptedTests.m in Sources */,
			);
			runOnlyForDeploymentPostprocessing = 0;
		};
/* End PBXSourcesBuildPhase section */

/* Begin PBXTargetDependency section */
		00E356F51AD99517003FC87E /* PBXTargetDependency */ = {
			isa = PBXTargetDependency;
			target = 13B07F861A680F5B00A75B9A /* ChallengeAccepted */;
			targetProxy = 00E356F41AD99517003FC87E /* PBXContainerItemProxy */;
		};
		2D02E4921E0B4A5D006451C7 /* PBXTargetDependency */ = {
			isa = PBXTargetDependency;
			target = 2D02E47A1E0B4A5D006451C7 /* ChallengeAccepted-tvOS */;
			targetProxy = 2D02E4911E0B4A5D006451C7 /* PBXContainerItemProxy */;
		};
/* End PBXTargetDependency section */

/* Begin PBXVariantGroup section */
		13B07FB11A68108700A75B9A /* LaunchScreen.xib */ = {
			isa = PBXVariantGroup;
			children = (
				13B07FB21A68108700A75B9A /* Base */,
			);
			name = LaunchScreen.xib;
			path = ChallengeAccepted;
			sourceTree = "<group>";
		};
/* End PBXVariantGroup section */

/* Begin XCBuildConfiguration section */
		00E356F61AD99517003FC87E /* Debug */ = {
			isa = XCBuildConfiguration;
			buildSettings = {
				BUNDLE_LOADER = "$(TEST_HOST)";
				GCC_PREPROCESSOR_DEFINITIONS = (
					"DEBUG=1",
					"$(inherited)",
				);
				INFOPLIST_FILE = ChallengeAcceptedTests/Info.plist;
				IPHONEOS_DEPLOYMENT_TARGET = 8.0;
				LD_RUNPATH_SEARCH_PATHS = "$(inherited) @executable_path/Frameworks @loader_path/Frameworks";
				LIBRARY_SEARCH_PATHS = (
					"$(inherited)",
				);
				OTHER_LDFLAGS = (
					"-ObjC",
					"-lc++",
				);
				PRODUCT_NAME = "$(TARGET_NAME)";
				TEST_HOST = "$(BUILT_PRODUCTS_DIR)/ChallengeAccepted.app/ChallengeAccepted";
			};
			name = Debug;
		};
		00E356F71AD99517003FC87E /* Release */ = {
			isa = XCBuildConfiguration;
			buildSettings = {
				BUNDLE_LOADER = "$(TEST_HOST)";
				COPY_PHASE_STRIP = NO;
				INFOPLIST_FILE = ChallengeAcceptedTests/Info.plist;
				IPHONEOS_DEPLOYMENT_TARGET = 8.0;
				LD_RUNPATH_SEARCH_PATHS = "$(inherited) @executable_path/Frameworks @loader_path/Frameworks";
				LIBRARY_SEARCH_PATHS = (
					"$(inherited)",
				);
				OTHER_LDFLAGS = (
					"-ObjC",
					"-lc++",
				);
				PRODUCT_NAME = "$(TARGET_NAME)";
				TEST_HOST = "$(BUILT_PRODUCTS_DIR)/ChallengeAccepted.app/ChallengeAccepted";
			};
			name = Release;
		};
		13B07F941A680F5B00A75B9A /* Debug */ = {
			isa = XCBuildConfiguration;
			buildSettings = {
				ASSETCATALOG_COMPILER_APPICON_NAME = AppIcon;
				CODE_SIGN_ENTITLEMENTS = ChallengeAccepted/ChallengeAccepted.entitlements;
				CURRENT_PROJECT_VERSION = 1;
				DEAD_CODE_STRIPPING = NO;
				DEVELOPMENT_TEAM = SHNKYAZ2NV;
				FRAMEWORK_SEARCH_PATHS = "~/Documents/FacebookSDK";
				INFOPLIST_FILE = ChallengeAccepted/Info.plist;
				IPHONEOS_DEPLOYMENT_TARGET = 9.3;
				LD_RUNPATH_SEARCH_PATHS = "$(inherited) @executable_path/Frameworks";
				OTHER_LDFLAGS = (
					"$(inherited)",
					"-ObjC",
					"-lc++",
				);
				PRODUCT_NAME = ChallengeAccepted;
				VERSIONING_SYSTEM = "apple-generic";
			};
			name = Debug;
		};
		13B07F951A680F5B00A75B9A /* Release */ = {
			isa = XCBuildConfiguration;
			buildSettings = {
				ASSETCATALOG_COMPILER_APPICON_NAME = AppIcon;
				CODE_SIGN_ENTITLEMENTS = ChallengeAccepted/ChallengeAccepted.entitlements;
				CURRENT_PROJECT_VERSION = 1;
				DEVELOPMENT_TEAM = SHNKYAZ2NV;
				FRAMEWORK_SEARCH_PATHS = "~/Documents/FacebookSDK";
				INFOPLIST_FILE = ChallengeAccepted/Info.plist;
				IPHONEOS_DEPLOYMENT_TARGET = 9.3;
				LD_RUNPATH_SEARCH_PATHS = "$(inherited) @executable_path/Frameworks";
				OTHER_LDFLAGS = (
					"$(inherited)",
					"-ObjC",
					"-lc++",
				);
				PRODUCT_NAME = ChallengeAccepted;
				VERSIONING_SYSTEM = "apple-generic";
			};
			name = Release;
		};
		2D02E4971E0B4A5E006451C7 /* Debug */ = {
			isa = XCBuildConfiguration;
			buildSettings = {
				ASSETCATALOG_COMPILER_APPICON_NAME = "App Icon & Top Shelf Image";
				ASSETCATALOG_COMPILER_LAUNCHIMAGE_NAME = LaunchImage;
				CLANG_ANALYZER_NONNULL = YES;
				CLANG_WARN_DOCUMENTATION_COMMENTS = YES;
				CLANG_WARN_INFINITE_RECURSION = YES;
				CLANG_WARN_SUSPICIOUS_MOVE = YES;
				DEBUG_INFORMATION_FORMAT = dwarf;
				ENABLE_TESTABILITY = YES;
				GCC_NO_COMMON_BLOCKS = YES;
				INFOPLIST_FILE = "ChallengeAccepted-tvOS/Info.plist";
				LD_RUNPATH_SEARCH_PATHS = "$(inherited) @executable_path/Frameworks";
				LIBRARY_SEARCH_PATHS = (
					"$(inherited)",
				);
				OTHER_LDFLAGS = (
					"-ObjC",
					"-lc++",
				);
				PRODUCT_BUNDLE_IDENTIFIER = "com.facebook.REACT.ChallengeAccepted-tvOS";
				PRODUCT_NAME = "$(TARGET_NAME)";
				SDKROOT = appletvos;
				TARGETED_DEVICE_FAMILY = 3;
				TVOS_DEPLOYMENT_TARGET = 9.2;
			};
			name = Debug;
		};
		2D02E4981E0B4A5E006451C7 /* Release */ = {
			isa = XCBuildConfiguration;
			buildSettings = {
				ASSETCATALOG_COMPILER_APPICON_NAME = "App Icon & Top Shelf Image";
				ASSETCATALOG_COMPILER_LAUNCHIMAGE_NAME = LaunchImage;
				CLANG_ANALYZER_NONNULL = YES;
				CLANG_WARN_DOCUMENTATION_COMMENTS = YES;
				CLANG_WARN_INFINITE_RECURSION = YES;
				CLANG_WARN_SUSPICIOUS_MOVE = YES;
				COPY_PHASE_STRIP = NO;
				DEBUG_INFORMATION_FORMAT = "dwarf-with-dsym";
				GCC_NO_COMMON_BLOCKS = YES;
				INFOPLIST_FILE = "ChallengeAccepted-tvOS/Info.plist";
				LD_RUNPATH_SEARCH_PATHS = "$(inherited) @executable_path/Frameworks";
				LIBRARY_SEARCH_PATHS = (
					"$(inherited)",
				);
				OTHER_LDFLAGS = (
					"-ObjC",
					"-lc++",
				);
				PRODUCT_BUNDLE_IDENTIFIER = "com.facebook.REACT.ChallengeAccepted-tvOS";
				PRODUCT_NAME = "$(TARGET_NAME)";
				SDKROOT = appletvos;
				TARGETED_DEVICE_FAMILY = 3;
				TVOS_DEPLOYMENT_TARGET = 9.2;
			};
			name = Release;
		};
		2D02E4991E0B4A5E006451C7 /* Debug */ = {
			isa = XCBuildConfiguration;
			buildSettings = {
				BUNDLE_LOADER = "$(TEST_HOST)";
				CLANG_ANALYZER_NONNULL = YES;
				CLANG_WARN_DOCUMENTATION_COMMENTS = YES;
				CLANG_WARN_INFINITE_RECURSION = YES;
				CLANG_WARN_SUSPICIOUS_MOVE = YES;
				DEBUG_INFORMATION_FORMAT = dwarf;
				ENABLE_TESTABILITY = YES;
				GCC_NO_COMMON_BLOCKS = YES;
				INFOPLIST_FILE = "ChallengeAccepted-tvOSTests/Info.plist";
				LD_RUNPATH_SEARCH_PATHS = "$(inherited) @executable_path/Frameworks @loader_path/Frameworks";
				LIBRARY_SEARCH_PATHS = (
					"$(inherited)",
				);
				PRODUCT_BUNDLE_IDENTIFIER = "com.facebook.REACT.ChallengeAccepted-tvOSTests";
				PRODUCT_NAME = "$(TARGET_NAME)";
				SDKROOT = appletvos;
				TEST_HOST = "$(BUILT_PRODUCTS_DIR)/ChallengeAccepted-tvOS.app/ChallengeAccepted-tvOS";
				TVOS_DEPLOYMENT_TARGET = 10.1;
			};
			name = Debug;
		};
		2D02E49A1E0B4A5E006451C7 /* Release */ = {
			isa = XCBuildConfiguration;
			buildSettings = {
				BUNDLE_LOADER = "$(TEST_HOST)";
				CLANG_ANALYZER_NONNULL = YES;
				CLANG_WARN_DOCUMENTATION_COMMENTS = YES;
				CLANG_WARN_INFINITE_RECURSION = YES;
				CLANG_WARN_SUSPICIOUS_MOVE = YES;
				COPY_PHASE_STRIP = NO;
				DEBUG_INFORMATION_FORMAT = "dwarf-with-dsym";
				GCC_NO_COMMON_BLOCKS = YES;
				INFOPLIST_FILE = "ChallengeAccepted-tvOSTests/Info.plist";
				LD_RUNPATH_SEARCH_PATHS = "$(inherited) @executable_path/Frameworks @loader_path/Frameworks";
				LIBRARY_SEARCH_PATHS = (
					"$(inherited)",
				);
				PRODUCT_BUNDLE_IDENTIFIER = "com.facebook.REACT.ChallengeAccepted-tvOSTests";
				PRODUCT_NAME = "$(TARGET_NAME)";
				SDKROOT = appletvos;
				TEST_HOST = "$(BUILT_PRODUCTS_DIR)/ChallengeAccepted-tvOS.app/ChallengeAccepted-tvOS";
				TVOS_DEPLOYMENT_TARGET = 10.1;
			};
			name = Release;
		};
		83CBBA201A601CBA00E9B192 /* Debug */ = {
			isa = XCBuildConfiguration;
			buildSettings = {
				ALWAYS_SEARCH_USER_PATHS = NO;
				CLANG_CXX_LANGUAGE_STANDARD = "gnu++0x";
				CLANG_CXX_LIBRARY = "libc++";
				CLANG_ENABLE_MODULES = YES;
				CLANG_ENABLE_OBJC_ARC = YES;
				CLANG_WARN_BOOL_CONVERSION = YES;
				CLANG_WARN_CONSTANT_CONVERSION = YES;
				CLANG_WARN_DIRECT_OBJC_ISA_USAGE = YES_ERROR;
				CLANG_WARN_EMPTY_BODY = YES;
				CLANG_WARN_ENUM_CONVERSION = YES;
				CLANG_WARN_INT_CONVERSION = YES;
				CLANG_WARN_OBJC_ROOT_CLASS = YES_ERROR;
				CLANG_WARN_UNREACHABLE_CODE = YES;
				CLANG_WARN__DUPLICATE_METHOD_MATCH = YES;
				"CODE_SIGN_IDENTITY[sdk=iphoneos*]" = "iPhone Developer";
				COPY_PHASE_STRIP = NO;
				ENABLE_STRICT_OBJC_MSGSEND = YES;
				GCC_C_LANGUAGE_STANDARD = gnu99;
				GCC_DYNAMIC_NO_PIC = NO;
				GCC_OPTIMIZATION_LEVEL = 0;
				GCC_PREPROCESSOR_DEFINITIONS = (
					"DEBUG=1",
					"$(inherited)",
				);
				GCC_SYMBOLS_PRIVATE_EXTERN = NO;
				GCC_WARN_64_TO_32_BIT_CONVERSION = YES;
				GCC_WARN_ABOUT_RETURN_TYPE = YES_ERROR;
				GCC_WARN_UNDECLARED_SELECTOR = YES;
				GCC_WARN_UNINITIALIZED_AUTOS = YES_AGGRESSIVE;
				GCC_WARN_UNUSED_FUNCTION = YES;
				GCC_WARN_UNUSED_VARIABLE = YES;
				IPHONEOS_DEPLOYMENT_TARGET = 8.0;
				MTL_ENABLE_DEBUG_INFO = YES;
				ONLY_ACTIVE_ARCH = YES;
				SDKROOT = iphoneos;
			};
			name = Debug;
		};
		83CBBA211A601CBA00E9B192 /* Release */ = {
			isa = XCBuildConfiguration;
			buildSettings = {
				ALWAYS_SEARCH_USER_PATHS = NO;
				CLANG_CXX_LANGUAGE_STANDARD = "gnu++0x";
				CLANG_CXX_LIBRARY = "libc++";
				CLANG_ENABLE_MODULES = YES;
				CLANG_ENABLE_OBJC_ARC = YES;
				CLANG_WARN_BOOL_CONVERSION = YES;
				CLANG_WARN_CONSTANT_CONVERSION = YES;
				CLANG_WARN_DIRECT_OBJC_ISA_USAGE = YES_ERROR;
				CLANG_WARN_EMPTY_BODY = YES;
				CLANG_WARN_ENUM_CONVERSION = YES;
				CLANG_WARN_INT_CONVERSION = YES;
				CLANG_WARN_OBJC_ROOT_CLASS = YES_ERROR;
				CLANG_WARN_UNREACHABLE_CODE = YES;
				CLANG_WARN__DUPLICATE_METHOD_MATCH = YES;
				"CODE_SIGN_IDENTITY[sdk=iphoneos*]" = "iPhone Developer";
				COPY_PHASE_STRIP = YES;
				ENABLE_NS_ASSERTIONS = NO;
				ENABLE_STRICT_OBJC_MSGSEND = YES;
				GCC_C_LANGUAGE_STANDARD = gnu99;
				GCC_WARN_64_TO_32_BIT_CONVERSION = YES;
				GCC_WARN_ABOUT_RETURN_TYPE = YES_ERROR;
				GCC_WARN_UNDECLARED_SELECTOR = YES;
				GCC_WARN_UNINITIALIZED_AUTOS = YES_AGGRESSIVE;
				GCC_WARN_UNUSED_FUNCTION = YES;
				GCC_WARN_UNUSED_VARIABLE = YES;
				IPHONEOS_DEPLOYMENT_TARGET = 8.0;
				MTL_ENABLE_DEBUG_INFO = NO;
				SDKROOT = iphoneos;
				VALIDATE_PRODUCT = YES;
			};
			name = Release;
		};
/* End XCBuildConfiguration section */

/* Begin XCConfigurationList section */
		00E357021AD99517003FC87E /* Build configuration list for PBXNativeTarget "ChallengeAcceptedTests" */ = {
			isa = XCConfigurationList;
			buildConfigurations = (
				00E356F61AD99517003FC87E /* Debug */,
				00E356F71AD99517003FC87E /* Release */,
			);
			defaultConfigurationIsVisible = 0;
			defaultConfigurationName = Release;
		};
		13B07F931A680F5B00A75B9A /* Build configuration list for PBXNativeTarget "ChallengeAccepted" */ = {
			isa = XCConfigurationList;
			buildConfigurations = (
				13B07F941A680F5B00A75B9A /* Debug */,
				13B07F951A680F5B00A75B9A /* Release */,
			);
			defaultConfigurationIsVisible = 0;
			defaultConfigurationName = Release;
		};
		2D02E4BA1E0B4A5E006451C7 /* Build configuration list for PBXNativeTarget "ChallengeAccepted-tvOS" */ = {
			isa = XCConfigurationList;
			buildConfigurations = (
				2D02E4971E0B4A5E006451C7 /* Debug */,
				2D02E4981E0B4A5E006451C7 /* Release */,
			);
			defaultConfigurationIsVisible = 0;
			defaultConfigurationName = Release;
		};
		2D02E4BB1E0B4A5E006451C7 /* Build configuration list for PBXNativeTarget "ChallengeAccepted-tvOSTests" */ = {
			isa = XCConfigurationList;
			buildConfigurations = (
				2D02E4991E0B4A5E006451C7 /* Debug */,
				2D02E49A1E0B4A5E006451C7 /* Release */,
			);
			defaultConfigurationIsVisible = 0;
			defaultConfigurationName = Release;
		};
		83CBB9FA1A601CBA00E9B192 /* Build configuration list for PBXProject "ChallengeAccepted" */ = {
			isa = XCConfigurationList;
			buildConfigurations = (
				83CBBA201A601CBA00E9B192 /* Debug */,
				83CBBA211A601CBA00E9B192 /* Release */,
			);
			defaultConfigurationIsVisible = 0;
			defaultConfigurationName = Release;
		};
/* End XCConfigurationList section */
	};
	rootObject = 83CBB9F71A601CBA00E9B192 /* Project object */;
}
